
Microsoft Visual Studio Solution File, Format Version 12.00
# Visual Studio 15
VisualStudioVersion = 15.0.28010.2048
MinimumVisualStudioVersion = 10.0.40219.1
Project("{FAE04EC0-301F-11D3-BF4B-00C04F79EFBC}") = "XamarinActivity2.Android", "XamarinActivity2\XamarinActivity2.Android\XamarinActivity2.Android.csproj", "{A05797B5-9D96-4750-B5B8-F7CAF1CF4CC8}"
EndProject
Project("{FAE04EC0-301F-11D3-BF4B-00C04F79EFBC}") = "XamarinActivity2.iOS", "XamarinActivity2\XamarinActivity2.iOS\XamarinActivity2.iOS.csproj", "{8B2303DA-944A-440E-A0A2-8003967D7818}"
EndProject
Project("{FAE04EC0-301F-11D3-BF4B-00C04F79EFBC}") = "XamarinActivity2.UWP", "XamarinActivity2\XamarinActivity2.UWP\XamarinActivity2.UWP.csproj", "{5DA84703-BC74-4C71-8EF2-F25DADF3DF92}"
EndProject
Project("{FAE04EC0-301F-11D3-BF4B-00C04F79EFBC}") = "XamarinActivity2", "XamarinActivity2\XamarinActivity2\XamarinActivity2.csproj", "{C25662BB-8BA0-4F70-B912-56F4B2525866}"
EndProject
Global
	GlobalSection(SolutionConfigurationPlatforms) = preSolution
		Ad-Hoc|Any CPU = Ad-Hoc|Any CPU
		Ad-Hoc|ARM = Ad-Hoc|ARM
		Ad-Hoc|iPhone = Ad-Hoc|iPhone
		Ad-Hoc|iPhoneSimulator = Ad-Hoc|iPhoneSimulator
		Ad-Hoc|x64 = Ad-Hoc|x64
		Ad-Hoc|x86 = Ad-Hoc|x86
		AppStore|Any CPU = AppStore|Any CPU
		AppStore|ARM = AppStore|ARM
		AppStore|iPhone = AppStore|iPhone
		AppStore|iPhoneSimulator = AppStore|iPhoneSimulator
		AppStore|x64 = AppStore|x64
		AppStore|x86 = AppStore|x86
		Debug|Any CPU = Debug|Any CPU
		Debug|ARM = Debug|ARM
		Debug|iPhone = Debug|iPhone
		Debug|iPhoneSimulator = Debug|iPhoneSimulator
		Debug|x64 = Debug|x64
		Debug|x86 = Debug|x86
		Release|Any CPU = Release|Any CPU
		Release|ARM = Release|ARM
		Release|iPhone = Release|iPhone
		Release|iPhoneSimulator = Release|iPhoneSimulator
		Release|x64 = Release|x64
		Release|x86 = Release|x86
	EndGlobalSection
	GlobalSection(ProjectConfigurationPlatforms) = postSolution
		{A05797B5-9D96-4750-B5B8-F7CAF1CF4CC8}.Ad-Hoc|Any CPU.ActiveCfg = Release|Any CPU
		{A05797B5-9D96-4750-B5B8-F7CAF1CF4CC8}.Ad-Hoc|Any CPU.Build.0 = Release|Any CPU
		{A05797B5-9D96-4750-B5B8-F7CAF1CF4CC8}.Ad-Hoc|Any CPU.Deploy.0 = Release|Any CPU
		{A05797B5-9D96-4750-B5B8-F7CAF1CF4CC8}.Ad-Hoc|ARM.ActiveCfg = Release|Any CPU
		{A05797B5-9D96-4750-B5B8-F7CAF1CF4CC8}.Ad-Hoc|ARM.Build.0 = Release|Any CPU
		{A05797B5-9D96-4750-B5B8-F7CAF1CF4CC8}.Ad-Hoc|ARM.Deploy.0 = Release|Any CPU
		{A05797B5-9D96-4750-B5B8-F7CAF1CF4CC8}.Ad-Hoc|iPhone.ActiveCfg = Release|Any CPU
		{A05797B5-9D96-4750-B5B8-F7CAF1CF4CC8}.Ad-Hoc|iPhone.Build.0 = Release|Any CPU
		{A05797B5-9D96-4750-B5B8-F7CAF1CF4CC8}.Ad-Hoc|iPhone.Deploy.0 = Release|Any CPU
		{A05797B5-9D96-4750-B5B8-F7CAF1CF4CC8}.Ad-Hoc|iPhoneSimulator.ActiveCfg = Release|Any CPU
		{A05797B5-9D96-4750-B5B8-F7CAF1CF4CC8}.Ad-Hoc|iPhoneSimulator.Build.0 = Release|Any CPU
		{A05797B5-9D96-4750-B5B8-F7CAF1CF4CC8}.Ad-Hoc|iPhoneSimulator.Deploy.0 = Release|Any CPU
		{A05797B5-9D96-4750-B5B8-F7CAF1CF4CC8}.Ad-Hoc|x64.ActiveCfg = Release|Any CPU
		{A05797B5-9D96-4750-B5B8-F7CAF1CF4CC8}.Ad-Hoc|x64.Build.0 = Release|Any CPU
		{A05797B5-9D96-4750-B5B8-F7CAF1CF4CC8}.Ad-Hoc|x64.Deploy.0 = Release|Any CPU
		{A05797B5-9D96-4750-B5B8-F7CAF1CF4CC8}.Ad-Hoc|x86.ActiveCfg = Release|Any CPU
		{A05797B5-9D96-4750-B5B8-F7CAF1CF4CC8}.Ad-Hoc|x86.Build.0 = Release|Any CPU
		{A05797B5-9D96-4750-B5B8-F7CAF1CF4CC8}.Ad-Hoc|x86.Deploy.0 = Release|Any CPU
		{A05797B5-9D96-4750-B5B8-F7CAF1CF4CC8}.AppStore|Any CPU.ActiveCfg = Release|Any CPU
		{A05797B5-9D96-4750-B5B8-F7CAF1CF4CC8}.AppStore|Any CPU.Build.0 = Release|Any CPU
		{A05797B5-9D96-4750-B5B8-F7CAF1CF4CC8}.AppStore|Any CPU.Deploy.0 = Release|Any CPU
		{A05797B5-9D96-4750-B5B8-F7CAF1CF4CC8}.AppStore|ARM.ActiveCfg = Release|Any CPU
		{A05797B5-9D96-4750-B5B8-F7CAF1CF4CC8}.AppStore|ARM.Build.0 = Release|Any CPU
		{A05797B5-9D96-4750-B5B8-F7CAF1CF4CC8}.AppStore|ARM.Deploy.0 = Release|Any CPU
		{A05797B5-9D96-4750-B5B8-F7CAF1CF4CC8}.AppStore|iPhone.ActiveCfg = Release|Any CPU
		{A05797B5-9D96-4750-B5B8-F7CAF1CF4CC8}.AppStore|iPhone.Build.0 = Release|Any CPU
		{A05797B5-9D96-4750-B5B8-F7CAF1CF4CC8}.AppStore|iPhone.Deploy.0 = Release|Any CPU
		{A05797B5-9D96-4750-B5B8-F7CAF1CF4CC8}.AppStore|iPhoneSimulator.ActiveCfg = Release|Any CPU
		{A05797B5-9D96-4750-B5B8-F7CAF1CF4CC8}.AppStore|iPhoneSimulator.Build.0 = Release|Any CPU
		{A05797B5-9D96-4750-B5B8-F7CAF1CF4CC8}.AppStore|iPhoneSimulator.Deploy.0 = Release|Any CPU
		{A05797B5-9D96-4750-B5B8-F7CAF1CF4CC8}.AppStore|x64.ActiveCfg = Release|Any CPU
		{A05797B5-9D96-4750-B5B8-F7CAF1CF4CC8}.AppStore|x64.Build.0 = Release|Any CPU
		{A05797B5-9D96-4750-B5B8-F7CAF1CF4CC8}.AppStore|x64.Deploy.0 = Release|Any CPU
		{A05797B5-9D96-4750-B5B8-F7CAF1CF4CC8}.AppStore|x86.ActiveCfg = Release|Any CPU
		{A05797B5-9D96-4750-B5B8-F7CAF1CF4CC8}.AppStore|x86.Build.0 = Release|Any CPU
		{A05797B5-9D96-4750-B5B8-F7CAF1CF4CC8}.AppStore|x86.Deploy.0 = Release|Any CPU
		{A05797B5-9D96-4750-B5B8-F7CAF1CF4CC8}.Debug|Any CPU.ActiveCfg = Debug|Any CPU
		{A05797B5-9D96-4750-B5B8-F7CAF1CF4CC8}.Debug|Any CPU.Build.0 = Debug|Any CPU
		{A05797B5-9D96-4750-B5B8-F7CAF1CF4CC8}.Debug|Any CPU.Deploy.0 = Debug|Any CPU
		{A05797B5-9D96-4750-B5B8-F7CAF1CF4CC8}.Debug|ARM.ActiveCfg = Debug|Any CPU
		{A05797B5-9D96-4750-B5B8-F7CAF1CF4CC8}.Debug|ARM.Build.0 = Debug|Any CPU
		{A05797B5-9D96-4750-B5B8-F7CAF1CF4CC8}.Debug|ARM.Deploy.0 = Debug|Any CPU
		{A05797B5-9D96-4750-B5B8-F7CAF1CF4CC8}.Debug|iPhone.ActiveCfg = Debug|Any CPU
		{A05797B5-9D96-4750-B5B8-F7CAF1CF4CC8}.Debug|iPhone.Build.0 = Debug|Any CPU
		{A05797B5-9D96-4750-B5B8-F7CAF1CF4CC8}.Debug|iPhone.Deploy.0 = Debug|Any CPU
		{A05797B5-9D96-4750-B5B8-F7CAF1CF4CC8}.Debug|iPhoneSimulator.ActiveCfg = Debug|Any CPU
		{A05797B5-9D96-4750-B5B8-F7CAF1CF4CC8}.Debug|iPhoneSimulator.Build.0 = Debug|Any CPU
		{A05797B5-9D96-4750-B5B8-F7CAF1CF4CC8}.Debug|iPhoneSimulator.Deploy.0 = Debug|Any CPU
		{A05797B5-9D96-4750-B5B8-F7CAF1CF4CC8}.Debug|x64.ActiveCfg = Debug|Any CPU
		{A05797B5-9D96-4750-B5B8-F7CAF1CF4CC8}.Debug|x64.Build.0 = Debug|Any CPU
		{A05797B5-9D96-4750-B5B8-F7CAF1CF4CC8}.Debug|x64.Deploy.0 = Debug|Any CPU
		{A05797B5-9D96-4750-B5B8-F7CAF1CF4CC8}.Debug|x86.ActiveCfg = Debug|Any CPU
		{A05797B5-9D96-4750-B5B8-F7CAF1CF4CC8}.Debug|x86.Build.0 = Debug|Any CPU
		{A05797B5-9D96-4750-B5B8-F7CAF1CF4CC8}.Debug|x86.Deploy.0 = Debug|Any CPU
		{A05797B5-9D96-4750-B5B8-F7CAF1CF4CC8}.Release|Any CPU.ActiveCfg = Release|Any CPU
		{A05797B5-9D96-4750-B5B8-F7CAF1CF4CC8}.Release|Any CPU.Build.0 = Release|Any CPU
		{A05797B5-9D96-4750-B5B8-F7CAF1CF4CC8}.Release|Any CPU.Deploy.0 = Release|Any CPU
		{A05797B5-9D96-4750-B5B8-F7CAF1CF4CC8}.Release|ARM.ActiveCfg = Release|Any CPU
		{A05797B5-9D96-4750-B5B8-F7CAF1CF4CC8}.Release|ARM.Build.0 = Release|Any CPU
		{A05797B5-9D96-4750-B5B8-F7CAF1CF4CC8}.Release|ARM.Deploy.0 = Release|Any CPU
		{A05797B5-9D96-4750-B5B8-F7CAF1CF4CC8}.Release|iPhone.ActiveCfg = Release|Any CPU
		{A05797B5-9D96-4750-B5B8-F7CAF1CF4CC8}.Release|iPhone.Build.0 = Release|Any CPU
		{A05797B5-9D96-4750-B5B8-F7CAF1CF4CC8}.Release|iPhone.Deploy.0 = Release|Any CPU
		{A05797B5-9D96-4750-B5B8-F7CAF1CF4CC8}.Release|iPhoneSimulator.ActiveCfg = Release|Any CPU
		{A05797B5-9D96-4750-B5B8-F7CAF1CF4CC8}.Release|iPhoneSimulator.Build.0 = Release|Any CPU
		{A05797B5-9D96-4750-B5B8-F7CAF1CF4CC8}.Release|iPhoneSimulator.Deploy.0 = Release|Any CPU
		{A05797B5-9D96-4750-B5B8-F7CAF1CF4CC8}.Release|x64.ActiveCfg = Release|Any CPU
		{A05797B5-9D96-4750-B5B8-F7CAF1CF4CC8}.Release|x64.Build.0 = Release|Any CPU
		{A05797B5-9D96-4750-B5B8-F7CAF1CF4CC8}.Release|x64.Deploy.0 = Release|Any CPU
		{A05797B5-9D96-4750-B5B8-F7CAF1CF4CC8}.Release|x86.ActiveCfg = Release|Any CPU
		{A05797B5-9D96-4750-B5B8-F7CAF1CF4CC8}.Release|x86.Build.0 = Release|Any CPU
		{A05797B5-9D96-4750-B5B8-F7CAF1CF4CC8}.Release|x86.Deploy.0 = Release|Any CPU
		{8B2303DA-944A-440E-A0A2-8003967D7818}.Ad-Hoc|Any CPU.ActiveCfg = Ad-Hoc|iPhone
		{8B2303DA-944A-440E-A0A2-8003967D7818}.Ad-Hoc|Any CPU.Build.0 = Ad-Hoc|iPhone
		{8B2303DA-944A-440E-A0A2-8003967D7818}.Ad-Hoc|Any CPU.Deploy.0 = Ad-Hoc|iPhone
		{8B2303DA-944A-440E-A0A2-8003967D7818}.Ad-Hoc|ARM.ActiveCfg = Ad-Hoc|iPhone
		{8B2303DA-944A-440E-A0A2-8003967D7818}.Ad-Hoc|ARM.Build.0 = Ad-Hoc|iPhone
		{8B2303DA-944A-440E-A0A2-8003967D7818}.Ad-Hoc|ARM.Deploy.0 = Ad-Hoc|iPhone
		{8B2303DA-944A-440E-A0A2-8003967D7818}.Ad-Hoc|iPhone.ActiveCfg = Ad-Hoc|iPhone
		{8B2303DA-944A-440E-A0A2-8003967D7818}.Ad-Hoc|iPhone.Build.0 = Ad-Hoc|iPhone
		{8B2303DA-944A-440E-A0A2-8003967D7818}.Ad-Hoc|iPhone.Deploy.0 = Ad-Hoc|iPhone
		{8B2303DA-944A-440E-A0A2-8003967D7818}.Ad-Hoc|iPhoneSimulator.ActiveCfg = Ad-Hoc|iPhoneSimulator
		{8B2303DA-944A-440E-A0A2-8003967D7818}.Ad-Hoc|iPhoneSimulator.Build.0 = Ad-Hoc|iPhoneSimulator
		{8B2303DA-944A-440E-A0A2-8003967D7818}.Ad-Hoc|iPhoneSimulator.Deploy.0 = Ad-Hoc|iPhoneSimulator
		{8B2303DA-944A-440E-A0A2-8003967D7818}.Ad-Hoc|x64.ActiveCfg = Ad-Hoc|iPhone
		{8B2303DA-944A-440E-A0A2-8003967D7818}.Ad-Hoc|x64.Build.0 = Ad-Hoc|iPhone
		{8B2303DA-944A-440E-A0A2-8003967D7818}.Ad-Hoc|x64.Deploy.0 = Ad-Hoc|iPhone
		{8B2303DA-944A-440E-A0A2-8003967D7818}.Ad-Hoc|x86.ActiveCfg = Ad-Hoc|iPhone
		{8B2303DA-944A-440E-A0A2-8003967D7818}.Ad-Hoc|x86.Build.0 = Ad-Hoc|iPhone
		{8B2303DA-944A-440E-A0A2-8003967D7818}.Ad-Hoc|x86.Deploy.0 = Ad-Hoc|iPhone
		{8B2303DA-944A-440E-A0A2-8003967D7818}.AppStore|Any CPU.ActiveCfg = AppStore|iPhone
		{8B2303DA-944A-440E-A0A2-8003967D7818}.AppStore|Any CPU.Build.0 = AppStore|iPhone
		{8B2303DA-944A-440E-A0A2-8003967D7818}.AppStore|Any CPU.Deploy.0 = AppStore|iPhone
		{8B2303DA-944A-440E-A0A2-8003967D7818}.AppStore|ARM.ActiveCfg = AppStore|iPhone
		{8B2303DA-944A-440E-A0A2-8003967D7818}.AppStore|ARM.Build.0 = AppStore|iPhone
		{8B2303DA-944A-440E-A0A2-8003967D7818}.AppStore|ARM.Deploy.0 = AppStore|iPhone
		{8B2303DA-944A-440E-A0A2-8003967D7818}.AppStore|iPhone.ActiveCfg = AppStore|iPhone
		{8B2303DA-944A-440E-A0A2-8003967D7818}.AppStore|iPhone.Build.0 = AppStore|iPhone
		{8B2303DA-944A-440E-A0A2-8003967D7818}.AppStore|iPhone.Deploy.0 = AppStore|iPhone
		{8B2303DA-944A-440E-A0A2-8003967D7818}.AppStore|iPhoneSimulator.ActiveCfg = AppStore|iPhoneSimulator
		{8B2303DA-944A-440E-A0A2-8003967D7818}.AppStore|iPhoneSimulator.Build.0 = AppStore|iPhoneSimulator
		{8B2303DA-944A-440E-A0A2-8003967D7818}.AppStore|iPhoneSimulator.Deploy.0 = AppStore|iPhoneSimulator
		{8B2303DA-944A-440E-A0A2-8003967D7818}.AppStore|x64.ActiveCfg = AppStore|iPhone
		{8B2303DA-944A-440E-A0A2-8003967D7818}.AppStore|x64.Build.0 = AppStore|iPhone
		{8B2303DA-944A-440E-A0A2-8003967D7818}.AppStore|x64.Deploy.0 = AppStore|iPhone
		{8B2303DA-944A-440E-A0A2-8003967D7818}.AppStore|x86.ActiveCfg = AppStore|iPhone
		{8B2303DA-944A-440E-A0A2-8003967D7818}.AppStore|x86.Build.0 = AppStore|iPhone
		{8B2303DA-944A-440E-A0A2-8003967D7818}.AppStore|x86.Deploy.0 = AppStore|iPhone
		{8B2303DA-944A-440E-A0A2-8003967D7818}.Debug|Any CPU.ActiveCfg = Debug|iPhoneSimulator
		{8B2303DA-944A-440E-A0A2-8003967D7818}.Debug|Any CPU.Build.0 = Debug|iPhoneSimulator
		{8B2303DA-944A-440E-A0A2-8003967D7818}.Debug|Any CPU.Deploy.0 = Debug|iPhoneSimulator
		{8B2303DA-944A-440E-A0A2-8003967D7818}.Debug|ARM.ActiveCfg = Debug|iPhone
		{8B2303DA-944A-440E-A0A2-8003967D7818}.Debug|ARM.Build.0 = Debug|iPhone
		{8B2303DA-944A-440E-A0A2-8003967D7818}.Debug|ARM.Deploy.0 = Debug|iPhone
		{8B2303DA-944A-440E-A0A2-8003967D7818}.Debug|iPhone.ActiveCfg = Debug|iPhone
		{8B2303DA-944A-440E-A0A2-8003967D7818}.Debug|iPhone.Build.0 = Debug|iPhone
		{8B2303DA-944A-440E-A0A2-8003967D7818}.Debug|iPhone.Deploy.0 = Debug|iPhone
		{8B2303DA-944A-440E-A0A2-8003967D7818}.Debug|iPhoneSimulator.ActiveCfg = Debug|iPhoneSimulator
		{8B2303DA-944A-440E-A0A2-8003967D7818}.Debug|iPhoneSimulator.Build.0 = Debug|iPhoneSimulator
		{8B2303DA-944A-440E-A0A2-8003967D7818}.Debug|iPhoneSimulator.Deploy.0 = Debug|iPhoneSimulator
		{8B2303DA-944A-440E-A0A2-8003967D7818}.Debug|x64.ActiveCfg = Debug|iPhone
		{8B2303DA-944A-440E-A0A2-8003967D7818}.Debug|x64.Build.0 = Debug|iPhone
		{8B2303DA-944A-440E-A0A2-8003967D7818}.Debug|x64.Deploy.0 = Debug|iPhone
		{8B2303DA-944A-440E-A0A2-8003967D7818}.Debug|x86.ActiveCfg = Debug|iPhone
		{8B2303DA-944A-440E-A0A2-8003967D7818}.Debug|x86.Build.0 = Debug|iPhone
		{8B2303DA-944A-440E-A0A2-8003967D7818}.Debug|x86.Deploy.0 = Debug|iPhone
		{8B2303DA-944A-440E-A0A2-8003967D7818}.Release|Any CPU.ActiveCfg = Release|iPhone
		{8B2303DA-944A-440E-A0A2-8003967D7818}.Release|Any CPU.Build.0 = Release|iPhone
		{8B2303DA-944A-440E-A0A2-8003967D7818}.Release|Any CPU.Deploy.0 = Release|iPhone
		{8B2303DA-944A-440E-A0A2-8003967D7818}.Release|ARM.ActiveCfg = Release|iPhone
		{8B2303DA-944A-440E-A0A2-8003967D7818}.Release|ARM.Build.0 = Release|iPhone
		{8B2303DA-944A-440E-A0A2-8003967D7818}.Release|ARM.Deploy.0 = Release|iPhone
		{8B2303DA-944A-440E-A0A2-8003967D7818}.Release|iPhone.ActiveCfg = Release|iPhone
		{8B2303DA-944A-440E-A0A2-8003967D7818}.Release|iPhone.Build.0 = Release|iPhone
		{8B2303DA-944A-440E-A0A2-8003967D7818}.Release|iPhone.Deploy.0 = Release|iPhone
		{8B2303DA-944A-440E-A0A2-8003967D7818}.Release|iPhoneSimulator.ActiveCfg = Release|iPhoneSimulator
		{8B2303DA-944A-440E-A0A2-8003967D7818}.Release|iPhoneSimulator.Build.0 = Release|iPhoneSimulator
		{8B2303DA-944A-440E-A0A2-8003967D7818}.Release|iPhoneSimulator.Deploy.0 = Release|iPhoneSimulator
		{8B2303DA-944A-440E-A0A2-8003967D7818}.Release|x64.ActiveCfg = Release|iPhone
		{8B2303DA-944A-440E-A0A2-8003967D7818}.Release|x64.Build.0 = Release|iPhone
		{8B2303DA-944A-440E-A0A2-8003967D7818}.Release|x64.Deploy.0 = Release|iPhone
		{8B2303DA-944A-440E-A0A2-8003967D7818}.Release|x86.ActiveCfg = Release|iPhone
		{8B2303DA-944A-440E-A0A2-8003967D7818}.Release|x86.Build.0 = Release|iPhone
		{8B2303DA-944A-440E-A0A2-8003967D7818}.Release|x86.Deploy.0 = Release|iPhone
		{5DA84703-BC74-4C71-8EF2-F25DADF3DF92}.Ad-Hoc|Any CPU.ActiveCfg = Release|x86
		{5DA84703-BC74-4C71-8EF2-F25DADF3DF92}.Ad-Hoc|Any CPU.Build.0 = Release|x86
		{5DA84703-BC74-4C71-8EF2-F25DADF3DF92}.Ad-Hoc|Any CPU.Deploy.0 = Release|x86
		{5DA84703-BC74-4C71-8EF2-F25DADF3DF92}.Ad-Hoc|ARM.ActiveCfg = Release|ARM
		{5DA84703-BC74-4C71-8EF2-F25DADF3DF92}.Ad-Hoc|ARM.Build.0 = Release|ARM
		{5DA84703-BC74-4C71-8EF2-F25DADF3DF92}.Ad-Hoc|ARM.Deploy.0 = Release|ARM
		{5DA84703-BC74-4C71-8EF2-F25DADF3DF92}.Ad-Hoc|iPhone.ActiveCfg = Release|x86
		{5DA84703-BC74-4C71-8EF2-F25DADF3DF92}.Ad-Hoc|iPhone.Build.0 = Release|x86
		{5DA84703-BC74-4C71-8EF2-F25DADF3DF92}.Ad-Hoc|iPhone.Deploy.0 = Release|x86
		{5DA84703-BC74-4C71-8EF2-F25DADF3DF92}.Ad-Hoc|iPhoneSimulator.ActiveCfg = Release|x86
		{5DA84703-BC74-4C71-8EF2-F25DADF3DF92}.Ad-Hoc|iPhoneSimulator.Build.0 = Release|x86
		{5DA84703-BC74-4C71-8EF2-F25DADF3DF92}.Ad-Hoc|iPhoneSimulator.Deploy.0 = Release|x86
		{5DA84703-BC74-4C71-8EF2-F25DADF3DF92}.Ad-Hoc|x64.ActiveCfg = Release|x64
		{5DA84703-BC74-4C71-8EF2-F25DADF3DF92}.Ad-Hoc|x64.Build.0 = Release|x64
		{5DA84703-BC74-4C71-8EF2-F25DADF3DF92}.Ad-Hoc|x64.Deploy.0 = Release|x64
		{5DA84703-BC74-4C71-8EF2-F25DADF3DF92}.Ad-Hoc|x86.ActiveCfg = Release|x86
		{5DA84703-BC74-4C71-8EF2-F25DADF3DF92}.Ad-Hoc|x86.Build.0 = Release|x86
		{5DA84703-BC74-4C71-8EF2-F25DADF3DF92}.Ad-Hoc|x86.Deploy.0 = Release|x86
		{5DA84703-BC74-4C71-8EF2-F25DADF3DF92}.AppStore|Any CPU.ActiveCfg = Release|x86
		{5DA84703-BC74-4C71-8EF2-F25DADF3DF92}.AppStore|Any CPU.Build.0 = Release|x86
		{5DA84703-BC74-4C71-8EF2-F25DADF3DF92}.AppStore|Any CPU.Deploy.0 = Release|x86
		{5DA84703-BC74-4C71-8EF2-F25DADF3DF92}.AppStore|ARM.ActiveCfg = Release|ARM
		{5DA84703-BC74-4C71-8EF2-F25DADF3DF92}.AppStore|ARM.Build.0 = Release|ARM
		{5DA84703-BC74-4C71-8EF2-F25DADF3DF92}.AppStore|ARM.Deploy.0 = Release|ARM
		{5DA84703-BC74-4C71-8EF2-F25DADF3DF92}.AppStore|iPhone.ActiveCfg = Release|x86
		{5DA84703-BC74-4C71-8EF2-F25DADF3DF92}.AppStore|iPhone.Build.0 = Release|x86
		{5DA84703-BC74-4C71-8EF2-F25DADF3DF92}.AppStore|iPhone.Deploy.0 = Release|x86
		{5DA84703-BC74-4C71-8EF2-F25DADF3DF92}.AppStore|iPhoneSimulator.ActiveCfg = Release|x86
		{5DA84703-BC74-4C71-8EF2-F25DADF3DF92}.AppStore|iPhoneSimulator.Build.0 = Release|x86
		{5DA84703-BC74-4C71-8EF2-F25DADF3DF92}.AppStore|iPhoneSimulator.Deploy.0 = Release|x86
		{5DA84703-BC74-4C71-8EF2-F25DADF3DF92}.AppStore|x64.ActiveCfg = Release|x64
		{5DA84703-BC74-4C71-8EF2-F25DADF3DF92}.AppStore|x64.Build.0 = Release|x64
		{5DA84703-BC74-4C71-8EF2-F25DADF3DF92}.AppStore|x64.Deploy.0 = Release|x64
		{5DA84703-BC74-4C71-8EF2-F25DADF3DF92}.AppStore|x86.ActiveCfg = Release|x86
		{5DA84703-BC74-4C71-8EF2-F25DADF3DF92}.AppStore|x86.Build.0 = Release|x86
		{5DA84703-BC74-4C71-8EF2-F25DADF3DF92}.AppStore|x86.Deploy.0 = Release|x86
		{5DA84703-BC74-4C71-8EF2-F25DADF3DF92}.Debug|Any CPU.ActiveCfg = Debug|x86
		{5DA84703-BC74-4C71-8EF2-F25DADF3DF92}.Debug|Any CPU.Build.0 = Debug|x86
		{5DA84703-BC74-4C71-8EF2-F25DADF3DF92}.Debug|Any CPU.Deploy.0 = Debug|x86
		{5DA84703-BC74-4C71-8EF2-F25DADF3DF92}.Debug|ARM.ActiveCfg = Debug|ARM
		{5DA84703-BC74-4C71-8EF2-F25DADF3DF92}.Debug|ARM.Build.0 = Debug|ARM
		{5DA84703-BC74-4C71-8EF2-F25DADF3DF92}.Debug|ARM.Deploy.0 = Debug|ARM
		{5DA84703-BC74-4C71-8EF2-F25DADF3DF92}.Debug|iPhone.ActiveCfg = Debug|x86
		{5DA84703-BC74-4C71-8EF2-F25DADF3DF92}.Debug|iPhone.Build.0 = Debug|x86
		{5DA84703-BC74-4C71-8EF2-F25DADF3DF92}.Debug|iPhone.Deploy.0 = Debug|x86
		{5DA84703-BC74-4C71-8EF2-F25DADF3DF92}.Debug|iPhoneSimulator.ActiveCfg = Debug|x86
		{5DA84703-BC74-4C71-8EF2-F25DADF3DF92}.Debug|iPhoneSimulator.Build.0 = Debug|x86
		{5DA84703-BC74-4C71-8EF2-F25DADF3DF92}.Debug|iPhoneSimulator.Deploy.0 = Debug|x86
		{5DA84703-BC74-4C71-8EF2-F25DADF3DF92}.Debug|x64.ActiveCfg = Debug|x64
		{5DA84703-BC74-4C71-8EF2-F25DADF3DF92}.Debug|x64.Build.0 = Debug|x64
		{5DA84703-BC74-4C71-8EF2-F25DADF3DF92}.Debug|x64.Deploy.0 = Debug|x64
		{5DA84703-BC74-4C71-8EF2-F25DADF3DF92}.Debug|x86.ActiveCfg = Debug|x86
		{5DA84703-BC74-4C71-8EF2-F25DADF3DF92}.Debug|x86.Build.0 = Debug|x86
		{5DA84703-BC74-4C71-8EF2-F25DADF3DF92}.Debug|x86.Deploy.0 = Debug|x86
		{5DA84703-BC74-4C71-8EF2-F25DADF3DF92}.Release|Any CPU.ActiveCfg = Release|x86
		{5DA84703-BC74-4C71-8EF2-F25DADF3DF92}.Release|Any CPU.Build.0 = Release|x86
		{5DA84703-BC74-4C71-8EF2-F25DADF3DF92}.Release|Any CPU.Deploy.0 = Release|x86
		{5DA84703-BC74-4C71-8EF2-F25DADF3DF92}.Release|ARM.ActiveCfg = Release|ARM
		{5DA84703-BC74-4C71-8EF2-F25DADF3DF92}.Release|ARM.Build.0 = Release|ARM
		{5DA84703-BC74-4C71-8EF2-F25DADF3DF92}.Release|ARM.Deploy.0 = Release|ARM
		{5DA84703-BC74-4C71-8EF2-F25DADF3DF92}.Release|iPhone.ActiveCfg = Release|x86
		{5DA84703-BC74-4C71-8EF2-F25DADF3DF92}.Release|iPhone.Build.0 = Release|x86
		{5DA84703-BC74-4C71-8EF2-F25DADF3DF92}.Release|iPhone.Deploy.0 = Release|x86
		{5DA84703-BC74-4C71-8EF2-F25DADF3DF92}.Release|iPhoneSimulator.ActiveCfg = Release|x86
		{5DA84703-BC74-4C71-8EF2-F25DADF3DF92}.Release|iPhoneSimulator.Build.0 = Release|x86
		{5DA84703-BC74-4C71-8EF2-F25DADF3DF92}.Release|iPhoneSimulator.Deploy.0 = Release|x86
		{5DA84703-BC74-4C71-8EF2-F25DADF3DF92}.Release|x64.ActiveCfg = Release|x64
		{5DA84703-BC74-4C71-8EF2-F25DADF3DF92}.Release|x64.Build.0 = Release|x64
		{5DA84703-BC74-4C71-8EF2-F25DADF3DF92}.Release|x64.Deploy.0 = Release|x64
		{5DA84703-BC74-4C71-8EF2-F25DADF3DF92}.Release|x86.ActiveCfg = Release|x86
		{5DA84703-BC74-4C71-8EF2-F25DADF3DF92}.Release|x86.Build.0 = Release|x86
		{5DA84703-BC74-4C71-8EF2-F25DADF3DF92}.Release|x86.Deploy.0 = Release|x86
		{C25662BB-8BA0-4F70-B912-56F4B2525866}.Ad-Hoc|Any CPU.ActiveCfg = Debug|Any CPU
		{C25662BB-8BA0-4F70-B912-56F4B2525866}.Ad-Hoc|Any CPU.Build.0 = Debug|Any CPU
		{C25662BB-8BA0-4F70-B912-56F4B2525866}.Ad-Hoc|Any CPU.Deploy.0 = Debug|Any CPU
		{C25662BB-8BA0-4F70-B912-56F4B2525866}.Ad-Hoc|ARM.ActiveCfg = Debug|Any CPU
		{C25662BB-8BA0-4F70-B912-56F4B2525866}.Ad-Hoc|ARM.Build.0 = Debug|Any CPU
		{C25662BB-8BA0-4F70-B912-56F4B2525866}.Ad-Hoc|ARM.Deploy.0 = Debug|Any CPU
		{C25662BB-8BA0-4F70-B912-56F4B2525866}.Ad-Hoc|iPhone.ActiveCfg = Debug|Any CPU
		{C25662BB-8BA0-4F70-B912-56F4B2525866}.Ad-Hoc|iPhone.Build.0 = Debug|Any CPU
		{C25662BB-8BA0-4F70-B912-56F4B2525866}.Ad-Hoc|iPhone.Deploy.0 = Debug|Any CPU
		{C25662BB-8BA0-4F70-B912-56F4B2525866}.Ad-Hoc|iPhoneSimulator.ActiveCfg = Debug|Any CPU
		{C25662BB-8BA0-4F70-B912-56F4B2525866}.Ad-Hoc|iPhoneSimulator.Build.0 = Debug|Any CPU
		{C25662BB-8BA0-4F70-B912-56F4B2525866}.Ad-Hoc|iPhoneSimulator.Deploy.0 = Debug|Any CPU
		{C25662BB-8BA0-4F70-B912-56F4B2525866}.Ad-Hoc|x64.ActiveCfg = Debug|Any CPU
		{C25662BB-8BA0-4F70-B912-56F4B2525866}.Ad-Hoc|x64.Build.0 = Debug|Any CPU
		{C25662BB-8BA0-4F70-B912-56F4B2525866}.Ad-Hoc|x64.Deploy.0 = Debug|Any CPU
		{C25662BB-8BA0-4F70-B912-56F4B2525866}.Ad-Hoc|x86.ActiveCfg = Debug|Any CPU
		{C25662BB-8BA0-4F70-B912-56F4B2525866}.Ad-Hoc|x86.Build.0 = Debug|Any CPU
		{C25662BB-8BA0-4F70-B912-56F4B2525866}.Ad-Hoc|x86.Deploy.0 = Debug|Any CPU
		{C25662BB-8BA0-4F70-B912-56F4B2525866}.AppStore|Any CPU.ActiveCfg = Debug|Any CPU
		{C25662BB-8BA0-4F70-B912-56F4B2525866}.AppStore|Any CPU.Build.0 = Debug|Any CPU
		{C25662BB-8BA0-4F70-B912-56F4B2525866}.AppStore|Any CPU.Deploy.0 = Debug|Any CPU
		{C25662BB-8BA0-4F70-B912-56F4B2525866}.AppStore|ARM.ActiveCfg = Debug|Any CPU
		{C25662BB-8BA0-4F70-B912-56F4B2525866}.AppStore|ARM.Build.0 = Debug|Any CPU
		{C25662BB-8BA0-4F70-B912-56F4B2525866}.AppStore|ARM.Deploy.0 = Debug|Any CPU
		{C25662BB-8BA0-4F70-B912-56F4B2525866}.AppStore|iPhone.ActiveCfg = Debug|Any CPU
		{C25662BB-8BA0-4F70-B912-56F4B2525866}.AppStore|iPhone.Build.0 = Debug|Any CPU
		{C25662BB-8BA0-4F70-B912-56F4B2525866}.AppStore|iPhone.Deploy.0 = Debug|Any CPU
		{C25662BB-8BA0-4F70-B912-56F4B2525866}.AppStore|iPhoneSimulator.ActiveCfg = Debug|Any CPU
		{C25662BB-8BA0-4F70-B912-56F4B2525866}.AppStore|iPhoneSimulator.Build.0 = Debug|Any CPU
		{C25662BB-8BA0-4F70-B912-56F4B2525866}.AppStore|iPhoneSimulator.Deploy.0 = Debug|Any CPU
		{C25662BB-8BA0-4F70-B912-56F4B2525866}.AppStore|x64.ActiveCfg = Debug|Any CPU
		{C25662BB-8BA0-4F70-B912-56F4B2525866}.AppStore|x64.Build.0 = Debug|Any CPU
		{C25662BB-8BA0-4F70-B912-56F4B2525866}.AppStore|x64.Deploy.0 = Debug|Any CPU
		{C25662BB-8BA0-4F70-B912-56F4B2525866}.AppStore|x86.ActiveCfg = Debug|Any CPU
		{C25662BB-8BA0-4F70-B912-56F4B2525866}.AppStore|x86.Build.0 = Debug|Any CPU
		{C25662BB-8BA0-4F70-B912-56F4B2525866}.AppStore|x86.Deploy.0 = Debug|Any CPU
		{C25662BB-8BA0-4F70-B912-56F4B2525866}.Debug|Any CPU.ActiveCfg = Debug|Any CPU
		{C25662BB-8BA0-4F70-B912-56F4B2525866}.Debug|Any CPU.Build.0 = Debug|Any CPU
		{C25662BB-8BA0-4F70-B912-56F4B2525866}.Debug|Any CPU.Deploy.0 = Debug|Any CPU
		{C25662BB-8BA0-4F70-B912-56F4B2525866}.Debug|ARM.ActiveCfg = Debug|Any CPU
		{C25662BB-8BA0-4F70-B912-56F4B2525866}.Debug|ARM.Build.0 = Debug|Any CPU
		{C25662BB-8BA0-4F70-B912-56F4B2525866}.Debug|ARM.Deploy.0 = Debug|Any CPU
		{C25662BB-8BA0-4F70-B912-56F4B2525866}.Debug|iPhone.ActiveCfg = Debug|Any CPU
		{C25662BB-8BA0-4F70-B912-56F4B2525866}.Debug|iPhone.Build.0 = Debug|Any CPU
		{C25662BB-8BA0-4F70-B912-56F4B2525866}.Debug|iPhone.Deploy.0 = Debug|Any CPU
		{C25662BB-8BA0-4F70-B912-56F4B2525866}.Debug|iPhoneSimulator.ActiveCfg = Debug|Any CPU
		{C25662BB-8BA0-4F70-B912-56F4B2525866}.Debug|iPhoneSimulator.Build.0 = Debug|Any CPU
		{C25662BB-8BA0-4F70-B912-56F4B2525866}.Debug|iPhoneSimulator.Deploy.0 = Debug|Any CPU
		{C25662BB-8BA0-4F70-B912-56F4B2525866}.Debug|x64.ActiveCfg = Debug|Any CPU
		{C25662BB-8BA0-4F70-B912-56F4B2525866}.Debug|x64.Build.0 = Debug|Any CPU
		{C25662BB-8BA0-4F70-B912-56F4B2525866}.Debug|x64.Deploy.0 = Debug|Any CPU
		{C25662BB-8BA0-4F70-B912-56F4B2525866}.Debug|x86.ActiveCfg = Debug|Any CPU
		{C25662BB-8BA0-4F70-B912-56F4B2525866}.Debug|x86.Build.0 = Debug|Any CPU
		{C25662BB-8BA0-4F70-B912-56F4B2525866}.Debug|x86.Deploy.0 = Debug|Any CPU
		{C25662BB-8BA0-4F70-B912-56F4B2525866}.Release|Any CPU.ActiveCfg = Release|Any CPU
		{C25662BB-8BA0-4F70-B912-56F4B2525866}.Release|Any CPU.Build.0 = Release|Any CPU
		{C25662BB-8BA0-4F70-B912-56F4B2525866}.Release|Any CPU.Deploy.0 = Release|Any CPU
		{C25662BB-8BA0-4F70-B912-56F4B2525866}.Release|ARM.ActiveCfg = Release|Any CPU
		{C25662BB-8BA0-4F70-B912-56F4B2525866}.Release|ARM.Build.0 = Release|Any CPU
		{C25662BB-8BA0-4F70-B912-56F4B2525866}.Release|ARM.Deploy.0 = Release|Any CPU
		{C25662BB-8BA0-4F70-B912-56F4B2525866}.Release|iPhone.ActiveCfg = Release|Any CPU
		{C25662BB-8BA0-4F70-B912-56F4B2525866}.Release|iPhone.Build.0 = Release|Any CPU
		{C25662BB-8BA0-4F70-B912-56F4B2525866}.Release|iPhone.Deploy.0 = Release|Any CPU
		{C25662BB-8BA0-4F70-B912-56F4B2525866}.Release|iPhoneSimulator.ActiveCfg = Release|Any CPU
		{C25662BB-8BA0-4F70-B912-56F4B2525866}.Release|iPhoneSimulator.Build.0 = Release|Any CPU
		{C25662BB-8BA0-4F70-B912-56F4B2525866}.Release|iPhoneSimulator.Deploy.0 = Release|Any CPU
		{C25662BB-8BA0-4F70-B912-56F4B2525866}.Release|x64.ActiveCfg = Release|Any CPU
		{C25662BB-8BA0-4F70-B912-56F4B2525866}.Release|x64.Build.0 = Release|Any CPU
		{C25662BB-8BA0-4F70-B912-56F4B2525866}.Release|x64.Deploy.0 = Release|Any CPU
		{C25662BB-8BA0-4F70-B912-56F4B2525866}.Release|x86.ActiveCfg = Release|Any CPU
		{C25662BB-8BA0-4F70-B912-56F4B2525866}.Release|x86.Build.0 = Release|Any CPU
		{C25662BB-8BA0-4F70-B912-56F4B2525866}.Release|x86.Deploy.0 = Release|Any CPU
	EndGlobalSection
	GlobalSection(SolutionProperties) = preSolution
		HideSolutionNode = FALSE
	EndGlobalSection
	GlobalSection(ExtensibilityGlobals) = postSolution
		SolutionGuid = {EDECDF48-7EF5-4ACF-A19C-C68801577587}
	EndGlobalSection
EndGlobal
