
Microsoft Visual Studio Solution File, Format Version 12.00
# Visual Studio 15
VisualStudioVersion = 15.0.28010.2048
MinimumVisualStudioVersion = 10.0.40219.1
Project("{FAE04EC0-301F-11D3-BF4B-00C04F79EFBC}") = "XamarinRelativeLayout.Android", "XamarinRelativeLayout\XamarinRelativeLayout.Android\XamarinRelativeLayout.Android.csproj", "{4A32522A-3733-47CD-8E4B-7AE454092A6C}"
EndProject
Project("{FAE04EC0-301F-11D3-BF4B-00C04F79EFBC}") = "XamarinRelativeLayout.iOS", "XamarinRelativeLayout\XamarinRelativeLayout.iOS\XamarinRelativeLayout.iOS.csproj", "{485CD24E-7F9E-4F02-AA06-67A5E6DEA2A7}"
EndProject
Project("{FAE04EC0-301F-11D3-BF4B-00C04F79EFBC}") = "XamarinRelativeLayout.UWP", "XamarinRelativeLayout\XamarinRelativeLayout.UWP\XamarinRelativeLayout.UWP.csproj", "{B3648AC6-90A7-4F7E-BD84-5FCED00EEC70}"
EndProject
Project("{FAE04EC0-301F-11D3-BF4B-00C04F79EFBC}") = "XamarinRelativeLayout", "XamarinRelativeLayout\XamarinRelativeLayout\XamarinRelativeLayout.csproj", "{E37D390F-23D8-449D-89A9-D806066644BC}"
EndProject
Global
	GlobalSection(SolutionConfigurationPlatforms) = preSolution
		Ad-Hoc|Any CPU = Ad-Hoc|Any CPU
		Ad-Hoc|ARM = Ad-Hoc|ARM
		Ad-Hoc|iPhone = Ad-Hoc|iPhone
		Ad-Hoc|iPhoneSimulator = Ad-Hoc|iPhoneSimulator
		Ad-Hoc|x64 = Ad-Hoc|x64
		Ad-Hoc|x86 = Ad-Hoc|x86
		AppStore|Any CPU = AppStore|Any CPU
		AppStore|ARM = AppStore|ARM
		AppStore|iPhone = AppStore|iPhone
		AppStore|iPhoneSimulator = AppStore|iPhoneSimulator
		AppStore|x64 = AppStore|x64
		AppStore|x86 = AppStore|x86
		Debug|Any CPU = Debug|Any CPU
		Debug|ARM = Debug|ARM
		Debug|iPhone = Debug|iPhone
		Debug|iPhoneSimulator = Debug|iPhoneSimulator
		Debug|x64 = Debug|x64
		Debug|x86 = Debug|x86
		Release|Any CPU = Release|Any CPU
		Release|ARM = Release|ARM
		Release|iPhone = Release|iPhone
		Release|iPhoneSimulator = Release|iPhoneSimulator
		Release|x64 = Release|x64
		Release|x86 = Release|x86
	EndGlobalSection
	GlobalSection(ProjectConfigurationPlatforms) = postSolution
		{4A32522A-3733-47CD-8E4B-7AE454092A6C}.Ad-Hoc|Any CPU.ActiveCfg = Release|Any CPU
		{4A32522A-3733-47CD-8E4B-7AE454092A6C}.Ad-Hoc|Any CPU.Build.0 = Release|Any CPU
		{4A32522A-3733-47CD-8E4B-7AE454092A6C}.Ad-Hoc|Any CPU.Deploy.0 = Release|Any CPU
		{4A32522A-3733-47CD-8E4B-7AE454092A6C}.Ad-Hoc|ARM.ActiveCfg = Release|Any CPU
		{4A32522A-3733-47CD-8E4B-7AE454092A6C}.Ad-Hoc|ARM.Build.0 = Release|Any CPU
		{4A32522A-3733-47CD-8E4B-7AE454092A6C}.Ad-Hoc|ARM.Deploy.0 = Release|Any CPU
		{4A32522A-3733-47CD-8E4B-7AE454092A6C}.Ad-Hoc|iPhone.ActiveCfg = Release|Any CPU
		{4A32522A-3733-47CD-8E4B-7AE454092A6C}.Ad-Hoc|iPhone.Build.0 = Release|Any CPU
		{4A32522A-3733-47CD-8E4B-7AE454092A6C}.Ad-Hoc|iPhone.Deploy.0 = Release|Any CPU
		{4A32522A-3733-47CD-8E4B-7AE454092A6C}.Ad-Hoc|iPhoneSimulator.ActiveCfg = Release|Any CPU
		{4A32522A-3733-47CD-8E4B-7AE454092A6C}.Ad-Hoc|iPhoneSimulator.Build.0 = Release|Any CPU
		{4A32522A-3733-47CD-8E4B-7AE454092A6C}.Ad-Hoc|iPhoneSimulator.Deploy.0 = Release|Any CPU
		{4A32522A-3733-47CD-8E4B-7AE454092A6C}.Ad-Hoc|x64.ActiveCfg = Release|Any CPU
		{4A32522A-3733-47CD-8E4B-7AE454092A6C}.Ad-Hoc|x64.Build.0 = Release|Any CPU
		{4A32522A-3733-47CD-8E4B-7AE454092A6C}.Ad-Hoc|x64.Deploy.0 = Release|Any CPU
		{4A32522A-3733-47CD-8E4B-7AE454092A6C}.Ad-Hoc|x86.ActiveCfg = Release|Any CPU
		{4A32522A-3733-47CD-8E4B-7AE454092A6C}.Ad-Hoc|x86.Build.0 = Release|Any CPU
		{4A32522A-3733-47CD-8E4B-7AE454092A6C}.Ad-Hoc|x86.Deploy.0 = Release|Any CPU
		{4A32522A-3733-47CD-8E4B-7AE454092A6C}.AppStore|Any CPU.ActiveCfg = Release|Any CPU
		{4A32522A-3733-47CD-8E4B-7AE454092A6C}.AppStore|Any CPU.Build.0 = Release|Any CPU
		{4A32522A-3733-47CD-8E4B-7AE454092A6C}.AppStore|Any CPU.Deploy.0 = Release|Any CPU
		{4A32522A-3733-47CD-8E4B-7AE454092A6C}.AppStore|ARM.ActiveCfg = Release|Any CPU
		{4A32522A-3733-47CD-8E4B-7AE454092A6C}.AppStore|ARM.Build.0 = Release|Any CPU
		{4A32522A-3733-47CD-8E4B-7AE454092A6C}.AppStore|ARM.Deploy.0 = Release|Any CPU
		{4A32522A-3733-47CD-8E4B-7AE454092A6C}.AppStore|iPhone.ActiveCfg = Release|Any CPU
		{4A32522A-3733-47CD-8E4B-7AE454092A6C}.AppStore|iPhone.Build.0 = Release|Any CPU
		{4A32522A-3733-47CD-8E4B-7AE454092A6C}.AppStore|iPhone.Deploy.0 = Release|Any CPU
		{4A32522A-3733-47CD-8E4B-7AE454092A6C}.AppStore|iPhoneSimulator.ActiveCfg = Release|Any CPU
		{4A32522A-3733-47CD-8E4B-7AE454092A6C}.AppStore|iPhoneSimulator.Build.0 = Release|Any CPU
		{4A32522A-3733-47CD-8E4B-7AE454092A6C}.AppStore|iPhoneSimulator.Deploy.0 = Release|Any CPU
		{4A32522A-3733-47CD-8E4B-7AE454092A6C}.AppStore|x64.ActiveCfg = Release|Any CPU
		{4A32522A-3733-47CD-8E4B-7AE454092A6C}.AppStore|x64.Build.0 = Release|Any CPU
		{4A32522A-3733-47CD-8E4B-7AE454092A6C}.AppStore|x64.Deploy.0 = Release|Any CPU
		{4A32522A-3733-47CD-8E4B-7AE454092A6C}.AppStore|x86.ActiveCfg = Release|Any CPU
		{4A32522A-3733-47CD-8E4B-7AE454092A6C}.AppStore|x86.Build.0 = Release|Any CPU
		{4A32522A-3733-47CD-8E4B-7AE454092A6C}.AppStore|x86.Deploy.0 = Release|Any CPU
		{4A32522A-3733-47CD-8E4B-7AE454092A6C}.Debug|Any CPU.ActiveCfg = Debug|Any CPU
		{4A32522A-3733-47CD-8E4B-7AE454092A6C}.Debug|Any CPU.Build.0 = Debug|Any CPU
		{4A32522A-3733-47CD-8E4B-7AE454092A6C}.Debug|Any CPU.Deploy.0 = Debug|Any CPU
		{4A32522A-3733-47CD-8E4B-7AE454092A6C}.Debug|ARM.ActiveCfg = Debug|Any CPU
		{4A32522A-3733-47CD-8E4B-7AE454092A6C}.Debug|ARM.Build.0 = Debug|Any CPU
		{4A32522A-3733-47CD-8E4B-7AE454092A6C}.Debug|ARM.Deploy.0 = Debug|Any CPU
		{4A32522A-3733-47CD-8E4B-7AE454092A6C}.Debug|iPhone.ActiveCfg = Debug|Any CPU
		{4A32522A-3733-47CD-8E4B-7AE454092A6C}.Debug|iPhone.Build.0 = Debug|Any CPU
		{4A32522A-3733-47CD-8E4B-7AE454092A6C}.Debug|iPhone.Deploy.0 = Debug|Any CPU
		{4A32522A-3733-47CD-8E4B-7AE454092A6C}.Debug|iPhoneSimulator.ActiveCfg = Debug|Any CPU
		{4A32522A-3733-47CD-8E4B-7AE454092A6C}.Debug|iPhoneSimulator.Build.0 = Debug|Any CPU
		{4A32522A-3733-47CD-8E4B-7AE454092A6C}.Debug|iPhoneSimulator.Deploy.0 = Debug|Any CPU
		{4A32522A-3733-47CD-8E4B-7AE454092A6C}.Debug|x64.ActiveCfg = Debug|Any CPU
		{4A32522A-3733-47CD-8E4B-7AE454092A6C}.Debug|x64.Build.0 = Debug|Any CPU
		{4A32522A-3733-47CD-8E4B-7AE454092A6C}.Debug|x64.Deploy.0 = Debug|Any CPU
		{4A32522A-3733-47CD-8E4B-7AE454092A6C}.Debug|x86.ActiveCfg = Debug|Any CPU
		{4A32522A-3733-47CD-8E4B-7AE454092A6C}.Debug|x86.Build.0 = Debug|Any CPU
		{4A32522A-3733-47CD-8E4B-7AE454092A6C}.Debug|x86.Deploy.0 = Debug|Any CPU
		{4A32522A-3733-47CD-8E4B-7AE454092A6C}.Release|Any CPU.ActiveCfg = Release|Any CPU
		{4A32522A-3733-47CD-8E4B-7AE454092A6C}.Release|Any CPU.Build.0 = Release|Any CPU
		{4A32522A-3733-47CD-8E4B-7AE454092A6C}.Release|Any CPU.Deploy.0 = Release|Any CPU
		{4A32522A-3733-47CD-8E4B-7AE454092A6C}.Release|ARM.ActiveCfg = Release|Any CPU
		{4A32522A-3733-47CD-8E4B-7AE454092A6C}.Release|ARM.Build.0 = Release|Any CPU
		{4A32522A-3733-47CD-8E4B-7AE454092A6C}.Release|ARM.Deploy.0 = Release|Any CPU
		{4A32522A-3733-47CD-8E4B-7AE454092A6C}.Release|iPhone.ActiveCfg = Release|Any CPU
		{4A32522A-3733-47CD-8E4B-7AE454092A6C}.Release|iPhone.Build.0 = Release|Any CPU
		{4A32522A-3733-47CD-8E4B-7AE454092A6C}.Release|iPhone.Deploy.0 = Release|Any CPU
		{4A32522A-3733-47CD-8E4B-7AE454092A6C}.Release|iPhoneSimulator.ActiveCfg = Release|Any CPU
		{4A32522A-3733-47CD-8E4B-7AE454092A6C}.Release|iPhoneSimulator.Build.0 = Release|Any CPU
		{4A32522A-3733-47CD-8E4B-7AE454092A6C}.Release|iPhoneSimulator.Deploy.0 = Release|Any CPU
		{4A32522A-3733-47CD-8E4B-7AE454092A6C}.Release|x64.ActiveCfg = Release|Any CPU
		{4A32522A-3733-47CD-8E4B-7AE454092A6C}.Release|x64.Build.0 = Release|Any CPU
		{4A32522A-3733-47CD-8E4B-7AE454092A6C}.Release|x64.Deploy.0 = Release|Any CPU
		{4A32522A-3733-47CD-8E4B-7AE454092A6C}.Release|x86.ActiveCfg = Release|Any CPU
		{4A32522A-3733-47CD-8E4B-7AE454092A6C}.Release|x86.Build.0 = Release|Any CPU
		{4A32522A-3733-47CD-8E4B-7AE454092A6C}.Release|x86.Deploy.0 = Release|Any CPU
		{485CD24E-7F9E-4F02-AA06-67A5E6DEA2A7}.Ad-Hoc|Any CPU.ActiveCfg = Ad-Hoc|iPhone
		{485CD24E-7F9E-4F02-AA06-67A5E6DEA2A7}.Ad-Hoc|Any CPU.Build.0 = Ad-Hoc|iPhone
		{485CD24E-7F9E-4F02-AA06-67A5E6DEA2A7}.Ad-Hoc|Any CPU.Deploy.0 = Ad-Hoc|iPhone
		{485CD24E-7F9E-4F02-AA06-67A5E6DEA2A7}.Ad-Hoc|ARM.ActiveCfg = Ad-Hoc|iPhone
		{485CD24E-7F9E-4F02-AA06-67A5E6DEA2A7}.Ad-Hoc|ARM.Build.0 = Ad-Hoc|iPhone
		{485CD24E-7F9E-4F02-AA06-67A5E6DEA2A7}.Ad-Hoc|ARM.Deploy.0 = Ad-Hoc|iPhone
		{485CD24E-7F9E-4F02-AA06-67A5E6DEA2A7}.Ad-Hoc|iPhone.ActiveCfg = Ad-Hoc|iPhone
		{485CD24E-7F9E-4F02-AA06-67A5E6DEA2A7}.Ad-Hoc|iPhone.Build.0 = Ad-Hoc|iPhone
		{485CD24E-7F9E-4F02-AA06-67A5E6DEA2A7}.Ad-Hoc|iPhone.Deploy.0 = Ad-Hoc|iPhone
		{485CD24E-7F9E-4F02-AA06-67A5E6DEA2A7}.Ad-Hoc|iPhoneSimulator.ActiveCfg = Ad-Hoc|iPhoneSimulator
		{485CD24E-7F9E-4F02-AA06-67A5E6DEA2A7}.Ad-Hoc|iPhoneSimulator.Build.0 = Ad-Hoc|iPhoneSimulator
		{485CD24E-7F9E-4F02-AA06-67A5E6DEA2A7}.Ad-Hoc|iPhoneSimulator.Deploy.0 = Ad-Hoc|iPhoneSimulator
		{485CD24E-7F9E-4F02-AA06-67A5E6DEA2A7}.Ad-Hoc|x64.ActiveCfg = Ad-Hoc|iPhone
		{485CD24E-7F9E-4F02-AA06-67A5E6DEA2A7}.Ad-Hoc|x64.Build.0 = Ad-Hoc|iPhone
		{485CD24E-7F9E-4F02-AA06-67A5E6DEA2A7}.Ad-Hoc|x64.Deploy.0 = Ad-Hoc|iPhone
		{485CD24E-7F9E-4F02-AA06-67A5E6DEA2A7}.Ad-Hoc|x86.ActiveCfg = Ad-Hoc|iPhone
		{485CD24E-7F9E-4F02-AA06-67A5E6DEA2A7}.Ad-Hoc|x86.Build.0 = Ad-Hoc|iPhone
		{485CD24E-7F9E-4F02-AA06-67A5E6DEA2A7}.Ad-Hoc|x86.Deploy.0 = Ad-Hoc|iPhone
		{485CD24E-7F9E-4F02-AA06-67A5E6DEA2A7}.AppStore|Any CPU.ActiveCfg = AppStore|iPhone
		{485CD24E-7F9E-4F02-AA06-67A5E6DEA2A7}.AppStore|Any CPU.Build.0 = AppStore|iPhone
		{485CD24E-7F9E-4F02-AA06-67A5E6DEA2A7}.AppStore|Any CPU.Deploy.0 = AppStore|iPhone
		{485CD24E-7F9E-4F02-AA06-67A5E6DEA2A7}.AppStore|ARM.ActiveCfg = AppStore|iPhone
		{485CD24E-7F9E-4F02-AA06-67A5E6DEA2A7}.AppStore|ARM.Build.0 = AppStore|iPhone
		{485CD24E-7F9E-4F02-AA06-67A5E6DEA2A7}.AppStore|ARM.Deploy.0 = AppStore|iPhone
		{485CD24E-7F9E-4F02-AA06-67A5E6DEA2A7}.AppStore|iPhone.ActiveCfg = AppStore|iPhone
		{485CD24E-7F9E-4F02-AA06-67A5E6DEA2A7}.AppStore|iPhone.Build.0 = AppStore|iPhone
		{485CD24E-7F9E-4F02-AA06-67A5E6DEA2A7}.AppStore|iPhone.Deploy.0 = AppStore|iPhone
		{485CD24E-7F9E-4F02-AA06-67A5E6DEA2A7}.AppStore|iPhoneSimulator.ActiveCfg = AppStore|iPhoneSimulator
		{485CD24E-7F9E-4F02-AA06-67A5E6DEA2A7}.AppStore|iPhoneSimulator.Build.0 = AppStore|iPhoneSimulator
		{485CD24E-7F9E-4F02-AA06-67A5E6DEA2A7}.AppStore|iPhoneSimulator.Deploy.0 = AppStore|iPhoneSimulator
		{485CD24E-7F9E-4F02-AA06-67A5E6DEA2A7}.AppStore|x64.ActiveCfg = AppStore|iPhone
		{485CD24E-7F9E-4F02-AA06-67A5E6DEA2A7}.AppStore|x64.Build.0 = AppStore|iPhone
		{485CD24E-7F9E-4F02-AA06-67A5E6DEA2A7}.AppStore|x64.Deploy.0 = AppStore|iPhone
		{485CD24E-7F9E-4F02-AA06-67A5E6DEA2A7}.AppStore|x86.ActiveCfg = AppStore|iPhone
		{485CD24E-7F9E-4F02-AA06-67A5E6DEA2A7}.AppStore|x86.Build.0 = AppStore|iPhone
		{485CD24E-7F9E-4F02-AA06-67A5E6DEA2A7}.AppStore|x86.Deploy.0 = AppStore|iPhone
		{485CD24E-7F9E-4F02-AA06-67A5E6DEA2A7}.Debug|Any CPU.ActiveCfg = Debug|iPhoneSimulator
		{485CD24E-7F9E-4F02-AA06-67A5E6DEA2A7}.Debug|Any CPU.Build.0 = Debug|iPhoneSimulator
		{485CD24E-7F9E-4F02-AA06-67A5E6DEA2A7}.Debug|Any CPU.Deploy.0 = Debug|iPhoneSimulator
		{485CD24E-7F9E-4F02-AA06-67A5E6DEA2A7}.Debug|ARM.ActiveCfg = Debug|iPhone
		{485CD24E-7F9E-4F02-AA06-67A5E6DEA2A7}.Debug|ARM.Build.0 = Debug|iPhone
		{485CD24E-7F9E-4F02-AA06-67A5E6DEA2A7}.Debug|ARM.Deploy.0 = Debug|iPhone
		{485CD24E-7F9E-4F02-AA06-67A5E6DEA2A7}.Debug|iPhone.ActiveCfg = Debug|iPhone
		{485CD24E-7F9E-4F02-AA06-67A5E6DEA2A7}.Debug|iPhone.Build.0 = Debug|iPhone
		{485CD24E-7F9E-4F02-AA06-67A5E6DEA2A7}.Debug|iPhone.Deploy.0 = Debug|iPhone
		{485CD24E-7F9E-4F02-AA06-67A5E6DEA2A7}.Debug|iPhoneSimulator.ActiveCfg = Debug|iPhoneSimulator
		{485CD24E-7F9E-4F02-AA06-67A5E6DEA2A7}.Debug|iPhoneSimulator.Build.0 = Debug|iPhoneSimulator
		{485CD24E-7F9E-4F02-AA06-67A5E6DEA2A7}.Debug|iPhoneSimulator.Deploy.0 = Debug|iPhoneSimulator
		{485CD24E-7F9E-4F02-AA06-67A5E6DEA2A7}.Debug|x64.ActiveCfg = Debug|iPhone
		{485CD24E-7F9E-4F02-AA06-67A5E6DEA2A7}.Debug|x64.Build.0 = Debug|iPhone
		{485CD24E-7F9E-4F02-AA06-67A5E6DEA2A7}.Debug|x64.Deploy.0 = Debug|iPhone
		{485CD24E-7F9E-4F02-AA06-67A5E6DEA2A7}.Debug|x86.ActiveCfg = Debug|iPhone
		{485CD24E-7F9E-4F02-AA06-67A5E6DEA2A7}.Debug|x86.Build.0 = Debug|iPhone
		{485CD24E-7F9E-4F02-AA06-67A5E6DEA2A7}.Debug|x86.Deploy.0 = Debug|iPhone
		{485CD24E-7F9E-4F02-AA06-67A5E6DEA2A7}.Release|Any CPU.ActiveCfg = Release|iPhone
		{485CD24E-7F9E-4F02-AA06-67A5E6DEA2A7}.Release|Any CPU.Build.0 = Release|iPhone
		{485CD24E-7F9E-4F02-AA06-67A5E6DEA2A7}.Release|Any CPU.Deploy.0 = Release|iPhone
		{485CD24E-7F9E-4F02-AA06-67A5E6DEA2A7}.Release|ARM.ActiveCfg = Release|iPhone
		{485CD24E-7F9E-4F02-AA06-67A5E6DEA2A7}.Release|ARM.Build.0 = Release|iPhone
		{485CD24E-7F9E-4F02-AA06-67A5E6DEA2A7}.Release|ARM.Deploy.0 = Release|iPhone
		{485CD24E-7F9E-4F02-AA06-67A5E6DEA2A7}.Release|iPhone.ActiveCfg = Release|iPhone
		{485CD24E-7F9E-4F02-AA06-67A5E6DEA2A7}.Release|iPhone.Build.0 = Release|iPhone
		{485CD24E-7F9E-4F02-AA06-67A5E6DEA2A7}.Release|iPhone.Deploy.0 = Release|iPhone
		{485CD24E-7F9E-4F02-AA06-67A5E6DEA2A7}.Release|iPhoneSimulator.ActiveCfg = Release|iPhoneSimulator
		{485CD24E-7F9E-4F02-AA06-67A5E6DEA2A7}.Release|iPhoneSimulator.Build.0 = Release|iPhoneSimulator
		{485CD24E-7F9E-4F02-AA06-67A5E6DEA2A7}.Release|iPhoneSimulator.Deploy.0 = Release|iPhoneSimulator
		{485CD24E-7F9E-4F02-AA06-67A5E6DEA2A7}.Release|x64.ActiveCfg = Release|iPhone
		{485CD24E-7F9E-4F02-AA06-67A5E6DEA2A7}.Release|x64.Build.0 = Release|iPhone
		{485CD24E-7F9E-4F02-AA06-67A5E6DEA2A7}.Release|x64.Deploy.0 = Release|iPhone
		{485CD24E-7F9E-4F02-AA06-67A5E6DEA2A7}.Release|x86.ActiveCfg = Release|iPhone
		{485CD24E-7F9E-4F02-AA06-67A5E6DEA2A7}.Release|x86.Build.0 = Release|iPhone
		{485CD24E-7F9E-4F02-AA06-67A5E6DEA2A7}.Release|x86.Deploy.0 = Release|iPhone
		{B3648AC6-90A7-4F7E-BD84-5FCED00EEC70}.Ad-Hoc|Any CPU.ActiveCfg = Release|x86
		{B3648AC6-90A7-4F7E-BD84-5FCED00EEC70}.Ad-Hoc|Any CPU.Build.0 = Release|x86
		{B3648AC6-90A7-4F7E-BD84-5FCED00EEC70}.Ad-Hoc|Any CPU.Deploy.0 = Release|x86
		{B3648AC6-90A7-4F7E-BD84-5FCED00EEC70}.Ad-Hoc|ARM.ActiveCfg = Release|ARM
		{B3648AC6-90A7-4F7E-BD84-5FCED00EEC70}.Ad-Hoc|ARM.Build.0 = Release|ARM
		{B3648AC6-90A7-4F7E-BD84-5FCED00EEC70}.Ad-Hoc|ARM.Deploy.0 = Release|ARM
		{B3648AC6-90A7-4F7E-BD84-5FCED00EEC70}.Ad-Hoc|iPhone.ActiveCfg = Release|x86
		{B3648AC6-90A7-4F7E-BD84-5FCED00EEC70}.Ad-Hoc|iPhone.Build.0 = Release|x86
		{B3648AC6-90A7-4F7E-BD84-5FCED00EEC70}.Ad-Hoc|iPhone.Deploy.0 = Release|x86
		{B3648AC6-90A7-4F7E-BD84-5FCED00EEC70}.Ad-Hoc|iPhoneSimulator.ActiveCfg = Release|x86
		{B3648AC6-90A7-4F7E-BD84-5FCED00EEC70}.Ad-Hoc|iPhoneSimulator.Build.0 = Release|x86
		{B3648AC6-90A7-4F7E-BD84-5FCED00EEC70}.Ad-Hoc|iPhoneSimulator.Deploy.0 = Release|x86
		{B3648AC6-90A7-4F7E-BD84-5FCED00EEC70}.Ad-Hoc|x64.ActiveCfg = Release|x64
		{B3648AC6-90A7-4F7E-BD84-5FCED00EEC70}.Ad-Hoc|x64.Build.0 = Release|x64
		{B3648AC6-90A7-4F7E-BD84-5FCED00EEC70}.Ad-Hoc|x64.Deploy.0 = Release|x64
		{B3648AC6-90A7-4F7E-BD84-5FCED00EEC70}.Ad-Hoc|x86.ActiveCfg = Release|x86
		{B3648AC6-90A7-4F7E-BD84-5FCED00EEC70}.Ad-Hoc|x86.Build.0 = Release|x86
		{B3648AC6-90A7-4F7E-BD84-5FCED00EEC70}.Ad-Hoc|x86.Deploy.0 = Release|x86
		{B3648AC6-90A7-4F7E-BD84-5FCED00EEC70}.AppStore|Any CPU.ActiveCfg = Release|x86
		{B3648AC6-90A7-4F7E-BD84-5FCED00EEC70}.AppStore|Any CPU.Build.0 = Release|x86
		{B3648AC6-90A7-4F7E-BD84-5FCED00EEC70}.AppStore|Any CPU.Deploy.0 = Release|x86
		{B3648AC6-90A7-4F7E-BD84-5FCED00EEC70}.AppStore|ARM.ActiveCfg = Release|ARM
		{B3648AC6-90A7-4F7E-BD84-5FCED00EEC70}.AppStore|ARM.Build.0 = Release|ARM
		{B3648AC6-90A7-4F7E-BD84-5FCED00EEC70}.AppStore|ARM.Deploy.0 = Release|ARM
		{B3648AC6-90A7-4F7E-BD84-5FCED00EEC70}.AppStore|iPhone.ActiveCfg = Release|x86
		{B3648AC6-90A7-4F7E-BD84-5FCED00EEC70}.AppStore|iPhone.Build.0 = Release|x86
		{B3648AC6-90A7-4F7E-BD84-5FCED00EEC70}.AppStore|iPhone.Deploy.0 = Release|x86
		{B3648AC6-90A7-4F7E-BD84-5FCED00EEC70}.AppStore|iPhoneSimulator.ActiveCfg = Release|x86
		{B3648AC6-90A7-4F7E-BD84-5FCED00EEC70}.AppStore|iPhoneSimulator.Build.0 = Release|x86
		{B3648AC6-90A7-4F7E-BD84-5FCED00EEC70}.AppStore|iPhoneSimulator.Deploy.0 = Release|x86
		{B3648AC6-90A7-4F7E-BD84-5FCED00EEC70}.AppStore|x64.ActiveCfg = Release|x64
		{B3648AC6-90A7-4F7E-BD84-5FCED00EEC70}.AppStore|x64.Build.0 = Release|x64
		{B3648AC6-90A7-4F7E-BD84-5FCED00EEC70}.AppStore|x64.Deploy.0 = Release|x64
		{B3648AC6-90A7-4F7E-BD84-5FCED00EEC70}.AppStore|x86.ActiveCfg = Release|x86
		{B3648AC6-90A7-4F7E-BD84-5FCED00EEC70}.AppStore|x86.Build.0 = Release|x86
		{B3648AC6-90A7-4F7E-BD84-5FCED00EEC70}.AppStore|x86.Deploy.0 = Release|x86
		{B3648AC6-90A7-4F7E-BD84-5FCED00EEC70}.Debug|Any CPU.ActiveCfg = Debug|x86
		{B3648AC6-90A7-4F7E-BD84-5FCED00EEC70}.Debug|Any CPU.Build.0 = Debug|x86
		{B3648AC6-90A7-4F7E-BD84-5FCED00EEC70}.Debug|Any CPU.Deploy.0 = Debug|x86
		{B3648AC6-90A7-4F7E-BD84-5FCED00EEC70}.Debug|ARM.ActiveCfg = Debug|ARM
		{B3648AC6-90A7-4F7E-BD84-5FCED00EEC70}.Debug|ARM.Build.0 = Debug|ARM
		{B3648AC6-90A7-4F7E-BD84-5FCED00EEC70}.Debug|ARM.Deploy.0 = Debug|ARM
		{B3648AC6-90A7-4F7E-BD84-5FCED00EEC70}.Debug|iPhone.ActiveCfg = Debug|x86
		{B3648AC6-90A7-4F7E-BD84-5FCED00EEC70}.Debug|iPhone.Build.0 = Debug|x86
		{B3648AC6-90A7-4F7E-BD84-5FCED00EEC70}.Debug|iPhone.Deploy.0 = Debug|x86
		{B3648AC6-90A7-4F7E-BD84-5FCED00EEC70}.Debug|iPhoneSimulator.ActiveCfg = Debug|x86
		{B3648AC6-90A7-4F7E-BD84-5FCED00EEC70}.Debug|iPhoneSimulator.Build.0 = Debug|x86
		{B3648AC6-90A7-4F7E-BD84-5FCED00EEC70}.Debug|iPhoneSimulator.Deploy.0 = Debug|x86
		{B3648AC6-90A7-4F7E-BD84-5FCED00EEC70}.Debug|x64.ActiveCfg = Debug|x64
		{B3648AC6-90A7-4F7E-BD84-5FCED00EEC70}.Debug|x64.Build.0 = Debug|x64
		{B3648AC6-90A7-4F7E-BD84-5FCED00EEC70}.Debug|x64.Deploy.0 = Debug|x64
		{B3648AC6-90A7-4F7E-BD84-5FCED00EEC70}.Debug|x86.ActiveCfg = Debug|x86
		{B3648AC6-90A7-4F7E-BD84-5FCED00EEC70}.Debug|x86.Build.0 = Debug|x86
		{B3648AC6-90A7-4F7E-BD84-5FCED00EEC70}.Debug|x86.Deploy.0 = Debug|x86
		{B3648AC6-90A7-4F7E-BD84-5FCED00EEC70}.Release|Any CPU.ActiveCfg = Release|x86
		{B3648AC6-90A7-4F7E-BD84-5FCED00EEC70}.Release|Any CPU.Build.0 = Release|x86
		{B3648AC6-90A7-4F7E-BD84-5FCED00EEC70}.Release|Any CPU.Deploy.0 = Release|x86
		{B3648AC6-90A7-4F7E-BD84-5FCED00EEC70}.Release|ARM.ActiveCfg = Release|ARM
		{B3648AC6-90A7-4F7E-BD84-5FCED00EEC70}.Release|ARM.Build.0 = Release|ARM
		{B3648AC6-90A7-4F7E-BD84-5FCED00EEC70}.Release|ARM.Deploy.0 = Release|ARM
		{B3648AC6-90A7-4F7E-BD84-5FCED00EEC70}.Release|iPhone.ActiveCfg = Release|x86
		{B3648AC6-90A7-4F7E-BD84-5FCED00EEC70}.Release|iPhone.Build.0 = Release|x86
		{B3648AC6-90A7-4F7E-BD84-5FCED00EEC70}.Release|iPhone.Deploy.0 = Release|x86
		{B3648AC6-90A7-4F7E-BD84-5FCED00EEC70}.Release|iPhoneSimulator.ActiveCfg = Release|x86
		{B3648AC6-90A7-4F7E-BD84-5FCED00EEC70}.Release|iPhoneSimulator.Build.0 = Release|x86
		{B3648AC6-90A7-4F7E-BD84-5FCED00EEC70}.Release|iPhoneSimulator.Deploy.0 = Release|x86
		{B3648AC6-90A7-4F7E-BD84-5FCED00EEC70}.Release|x64.ActiveCfg = Release|x64
		{B3648AC6-90A7-4F7E-BD84-5FCED00EEC70}.Release|x64.Build.0 = Release|x64
		{B3648AC6-90A7-4F7E-BD84-5FCED00EEC70}.Release|x64.Deploy.0 = Release|x64
		{B3648AC6-90A7-4F7E-BD84-5FCED00EEC70}.Release|x86.ActiveCfg = Release|x86
		{B3648AC6-90A7-4F7E-BD84-5FCED00EEC70}.Release|x86.Build.0 = Release|x86
		{B3648AC6-90A7-4F7E-BD84-5FCED00EEC70}.Release|x86.Deploy.0 = Release|x86
		{E37D390F-23D8-449D-89A9-D806066644BC}.Ad-Hoc|Any CPU.ActiveCfg = Debug|Any CPU
		{E37D390F-23D8-449D-89A9-D806066644BC}.Ad-Hoc|Any CPU.Build.0 = Debug|Any CPU
		{E37D390F-23D8-449D-89A9-D806066644BC}.Ad-Hoc|Any CPU.Deploy.0 = Debug|Any CPU
		{E37D390F-23D8-449D-89A9-D806066644BC}.Ad-Hoc|ARM.ActiveCfg = Debug|Any CPU
		{E37D390F-23D8-449D-89A9-D806066644BC}.Ad-Hoc|ARM.Build.0 = Debug|Any CPU
		{E37D390F-23D8-449D-89A9-D806066644BC}.Ad-Hoc|ARM.Deploy.0 = Debug|Any CPU
		{E37D390F-23D8-449D-89A9-D806066644BC}.Ad-Hoc|iPhone.ActiveCfg = Debug|Any CPU
		{E37D390F-23D8-449D-89A9-D806066644BC}.Ad-Hoc|iPhone.Build.0 = Debug|Any CPU
		{E37D390F-23D8-449D-89A9-D806066644BC}.Ad-Hoc|iPhone.Deploy.0 = Debug|Any CPU
		{E37D390F-23D8-449D-89A9-D806066644BC}.Ad-Hoc|iPhoneSimulator.ActiveCfg = Debug|Any CPU
		{E37D390F-23D8-449D-89A9-D806066644BC}.Ad-Hoc|iPhoneSimulator.Build.0 = Debug|Any CPU
		{E37D390F-23D8-449D-89A9-D806066644BC}.Ad-Hoc|iPhoneSimulator.Deploy.0 = Debug|Any CPU
		{E37D390F-23D8-449D-89A9-D806066644BC}.Ad-Hoc|x64.ActiveCfg = Debug|Any CPU
		{E37D390F-23D8-449D-89A9-D806066644BC}.Ad-Hoc|x64.Build.0 = Debug|Any CPU
		{E37D390F-23D8-449D-89A9-D806066644BC}.Ad-Hoc|x64.Deploy.0 = Debug|Any CPU
		{E37D390F-23D8-449D-89A9-D806066644BC}.Ad-Hoc|x86.ActiveCfg = Debug|Any CPU
		{E37D390F-23D8-449D-89A9-D806066644BC}.Ad-Hoc|x86.Build.0 = Debug|Any CPU
		{E37D390F-23D8-449D-89A9-D806066644BC}.Ad-Hoc|x86.Deploy.0 = Debug|Any CPU
		{E37D390F-23D8-449D-89A9-D806066644BC}.AppStore|Any CPU.ActiveCfg = Debug|Any CPU
		{E37D390F-23D8-449D-89A9-D806066644BC}.AppStore|Any CPU.Build.0 = Debug|Any CPU
		{E37D390F-23D8-449D-89A9-D806066644BC}.AppStore|Any CPU.Deploy.0 = Debug|Any CPU
		{E37D390F-23D8-449D-89A9-D806066644BC}.AppStore|ARM.ActiveCfg = Debug|Any CPU
		{E37D390F-23D8-449D-89A9-D806066644BC}.AppStore|ARM.Build.0 = Debug|Any CPU
		{E37D390F-23D8-449D-89A9-D806066644BC}.AppStore|ARM.Deploy.0 = Debug|Any CPU
		{E37D390F-23D8-449D-89A9-D806066644BC}.AppStore|iPhone.ActiveCfg = Debug|Any CPU
		{E37D390F-23D8-449D-89A9-D806066644BC}.AppStore|iPhone.Build.0 = Debug|Any CPU
		{E37D390F-23D8-449D-89A9-D806066644BC}.AppStore|iPhone.Deploy.0 = Debug|Any CPU
		{E37D390F-23D8-449D-89A9-D806066644BC}.AppStore|iPhoneSimulator.ActiveCfg = Debug|Any CPU
		{E37D390F-23D8-449D-89A9-D806066644BC}.AppStore|iPhoneSimulator.Build.0 = Debug|Any CPU
		{E37D390F-23D8-449D-89A9-D806066644BC}.AppStore|iPhoneSimulator.Deploy.0 = Debug|Any CPU
		{E37D390F-23D8-449D-89A9-D806066644BC}.AppStore|x64.ActiveCfg = Debug|Any CPU
		{E37D390F-23D8-449D-89A9-D806066644BC}.AppStore|x64.Build.0 = Debug|Any CPU
		{E37D390F-23D8-449D-89A9-D806066644BC}.AppStore|x64.Deploy.0 = Debug|Any CPU
		{E37D390F-23D8-449D-89A9-D806066644BC}.AppStore|x86.ActiveCfg = Debug|Any CPU
		{E37D390F-23D8-449D-89A9-D806066644BC}.AppStore|x86.Build.0 = Debug|Any CPU
		{E37D390F-23D8-449D-89A9-D806066644BC}.AppStore|x86.Deploy.0 = Debug|Any CPU
		{E37D390F-23D8-449D-89A9-D806066644BC}.Debug|Any CPU.ActiveCfg = Debug|Any CPU
		{E37D390F-23D8-449D-89A9-D806066644BC}.Debug|Any CPU.Build.0 = Debug|Any CPU
		{E37D390F-23D8-449D-89A9-D806066644BC}.Debug|Any CPU.Deploy.0 = Debug|Any CPU
		{E37D390F-23D8-449D-89A9-D806066644BC}.Debug|ARM.ActiveCfg = Debug|Any CPU
		{E37D390F-23D8-449D-89A9-D806066644BC}.Debug|ARM.Build.0 = Debug|Any CPU
		{E37D390F-23D8-449D-89A9-D806066644BC}.Debug|ARM.Deploy.0 = Debug|Any CPU
		{E37D390F-23D8-449D-89A9-D806066644BC}.Debug|iPhone.ActiveCfg = Debug|Any CPU
		{E37D390F-23D8-449D-89A9-D806066644BC}.Debug|iPhone.Build.0 = Debug|Any CPU
		{E37D390F-23D8-449D-89A9-D806066644BC}.Debug|iPhone.Deploy.0 = Debug|Any CPU
		{E37D390F-23D8-449D-89A9-D806066644BC}.Debug|iPhoneSimulator.ActiveCfg = Debug|Any CPU
		{E37D390F-23D8-449D-89A9-D806066644BC}.Debug|iPhoneSimulator.Build.0 = Debug|Any CPU
		{E37D390F-23D8-449D-89A9-D806066644BC}.Debug|iPhoneSimulator.Deploy.0 = Debug|Any CPU
		{E37D390F-23D8-449D-89A9-D806066644BC}.Debug|x64.ActiveCfg = Debug|Any CPU
		{E37D390F-23D8-449D-89A9-D806066644BC}.Debug|x64.Build.0 = Debug|Any CPU
		{E37D390F-23D8-449D-89A9-D806066644BC}.Debug|x64.Deploy.0 = Debug|Any CPU
		{E37D390F-23D8-449D-89A9-D806066644BC}.Debug|x86.ActiveCfg = Debug|Any CPU
		{E37D390F-23D8-449D-89A9-D806066644BC}.Debug|x86.Build.0 = Debug|Any CPU
		{E37D390F-23D8-449D-89A9-D806066644BC}.Debug|x86.Deploy.0 = Debug|Any CPU
		{E37D390F-23D8-449D-89A9-D806066644BC}.Release|Any CPU.ActiveCfg = Release|Any CPU
		{E37D390F-23D8-449D-89A9-D806066644BC}.Release|Any CPU.Build.0 = Release|Any CPU
		{E37D390F-23D8-449D-89A9-D806066644BC}.Release|Any CPU.Deploy.0 = Release|Any CPU
		{E37D390F-23D8-449D-89A9-D806066644BC}.Release|ARM.ActiveCfg = Release|Any CPU
		{E37D390F-23D8-449D-89A9-D806066644BC}.Release|ARM.Build.0 = Release|Any CPU
		{E37D390F-23D8-449D-89A9-D806066644BC}.Release|ARM.Deploy.0 = Release|Any CPU
		{E37D390F-23D8-449D-89A9-D806066644BC}.Release|iPhone.ActiveCfg = Release|Any CPU
		{E37D390F-23D8-449D-89A9-D806066644BC}.Release|iPhone.Build.0 = Release|Any CPU
		{E37D390F-23D8-449D-89A9-D806066644BC}.Release|iPhone.Deploy.0 = Release|Any CPU
		{E37D390F-23D8-449D-89A9-D806066644BC}.Release|iPhoneSimulator.ActiveCfg = Release|Any CPU
		{E37D390F-23D8-449D-89A9-D806066644BC}.Release|iPhoneSimulator.Build.0 = Release|Any CPU
		{E37D390F-23D8-449D-89A9-D806066644BC}.Release|iPhoneSimulator.Deploy.0 = Release|Any CPU
		{E37D390F-23D8-449D-89A9-D806066644BC}.Release|x64.ActiveCfg = Release|Any CPU
		{E37D390F-23D8-449D-89A9-D806066644BC}.Release|x64.Build.0 = Release|Any CPU
		{E37D390F-23D8-449D-89A9-D806066644BC}.Release|x64.Deploy.0 = Release|Any CPU
		{E37D390F-23D8-449D-89A9-D806066644BC}.Release|x86.ActiveCfg = Release|Any CPU
		{E37D390F-23D8-449D-89A9-D806066644BC}.Release|x86.Build.0 = Release|Any CPU
		{E37D390F-23D8-449D-89A9-D806066644BC}.Release|x86.Deploy.0 = Release|Any CPU
	EndGlobalSection
	GlobalSection(SolutionProperties) = preSolution
		HideSolutionNode = FALSE
	EndGlobalSection
	GlobalSection(ExtensibilityGlobals) = postSolution
		SolutionGuid = {9EF2FBE1-FC2B-4097-9303-359987FCA4FB}
	EndGlobalSection
EndGlobal
