
Microsoft Visual Studio Solution File, Format Version 12.00
# Visual Studio 15
VisualStudioVersion = 15.0.28010.2048
MinimumVisualStudioVersion = 10.0.40219.1
Project("{FAE04EC0-301F-11D3-BF4B-00C04F79EFBC}") = "XamarinStackLayout1.Android", "XamarinStackLayout1\XamarinStackLayout1.Android\XamarinStackLayout1.Android.csproj", "{0F617F06-F301-4969-8002-1EEB9C82E975}"
EndProject
Project("{FAE04EC0-301F-11D3-BF4B-00C04F79EFBC}") = "XamarinStackLayout1.iOS", "XamarinStackLayout1\XamarinStackLayout1.iOS\XamarinStackLayout1.iOS.csproj", "{59A7FFCF-87CD-4E34-A8EA-666E594C3B61}"
EndProject
Project("{FAE04EC0-301F-11D3-BF4B-00C04F79EFBC}") = "XamarinStackLayout1.UWP", "XamarinStackLayout1\XamarinStackLayout1.UWP\XamarinStackLayout1.UWP.csproj", "{566296DE-38E8-44B2-9461-FC40186A7FAE}"
EndProject
Project("{FAE04EC0-301F-11D3-BF4B-00C04F79EFBC}") = "XamarinStackLayout1", "XamarinStackLayout1\XamarinStackLayout1\XamarinStackLayout1.csproj", "{D3E9E28C-EC7D-46D8-9C7D-42E880133306}"
EndProject
Global
	GlobalSection(SolutionConfigurationPlatforms) = preSolution
		Ad-Hoc|Any CPU = Ad-Hoc|Any CPU
		Ad-Hoc|ARM = Ad-Hoc|ARM
		Ad-Hoc|iPhone = Ad-Hoc|iPhone
		Ad-Hoc|iPhoneSimulator = Ad-Hoc|iPhoneSimulator
		Ad-Hoc|x64 = Ad-Hoc|x64
		Ad-Hoc|x86 = Ad-Hoc|x86
		AppStore|Any CPU = AppStore|Any CPU
		AppStore|ARM = AppStore|ARM
		AppStore|iPhone = AppStore|iPhone
		AppStore|iPhoneSimulator = AppStore|iPhoneSimulator
		AppStore|x64 = AppStore|x64
		AppStore|x86 = AppStore|x86
		Debug|Any CPU = Debug|Any CPU
		Debug|ARM = Debug|ARM
		Debug|iPhone = Debug|iPhone
		Debug|iPhoneSimulator = Debug|iPhoneSimulator
		Debug|x64 = Debug|x64
		Debug|x86 = Debug|x86
		Release|Any CPU = Release|Any CPU
		Release|ARM = Release|ARM
		Release|iPhone = Release|iPhone
		Release|iPhoneSimulator = Release|iPhoneSimulator
		Release|x64 = Release|x64
		Release|x86 = Release|x86
	EndGlobalSection
	GlobalSection(ProjectConfigurationPlatforms) = postSolution
		{0F617F06-F301-4969-8002-1EEB9C82E975}.Ad-Hoc|Any CPU.ActiveCfg = Release|Any CPU
		{0F617F06-F301-4969-8002-1EEB9C82E975}.Ad-Hoc|Any CPU.Build.0 = Release|Any CPU
		{0F617F06-F301-4969-8002-1EEB9C82E975}.Ad-Hoc|Any CPU.Deploy.0 = Release|Any CPU
		{0F617F06-F301-4969-8002-1EEB9C82E975}.Ad-Hoc|ARM.ActiveCfg = Release|Any CPU
		{0F617F06-F301-4969-8002-1EEB9C82E975}.Ad-Hoc|ARM.Build.0 = Release|Any CPU
		{0F617F06-F301-4969-8002-1EEB9C82E975}.Ad-Hoc|ARM.Deploy.0 = Release|Any CPU
		{0F617F06-F301-4969-8002-1EEB9C82E975}.Ad-Hoc|iPhone.ActiveCfg = Release|Any CPU
		{0F617F06-F301-4969-8002-1EEB9C82E975}.Ad-Hoc|iPhone.Build.0 = Release|Any CPU
		{0F617F06-F301-4969-8002-1EEB9C82E975}.Ad-Hoc|iPhone.Deploy.0 = Release|Any CPU
		{0F617F06-F301-4969-8002-1EEB9C82E975}.Ad-Hoc|iPhoneSimulator.ActiveCfg = Release|Any CPU
		{0F617F06-F301-4969-8002-1EEB9C82E975}.Ad-Hoc|iPhoneSimulator.Build.0 = Release|Any CPU
		{0F617F06-F301-4969-8002-1EEB9C82E975}.Ad-Hoc|iPhoneSimulator.Deploy.0 = Release|Any CPU
		{0F617F06-F301-4969-8002-1EEB9C82E975}.Ad-Hoc|x64.ActiveCfg = Release|Any CPU
		{0F617F06-F301-4969-8002-1EEB9C82E975}.Ad-Hoc|x64.Build.0 = Release|Any CPU
		{0F617F06-F301-4969-8002-1EEB9C82E975}.Ad-Hoc|x64.Deploy.0 = Release|Any CPU
		{0F617F06-F301-4969-8002-1EEB9C82E975}.Ad-Hoc|x86.ActiveCfg = Release|Any CPU
		{0F617F06-F301-4969-8002-1EEB9C82E975}.Ad-Hoc|x86.Build.0 = Release|Any CPU
		{0F617F06-F301-4969-8002-1EEB9C82E975}.Ad-Hoc|x86.Deploy.0 = Release|Any CPU
		{0F617F06-F301-4969-8002-1EEB9C82E975}.AppStore|Any CPU.ActiveCfg = Release|Any CPU
		{0F617F06-F301-4969-8002-1EEB9C82E975}.AppStore|Any CPU.Build.0 = Release|Any CPU
		{0F617F06-F301-4969-8002-1EEB9C82E975}.AppStore|Any CPU.Deploy.0 = Release|Any CPU
		{0F617F06-F301-4969-8002-1EEB9C82E975}.AppStore|ARM.ActiveCfg = Release|Any CPU
		{0F617F06-F301-4969-8002-1EEB9C82E975}.AppStore|ARM.Build.0 = Release|Any CPU
		{0F617F06-F301-4969-8002-1EEB9C82E975}.AppStore|ARM.Deploy.0 = Release|Any CPU
		{0F617F06-F301-4969-8002-1EEB9C82E975}.AppStore|iPhone.ActiveCfg = Release|Any CPU
		{0F617F06-F301-4969-8002-1EEB9C82E975}.AppStore|iPhone.Build.0 = Release|Any CPU
		{0F617F06-F301-4969-8002-1EEB9C82E975}.AppStore|iPhone.Deploy.0 = Release|Any CPU
		{0F617F06-F301-4969-8002-1EEB9C82E975}.AppStore|iPhoneSimulator.ActiveCfg = Release|Any CPU
		{0F617F06-F301-4969-8002-1EEB9C82E975}.AppStore|iPhoneSimulator.Build.0 = Release|Any CPU
		{0F617F06-F301-4969-8002-1EEB9C82E975}.AppStore|iPhoneSimulator.Deploy.0 = Release|Any CPU
		{0F617F06-F301-4969-8002-1EEB9C82E975}.AppStore|x64.ActiveCfg = Release|Any CPU
		{0F617F06-F301-4969-8002-1EEB9C82E975}.AppStore|x64.Build.0 = Release|Any CPU
		{0F617F06-F301-4969-8002-1EEB9C82E975}.AppStore|x64.Deploy.0 = Release|Any CPU
		{0F617F06-F301-4969-8002-1EEB9C82E975}.AppStore|x86.ActiveCfg = Release|Any CPU
		{0F617F06-F301-4969-8002-1EEB9C82E975}.AppStore|x86.Build.0 = Release|Any CPU
		{0F617F06-F301-4969-8002-1EEB9C82E975}.AppStore|x86.Deploy.0 = Release|Any CPU
		{0F617F06-F301-4969-8002-1EEB9C82E975}.Debug|Any CPU.ActiveCfg = Debug|Any CPU
		{0F617F06-F301-4969-8002-1EEB9C82E975}.Debug|Any CPU.Build.0 = Debug|Any CPU
		{0F617F06-F301-4969-8002-1EEB9C82E975}.Debug|Any CPU.Deploy.0 = Debug|Any CPU
		{0F617F06-F301-4969-8002-1EEB9C82E975}.Debug|ARM.ActiveCfg = Debug|Any CPU
		{0F617F06-F301-4969-8002-1EEB9C82E975}.Debug|ARM.Build.0 = Debug|Any CPU
		{0F617F06-F301-4969-8002-1EEB9C82E975}.Debug|ARM.Deploy.0 = Debug|Any CPU
		{0F617F06-F301-4969-8002-1EEB9C82E975}.Debug|iPhone.ActiveCfg = Debug|Any CPU
		{0F617F06-F301-4969-8002-1EEB9C82E975}.Debug|iPhone.Build.0 = Debug|Any CPU
		{0F617F06-F301-4969-8002-1EEB9C82E975}.Debug|iPhone.Deploy.0 = Debug|Any CPU
		{0F617F06-F301-4969-8002-1EEB9C82E975}.Debug|iPhoneSimulator.ActiveCfg = Debug|Any CPU
		{0F617F06-F301-4969-8002-1EEB9C82E975}.Debug|iPhoneSimulator.Build.0 = Debug|Any CPU
		{0F617F06-F301-4969-8002-1EEB9C82E975}.Debug|iPhoneSimulator.Deploy.0 = Debug|Any CPU
		{0F617F06-F301-4969-8002-1EEB9C82E975}.Debug|x64.ActiveCfg = Debug|Any CPU
		{0F617F06-F301-4969-8002-1EEB9C82E975}.Debug|x64.Build.0 = Debug|Any CPU
		{0F617F06-F301-4969-8002-1EEB9C82E975}.Debug|x64.Deploy.0 = Debug|Any CPU
		{0F617F06-F301-4969-8002-1EEB9C82E975}.Debug|x86.ActiveCfg = Debug|Any CPU
		{0F617F06-F301-4969-8002-1EEB9C82E975}.Debug|x86.Build.0 = Debug|Any CPU
		{0F617F06-F301-4969-8002-1EEB9C82E975}.Debug|x86.Deploy.0 = Debug|Any CPU
		{0F617F06-F301-4969-8002-1EEB9C82E975}.Release|Any CPU.ActiveCfg = Release|Any CPU
		{0F617F06-F301-4969-8002-1EEB9C82E975}.Release|Any CPU.Build.0 = Release|Any CPU
		{0F617F06-F301-4969-8002-1EEB9C82E975}.Release|Any CPU.Deploy.0 = Release|Any CPU
		{0F617F06-F301-4969-8002-1EEB9C82E975}.Release|ARM.ActiveCfg = Release|Any CPU
		{0F617F06-F301-4969-8002-1EEB9C82E975}.Release|ARM.Build.0 = Release|Any CPU
		{0F617F06-F301-4969-8002-1EEB9C82E975}.Release|ARM.Deploy.0 = Release|Any CPU
		{0F617F06-F301-4969-8002-1EEB9C82E975}.Release|iPhone.ActiveCfg = Release|Any CPU
		{0F617F06-F301-4969-8002-1EEB9C82E975}.Release|iPhone.Build.0 = Release|Any CPU
		{0F617F06-F301-4969-8002-1EEB9C82E975}.Release|iPhone.Deploy.0 = Release|Any CPU
		{0F617F06-F301-4969-8002-1EEB9C82E975}.Release|iPhoneSimulator.ActiveCfg = Release|Any CPU
		{0F617F06-F301-4969-8002-1EEB9C82E975}.Release|iPhoneSimulator.Build.0 = Release|Any CPU
		{0F617F06-F301-4969-8002-1EEB9C82E975}.Release|iPhoneSimulator.Deploy.0 = Release|Any CPU
		{0F617F06-F301-4969-8002-1EEB9C82E975}.Release|x64.ActiveCfg = Release|Any CPU
		{0F617F06-F301-4969-8002-1EEB9C82E975}.Release|x64.Build.0 = Release|Any CPU
		{0F617F06-F301-4969-8002-1EEB9C82E975}.Release|x64.Deploy.0 = Release|Any CPU
		{0F617F06-F301-4969-8002-1EEB9C82E975}.Release|x86.ActiveCfg = Release|Any CPU
		{0F617F06-F301-4969-8002-1EEB9C82E975}.Release|x86.Build.0 = Release|Any CPU
		{0F617F06-F301-4969-8002-1EEB9C82E975}.Release|x86.Deploy.0 = Release|Any CPU
		{59A7FFCF-87CD-4E34-A8EA-666E594C3B61}.Ad-Hoc|Any CPU.ActiveCfg = Ad-Hoc|iPhone
		{59A7FFCF-87CD-4E34-A8EA-666E594C3B61}.Ad-Hoc|Any CPU.Build.0 = Ad-Hoc|iPhone
		{59A7FFCF-87CD-4E34-A8EA-666E594C3B61}.Ad-Hoc|Any CPU.Deploy.0 = Ad-Hoc|iPhone
		{59A7FFCF-87CD-4E34-A8EA-666E594C3B61}.Ad-Hoc|ARM.ActiveCfg = Ad-Hoc|iPhone
		{59A7FFCF-87CD-4E34-A8EA-666E594C3B61}.Ad-Hoc|ARM.Build.0 = Ad-Hoc|iPhone
		{59A7FFCF-87CD-4E34-A8EA-666E594C3B61}.Ad-Hoc|ARM.Deploy.0 = Ad-Hoc|iPhone
		{59A7FFCF-87CD-4E34-A8EA-666E594C3B61}.Ad-Hoc|iPhone.ActiveCfg = Ad-Hoc|iPhone
		{59A7FFCF-87CD-4E34-A8EA-666E594C3B61}.Ad-Hoc|iPhone.Build.0 = Ad-Hoc|iPhone
		{59A7FFCF-87CD-4E34-A8EA-666E594C3B61}.Ad-Hoc|iPhone.Deploy.0 = Ad-Hoc|iPhone
		{59A7FFCF-87CD-4E34-A8EA-666E594C3B61}.Ad-Hoc|iPhoneSimulator.ActiveCfg = Ad-Hoc|iPhoneSimulator
		{59A7FFCF-87CD-4E34-A8EA-666E594C3B61}.Ad-Hoc|iPhoneSimulator.Build.0 = Ad-Hoc|iPhoneSimulator
		{59A7FFCF-87CD-4E34-A8EA-666E594C3B61}.Ad-Hoc|iPhoneSimulator.Deploy.0 = Ad-Hoc|iPhoneSimulator
		{59A7FFCF-87CD-4E34-A8EA-666E594C3B61}.Ad-Hoc|x64.ActiveCfg = Ad-Hoc|iPhone
		{59A7FFCF-87CD-4E34-A8EA-666E594C3B61}.Ad-Hoc|x64.Build.0 = Ad-Hoc|iPhone
		{59A7FFCF-87CD-4E34-A8EA-666E594C3B61}.Ad-Hoc|x64.Deploy.0 = Ad-Hoc|iPhone
		{59A7FFCF-87CD-4E34-A8EA-666E594C3B61}.Ad-Hoc|x86.ActiveCfg = Ad-Hoc|iPhone
		{59A7FFCF-87CD-4E34-A8EA-666E594C3B61}.Ad-Hoc|x86.Build.0 = Ad-Hoc|iPhone
		{59A7FFCF-87CD-4E34-A8EA-666E594C3B61}.Ad-Hoc|x86.Deploy.0 = Ad-Hoc|iPhone
		{59A7FFCF-87CD-4E34-A8EA-666E594C3B61}.AppStore|Any CPU.ActiveCfg = AppStore|iPhone
		{59A7FFCF-87CD-4E34-A8EA-666E594C3B61}.AppStore|Any CPU.Build.0 = AppStore|iPhone
		{59A7FFCF-87CD-4E34-A8EA-666E594C3B61}.AppStore|Any CPU.Deploy.0 = AppStore|iPhone
		{59A7FFCF-87CD-4E34-A8EA-666E594C3B61}.AppStore|ARM.ActiveCfg = AppStore|iPhone
		{59A7FFCF-87CD-4E34-A8EA-666E594C3B61}.AppStore|ARM.Build.0 = AppStore|iPhone
		{59A7FFCF-87CD-4E34-A8EA-666E594C3B61}.AppStore|ARM.Deploy.0 = AppStore|iPhone
		{59A7FFCF-87CD-4E34-A8EA-666E594C3B61}.AppStore|iPhone.ActiveCfg = AppStore|iPhone
		{59A7FFCF-87CD-4E34-A8EA-666E594C3B61}.AppStore|iPhone.Build.0 = AppStore|iPhone
		{59A7FFCF-87CD-4E34-A8EA-666E594C3B61}.AppStore|iPhone.Deploy.0 = AppStore|iPhone
		{59A7FFCF-87CD-4E34-A8EA-666E594C3B61}.AppStore|iPhoneSimulator.ActiveCfg = AppStore|iPhoneSimulator
		{59A7FFCF-87CD-4E34-A8EA-666E594C3B61}.AppStore|iPhoneSimulator.Build.0 = AppStore|iPhoneSimulator
		{59A7FFCF-87CD-4E34-A8EA-666E594C3B61}.AppStore|iPhoneSimulator.Deploy.0 = AppStore|iPhoneSimulator
		{59A7FFCF-87CD-4E34-A8EA-666E594C3B61}.AppStore|x64.ActiveCfg = AppStore|iPhone
		{59A7FFCF-87CD-4E34-A8EA-666E594C3B61}.AppStore|x64.Build.0 = AppStore|iPhone
		{59A7FFCF-87CD-4E34-A8EA-666E594C3B61}.AppStore|x64.Deploy.0 = AppStore|iPhone
		{59A7FFCF-87CD-4E34-A8EA-666E594C3B61}.AppStore|x86.ActiveCfg = AppStore|iPhone
		{59A7FFCF-87CD-4E34-A8EA-666E594C3B61}.AppStore|x86.Build.0 = AppStore|iPhone
		{59A7FFCF-87CD-4E34-A8EA-666E594C3B61}.AppStore|x86.Deploy.0 = AppStore|iPhone
		{59A7FFCF-87CD-4E34-A8EA-666E594C3B61}.Debug|Any CPU.ActiveCfg = Debug|iPhoneSimulator
		{59A7FFCF-87CD-4E34-A8EA-666E594C3B61}.Debug|Any CPU.Build.0 = Debug|iPhoneSimulator
		{59A7FFCF-87CD-4E34-A8EA-666E594C3B61}.Debug|Any CPU.Deploy.0 = Debug|iPhoneSimulator
		{59A7FFCF-87CD-4E34-A8EA-666E594C3B61}.Debug|ARM.ActiveCfg = Debug|iPhone
		{59A7FFCF-87CD-4E34-A8EA-666E594C3B61}.Debug|ARM.Build.0 = Debug|iPhone
		{59A7FFCF-87CD-4E34-A8EA-666E594C3B61}.Debug|ARM.Deploy.0 = Debug|iPhone
		{59A7FFCF-87CD-4E34-A8EA-666E594C3B61}.Debug|iPhone.ActiveCfg = Debug|iPhone
		{59A7FFCF-87CD-4E34-A8EA-666E594C3B61}.Debug|iPhone.Build.0 = Debug|iPhone
		{59A7FFCF-87CD-4E34-A8EA-666E594C3B61}.Debug|iPhone.Deploy.0 = Debug|iPhone
		{59A7FFCF-87CD-4E34-A8EA-666E594C3B61}.Debug|iPhoneSimulator.ActiveCfg = Debug|iPhoneSimulator
		{59A7FFCF-87CD-4E34-A8EA-666E594C3B61}.Debug|iPhoneSimulator.Build.0 = Debug|iPhoneSimulator
		{59A7FFCF-87CD-4E34-A8EA-666E594C3B61}.Debug|iPhoneSimulator.Deploy.0 = Debug|iPhoneSimulator
		{59A7FFCF-87CD-4E34-A8EA-666E594C3B61}.Debug|x64.ActiveCfg = Debug|iPhone
		{59A7FFCF-87CD-4E34-A8EA-666E594C3B61}.Debug|x64.Build.0 = Debug|iPhone
		{59A7FFCF-87CD-4E34-A8EA-666E594C3B61}.Debug|x64.Deploy.0 = Debug|iPhone
		{59A7FFCF-87CD-4E34-A8EA-666E594C3B61}.Debug|x86.ActiveCfg = Debug|iPhone
		{59A7FFCF-87CD-4E34-A8EA-666E594C3B61}.Debug|x86.Build.0 = Debug|iPhone
		{59A7FFCF-87CD-4E34-A8EA-666E594C3B61}.Debug|x86.Deploy.0 = Debug|iPhone
		{59A7FFCF-87CD-4E34-A8EA-666E594C3B61}.Release|Any CPU.ActiveCfg = Release|iPhone
		{59A7FFCF-87CD-4E34-A8EA-666E594C3B61}.Release|Any CPU.Build.0 = Release|iPhone
		{59A7FFCF-87CD-4E34-A8EA-666E594C3B61}.Release|Any CPU.Deploy.0 = Release|iPhone
		{59A7FFCF-87CD-4E34-A8EA-666E594C3B61}.Release|ARM.ActiveCfg = Release|iPhone
		{59A7FFCF-87CD-4E34-A8EA-666E594C3B61}.Release|ARM.Build.0 = Release|iPhone
		{59A7FFCF-87CD-4E34-A8EA-666E594C3B61}.Release|ARM.Deploy.0 = Release|iPhone
		{59A7FFCF-87CD-4E34-A8EA-666E594C3B61}.Release|iPhone.ActiveCfg = Release|iPhone
		{59A7FFCF-87CD-4E34-A8EA-666E594C3B61}.Release|iPhone.Build.0 = Release|iPhone
		{59A7FFCF-87CD-4E34-A8EA-666E594C3B61}.Release|iPhone.Deploy.0 = Release|iPhone
		{59A7FFCF-87CD-4E34-A8EA-666E594C3B61}.Release|iPhoneSimulator.ActiveCfg = Release|iPhoneSimulator
		{59A7FFCF-87CD-4E34-A8EA-666E594C3B61}.Release|iPhoneSimulator.Build.0 = Release|iPhoneSimulator
		{59A7FFCF-87CD-4E34-A8EA-666E594C3B61}.Release|iPhoneSimulator.Deploy.0 = Release|iPhoneSimulator
		{59A7FFCF-87CD-4E34-A8EA-666E594C3B61}.Release|x64.ActiveCfg = Release|iPhone
		{59A7FFCF-87CD-4E34-A8EA-666E594C3B61}.Release|x64.Build.0 = Release|iPhone
		{59A7FFCF-87CD-4E34-A8EA-666E594C3B61}.Release|x64.Deploy.0 = Release|iPhone
		{59A7FFCF-87CD-4E34-A8EA-666E594C3B61}.Release|x86.ActiveCfg = Release|iPhone
		{59A7FFCF-87CD-4E34-A8EA-666E594C3B61}.Release|x86.Build.0 = Release|iPhone
		{59A7FFCF-87CD-4E34-A8EA-666E594C3B61}.Release|x86.Deploy.0 = Release|iPhone
		{566296DE-38E8-44B2-9461-FC40186A7FAE}.Ad-Hoc|Any CPU.ActiveCfg = Release|x86
		{566296DE-38E8-44B2-9461-FC40186A7FAE}.Ad-Hoc|Any CPU.Build.0 = Release|x86
		{566296DE-38E8-44B2-9461-FC40186A7FAE}.Ad-Hoc|Any CPU.Deploy.0 = Release|x86
		{566296DE-38E8-44B2-9461-FC40186A7FAE}.Ad-Hoc|ARM.ActiveCfg = Release|ARM
		{566296DE-38E8-44B2-9461-FC40186A7FAE}.Ad-Hoc|ARM.Build.0 = Release|ARM
		{566296DE-38E8-44B2-9461-FC40186A7FAE}.Ad-Hoc|ARM.Deploy.0 = Release|ARM
		{566296DE-38E8-44B2-9461-FC40186A7FAE}.Ad-Hoc|iPhone.ActiveCfg = Release|x86
		{566296DE-38E8-44B2-9461-FC40186A7FAE}.Ad-Hoc|iPhone.Build.0 = Release|x86
		{566296DE-38E8-44B2-9461-FC40186A7FAE}.Ad-Hoc|iPhone.Deploy.0 = Release|x86
		{566296DE-38E8-44B2-9461-FC40186A7FAE}.Ad-Hoc|iPhoneSimulator.ActiveCfg = Release|x86
		{566296DE-38E8-44B2-9461-FC40186A7FAE}.Ad-Hoc|iPhoneSimulator.Build.0 = Release|x86
		{566296DE-38E8-44B2-9461-FC40186A7FAE}.Ad-Hoc|iPhoneSimulator.Deploy.0 = Release|x86
		{566296DE-38E8-44B2-9461-FC40186A7FAE}.Ad-Hoc|x64.ActiveCfg = Release|x64
		{566296DE-38E8-44B2-9461-FC40186A7FAE}.Ad-Hoc|x64.Build.0 = Release|x64
		{566296DE-38E8-44B2-9461-FC40186A7FAE}.Ad-Hoc|x64.Deploy.0 = Release|x64
		{566296DE-38E8-44B2-9461-FC40186A7FAE}.Ad-Hoc|x86.ActiveCfg = Release|x86
		{566296DE-38E8-44B2-9461-FC40186A7FAE}.Ad-Hoc|x86.Build.0 = Release|x86
		{566296DE-38E8-44B2-9461-FC40186A7FAE}.Ad-Hoc|x86.Deploy.0 = Release|x86
		{566296DE-38E8-44B2-9461-FC40186A7FAE}.AppStore|Any CPU.ActiveCfg = Release|x86
		{566296DE-38E8-44B2-9461-FC40186A7FAE}.AppStore|Any CPU.Build.0 = Release|x86
		{566296DE-38E8-44B2-9461-FC40186A7FAE}.AppStore|Any CPU.Deploy.0 = Release|x86
		{566296DE-38E8-44B2-9461-FC40186A7FAE}.AppStore|ARM.ActiveCfg = Release|ARM
		{566296DE-38E8-44B2-9461-FC40186A7FAE}.AppStore|ARM.Build.0 = Release|ARM
		{566296DE-38E8-44B2-9461-FC40186A7FAE}.AppStore|ARM.Deploy.0 = Release|ARM
		{566296DE-38E8-44B2-9461-FC40186A7FAE}.AppStore|iPhone.ActiveCfg = Release|x86
		{566296DE-38E8-44B2-9461-FC40186A7FAE}.AppStore|iPhone.Build.0 = Release|x86
		{566296DE-38E8-44B2-9461-FC40186A7FAE}.AppStore|iPhone.Deploy.0 = Release|x86
		{566296DE-38E8-44B2-9461-FC40186A7FAE}.AppStore|iPhoneSimulator.ActiveCfg = Release|x86
		{566296DE-38E8-44B2-9461-FC40186A7FAE}.AppStore|iPhoneSimulator.Build.0 = Release|x86
		{566296DE-38E8-44B2-9461-FC40186A7FAE}.AppStore|iPhoneSimulator.Deploy.0 = Release|x86
		{566296DE-38E8-44B2-9461-FC40186A7FAE}.AppStore|x64.ActiveCfg = Release|x64
		{566296DE-38E8-44B2-9461-FC40186A7FAE}.AppStore|x64.Build.0 = Release|x64
		{566296DE-38E8-44B2-9461-FC40186A7FAE}.AppStore|x64.Deploy.0 = Release|x64
		{566296DE-38E8-44B2-9461-FC40186A7FAE}.AppStore|x86.ActiveCfg = Release|x86
		{566296DE-38E8-44B2-9461-FC40186A7FAE}.AppStore|x86.Build.0 = Release|x86
		{566296DE-38E8-44B2-9461-FC40186A7FAE}.AppStore|x86.Deploy.0 = Release|x86
		{566296DE-38E8-44B2-9461-FC40186A7FAE}.Debug|Any CPU.ActiveCfg = Debug|x86
		{566296DE-38E8-44B2-9461-FC40186A7FAE}.Debug|Any CPU.Build.0 = Debug|x86
		{566296DE-38E8-44B2-9461-FC40186A7FAE}.Debug|Any CPU.Deploy.0 = Debug|x86
		{566296DE-38E8-44B2-9461-FC40186A7FAE}.Debug|ARM.ActiveCfg = Debug|ARM
		{566296DE-38E8-44B2-9461-FC40186A7FAE}.Debug|ARM.Build.0 = Debug|ARM
		{566296DE-38E8-44B2-9461-FC40186A7FAE}.Debug|ARM.Deploy.0 = Debug|ARM
		{566296DE-38E8-44B2-9461-FC40186A7FAE}.Debug|iPhone.ActiveCfg = Debug|x86
		{566296DE-38E8-44B2-9461-FC40186A7FAE}.Debug|iPhone.Build.0 = Debug|x86
		{566296DE-38E8-44B2-9461-FC40186A7FAE}.Debug|iPhone.Deploy.0 = Debug|x86
		{566296DE-38E8-44B2-9461-FC40186A7FAE}.Debug|iPhoneSimulator.ActiveCfg = Debug|x86
		{566296DE-38E8-44B2-9461-FC40186A7FAE}.Debug|iPhoneSimulator.Build.0 = Debug|x86
		{566296DE-38E8-44B2-9461-FC40186A7FAE}.Debug|iPhoneSimulator.Deploy.0 = Debug|x86
		{566296DE-38E8-44B2-9461-FC40186A7FAE}.Debug|x64.ActiveCfg = Debug|x64
		{566296DE-38E8-44B2-9461-FC40186A7FAE}.Debug|x64.Build.0 = Debug|x64
		{566296DE-38E8-44B2-9461-FC40186A7FAE}.Debug|x64.Deploy.0 = Debug|x64
		{566296DE-38E8-44B2-9461-FC40186A7FAE}.Debug|x86.ActiveCfg = Debug|x86
		{566296DE-38E8-44B2-9461-FC40186A7FAE}.Debug|x86.Build.0 = Debug|x86
		{566296DE-38E8-44B2-9461-FC40186A7FAE}.Debug|x86.Deploy.0 = Debug|x86
		{566296DE-38E8-44B2-9461-FC40186A7FAE}.Release|Any CPU.ActiveCfg = Release|x86
		{566296DE-38E8-44B2-9461-FC40186A7FAE}.Release|Any CPU.Build.0 = Release|x86
		{566296DE-38E8-44B2-9461-FC40186A7FAE}.Release|Any CPU.Deploy.0 = Release|x86
		{566296DE-38E8-44B2-9461-FC40186A7FAE}.Release|ARM.ActiveCfg = Release|ARM
		{566296DE-38E8-44B2-9461-FC40186A7FAE}.Release|ARM.Build.0 = Release|ARM
		{566296DE-38E8-44B2-9461-FC40186A7FAE}.Release|ARM.Deploy.0 = Release|ARM
		{566296DE-38E8-44B2-9461-FC40186A7FAE}.Release|iPhone.ActiveCfg = Release|x86
		{566296DE-38E8-44B2-9461-FC40186A7FAE}.Release|iPhone.Build.0 = Release|x86
		{566296DE-38E8-44B2-9461-FC40186A7FAE}.Release|iPhone.Deploy.0 = Release|x86
		{566296DE-38E8-44B2-9461-FC40186A7FAE}.Release|iPhoneSimulator.ActiveCfg = Release|x86
		{566296DE-38E8-44B2-9461-FC40186A7FAE}.Release|iPhoneSimulator.Build.0 = Release|x86
		{566296DE-38E8-44B2-9461-FC40186A7FAE}.Release|iPhoneSimulator.Deploy.0 = Release|x86
		{566296DE-38E8-44B2-9461-FC40186A7FAE}.Release|x64.ActiveCfg = Release|x64
		{566296DE-38E8-44B2-9461-FC40186A7FAE}.Release|x64.Build.0 = Release|x64
		{566296DE-38E8-44B2-9461-FC40186A7FAE}.Release|x64.Deploy.0 = Release|x64
		{566296DE-38E8-44B2-9461-FC40186A7FAE}.Release|x86.ActiveCfg = Release|x86
		{566296DE-38E8-44B2-9461-FC40186A7FAE}.Release|x86.Build.0 = Release|x86
		{566296DE-38E8-44B2-9461-FC40186A7FAE}.Release|x86.Deploy.0 = Release|x86
		{D3E9E28C-EC7D-46D8-9C7D-42E880133306}.Ad-Hoc|Any CPU.ActiveCfg = Debug|Any CPU
		{D3E9E28C-EC7D-46D8-9C7D-42E880133306}.Ad-Hoc|Any CPU.Build.0 = Debug|Any CPU
		{D3E9E28C-EC7D-46D8-9C7D-42E880133306}.Ad-Hoc|Any CPU.Deploy.0 = Debug|Any CPU
		{D3E9E28C-EC7D-46D8-9C7D-42E880133306}.Ad-Hoc|ARM.ActiveCfg = Debug|Any CPU
		{D3E9E28C-EC7D-46D8-9C7D-42E880133306}.Ad-Hoc|ARM.Build.0 = Debug|Any CPU
		{D3E9E28C-EC7D-46D8-9C7D-42E880133306}.Ad-Hoc|ARM.Deploy.0 = Debug|Any CPU
		{D3E9E28C-EC7D-46D8-9C7D-42E880133306}.Ad-Hoc|iPhone.ActiveCfg = Debug|Any CPU
		{D3E9E28C-EC7D-46D8-9C7D-42E880133306}.Ad-Hoc|iPhone.Build.0 = Debug|Any CPU
		{D3E9E28C-EC7D-46D8-9C7D-42E880133306}.Ad-Hoc|iPhone.Deploy.0 = Debug|Any CPU
		{D3E9E28C-EC7D-46D8-9C7D-42E880133306}.Ad-Hoc|iPhoneSimulator.ActiveCfg = Debug|Any CPU
		{D3E9E28C-EC7D-46D8-9C7D-42E880133306}.Ad-Hoc|iPhoneSimulator.Build.0 = Debug|Any CPU
		{D3E9E28C-EC7D-46D8-9C7D-42E880133306}.Ad-Hoc|iPhoneSimulator.Deploy.0 = Debug|Any CPU
		{D3E9E28C-EC7D-46D8-9C7D-42E880133306}.Ad-Hoc|x64.ActiveCfg = Debug|Any CPU
		{D3E9E28C-EC7D-46D8-9C7D-42E880133306}.Ad-Hoc|x64.Build.0 = Debug|Any CPU
		{D3E9E28C-EC7D-46D8-9C7D-42E880133306}.Ad-Hoc|x64.Deploy.0 = Debug|Any CPU
		{D3E9E28C-EC7D-46D8-9C7D-42E880133306}.Ad-Hoc|x86.ActiveCfg = Debug|Any CPU
		{D3E9E28C-EC7D-46D8-9C7D-42E880133306}.Ad-Hoc|x86.Build.0 = Debug|Any CPU
		{D3E9E28C-EC7D-46D8-9C7D-42E880133306}.Ad-Hoc|x86.Deploy.0 = Debug|Any CPU
		{D3E9E28C-EC7D-46D8-9C7D-42E880133306}.AppStore|Any CPU.ActiveCfg = Debug|Any CPU
		{D3E9E28C-EC7D-46D8-9C7D-42E880133306}.AppStore|Any CPU.Build.0 = Debug|Any CPU
		{D3E9E28C-EC7D-46D8-9C7D-42E880133306}.AppStore|Any CPU.Deploy.0 = Debug|Any CPU
		{D3E9E28C-EC7D-46D8-9C7D-42E880133306}.AppStore|ARM.ActiveCfg = Debug|Any CPU
		{D3E9E28C-EC7D-46D8-9C7D-42E880133306}.AppStore|ARM.Build.0 = Debug|Any CPU
		{D3E9E28C-EC7D-46D8-9C7D-42E880133306}.AppStore|ARM.Deploy.0 = Debug|Any CPU
		{D3E9E28C-EC7D-46D8-9C7D-42E880133306}.AppStore|iPhone.ActiveCfg = Debug|Any CPU
		{D3E9E28C-EC7D-46D8-9C7D-42E880133306}.AppStore|iPhone.Build.0 = Debug|Any CPU
		{D3E9E28C-EC7D-46D8-9C7D-42E880133306}.AppStore|iPhone.Deploy.0 = Debug|Any CPU
		{D3E9E28C-EC7D-46D8-9C7D-42E880133306}.AppStore|iPhoneSimulator.ActiveCfg = Debug|Any CPU
		{D3E9E28C-EC7D-46D8-9C7D-42E880133306}.AppStore|iPhoneSimulator.Build.0 = Debug|Any CPU
		{D3E9E28C-EC7D-46D8-9C7D-42E880133306}.AppStore|iPhoneSimulator.Deploy.0 = Debug|Any CPU
		{D3E9E28C-EC7D-46D8-9C7D-42E880133306}.AppStore|x64.ActiveCfg = Debug|Any CPU
		{D3E9E28C-EC7D-46D8-9C7D-42E880133306}.AppStore|x64.Build.0 = Debug|Any CPU
		{D3E9E28C-EC7D-46D8-9C7D-42E880133306}.AppStore|x64.Deploy.0 = Debug|Any CPU
		{D3E9E28C-EC7D-46D8-9C7D-42E880133306}.AppStore|x86.ActiveCfg = Debug|Any CPU
		{D3E9E28C-EC7D-46D8-9C7D-42E880133306}.AppStore|x86.Build.0 = Debug|Any CPU
		{D3E9E28C-EC7D-46D8-9C7D-42E880133306}.AppStore|x86.Deploy.0 = Debug|Any CPU
		{D3E9E28C-EC7D-46D8-9C7D-42E880133306}.Debug|Any CPU.ActiveCfg = Debug|Any CPU
		{D3E9E28C-EC7D-46D8-9C7D-42E880133306}.Debug|Any CPU.Build.0 = Debug|Any CPU
		{D3E9E28C-EC7D-46D8-9C7D-42E880133306}.Debug|Any CPU.Deploy.0 = Debug|Any CPU
		{D3E9E28C-EC7D-46D8-9C7D-42E880133306}.Debug|ARM.ActiveCfg = Debug|Any CPU
		{D3E9E28C-EC7D-46D8-9C7D-42E880133306}.Debug|ARM.Build.0 = Debug|Any CPU
		{D3E9E28C-EC7D-46D8-9C7D-42E880133306}.Debug|ARM.Deploy.0 = Debug|Any CPU
		{D3E9E28C-EC7D-46D8-9C7D-42E880133306}.Debug|iPhone.ActiveCfg = Debug|Any CPU
		{D3E9E28C-EC7D-46D8-9C7D-42E880133306}.Debug|iPhone.Build.0 = Debug|Any CPU
		{D3E9E28C-EC7D-46D8-9C7D-42E880133306}.Debug|iPhone.Deploy.0 = Debug|Any CPU
		{D3E9E28C-EC7D-46D8-9C7D-42E880133306}.Debug|iPhoneSimulator.ActiveCfg = Debug|Any CPU
		{D3E9E28C-EC7D-46D8-9C7D-42E880133306}.Debug|iPhoneSimulator.Build.0 = Debug|Any CPU
		{D3E9E28C-EC7D-46D8-9C7D-42E880133306}.Debug|iPhoneSimulator.Deploy.0 = Debug|Any CPU
		{D3E9E28C-EC7D-46D8-9C7D-42E880133306}.Debug|x64.ActiveCfg = Debug|Any CPU
		{D3E9E28C-EC7D-46D8-9C7D-42E880133306}.Debug|x64.Build.0 = Debug|Any CPU
		{D3E9E28C-EC7D-46D8-9C7D-42E880133306}.Debug|x64.Deploy.0 = Debug|Any CPU
		{D3E9E28C-EC7D-46D8-9C7D-42E880133306}.Debug|x86.ActiveCfg = Debug|Any CPU
		{D3E9E28C-EC7D-46D8-9C7D-42E880133306}.Debug|x86.Build.0 = Debug|Any CPU
		{D3E9E28C-EC7D-46D8-9C7D-42E880133306}.Debug|x86.Deploy.0 = Debug|Any CPU
		{D3E9E28C-EC7D-46D8-9C7D-42E880133306}.Release|Any CPU.ActiveCfg = Release|Any CPU
		{D3E9E28C-EC7D-46D8-9C7D-42E880133306}.Release|Any CPU.Build.0 = Release|Any CPU
		{D3E9E28C-EC7D-46D8-9C7D-42E880133306}.Release|Any CPU.Deploy.0 = Release|Any CPU
		{D3E9E28C-EC7D-46D8-9C7D-42E880133306}.Release|ARM.ActiveCfg = Release|Any CPU
		{D3E9E28C-EC7D-46D8-9C7D-42E880133306}.Release|ARM.Build.0 = Release|Any CPU
		{D3E9E28C-EC7D-46D8-9C7D-42E880133306}.Release|ARM.Deploy.0 = Release|Any CPU
		{D3E9E28C-EC7D-46D8-9C7D-42E880133306}.Release|iPhone.ActiveCfg = Release|Any CPU
		{D3E9E28C-EC7D-46D8-9C7D-42E880133306}.Release|iPhone.Build.0 = Release|Any CPU
		{D3E9E28C-EC7D-46D8-9C7D-42E880133306}.Release|iPhone.Deploy.0 = Release|Any CPU
		{D3E9E28C-EC7D-46D8-9C7D-42E880133306}.Release|iPhoneSimulator.ActiveCfg = Release|Any CPU
		{D3E9E28C-EC7D-46D8-9C7D-42E880133306}.Release|iPhoneSimulator.Build.0 = Release|Any CPU
		{D3E9E28C-EC7D-46D8-9C7D-42E880133306}.Release|iPhoneSimulator.Deploy.0 = Release|Any CPU
		{D3E9E28C-EC7D-46D8-9C7D-42E880133306}.Release|x64.ActiveCfg = Release|Any CPU
		{D3E9E28C-EC7D-46D8-9C7D-42E880133306}.Release|x64.Build.0 = Release|Any CPU
		{D3E9E28C-EC7D-46D8-9C7D-42E880133306}.Release|x64.Deploy.0 = Release|Any CPU
		{D3E9E28C-EC7D-46D8-9C7D-42E880133306}.Release|x86.ActiveCfg = Release|Any CPU
		{D3E9E28C-EC7D-46D8-9C7D-42E880133306}.Release|x86.Build.0 = Release|Any CPU
		{D3E9E28C-EC7D-46D8-9C7D-42E880133306}.Release|x86.Deploy.0 = Release|Any CPU
	EndGlobalSection
	GlobalSection(SolutionProperties) = preSolution
		HideSolutionNode = FALSE
	EndGlobalSection
	GlobalSection(ExtensibilityGlobals) = postSolution
		SolutionGuid = {DE4F5701-9790-409B-9479-FAFF392AB479}
	EndGlobalSection
EndGlobal
