
Microsoft Visual Studio Solution File, Format Version 12.00
# Visual Studio 15
VisualStudioVersion = 15.0.28010.2048
MinimumVisualStudioVersion = 10.0.40219.1
Project("{FAE04EC0-301F-11D3-BF4B-00C04F79EFBC}") = "XamarinAbsoluteLayout.Android", "XamarinAbsoluteLayout\XamarinAbsoluteLayout.Android\XamarinAbsoluteLayout.Android.csproj", "{69CC9DB1-C4B4-4302-A5E4-2667E8FB8032}"
EndProject
Project("{FAE04EC0-301F-11D3-BF4B-00C04F79EFBC}") = "XamarinAbsoluteLayout.iOS", "XamarinAbsoluteLayout\XamarinAbsoluteLayout.iOS\XamarinAbsoluteLayout.iOS.csproj", "{EC3416B5-A39E-4FD9-AB1D-1BCCF84840EB}"
EndProject
Project("{FAE04EC0-301F-11D3-BF4B-00C04F79EFBC}") = "XamarinAbsoluteLayout.UWP", "XamarinAbsoluteLayout\XamarinAbsoluteLayout.UWP\XamarinAbsoluteLayout.UWP.csproj", "{BA7F9FA4-030F-4703-A39B-5E7BF0719EB3}"
EndProject
Project("{FAE04EC0-301F-11D3-BF4B-00C04F79EFBC}") = "XamarinAbsoluteLayout", "XamarinAbsoluteLayout\XamarinAbsoluteLayout\XamarinAbsoluteLayout.csproj", "{01AF2B24-EFD1-4884-AD4D-E84D6B131144}"
EndProject
Global
	GlobalSection(SolutionConfigurationPlatforms) = preSolution
		Ad-Hoc|Any CPU = Ad-Hoc|Any CPU
		Ad-Hoc|ARM = Ad-Hoc|ARM
		Ad-Hoc|iPhone = Ad-Hoc|iPhone
		Ad-Hoc|iPhoneSimulator = Ad-Hoc|iPhoneSimulator
		Ad-Hoc|x64 = Ad-Hoc|x64
		Ad-Hoc|x86 = Ad-Hoc|x86
		AppStore|Any CPU = AppStore|Any CPU
		AppStore|ARM = AppStore|ARM
		AppStore|iPhone = AppStore|iPhone
		AppStore|iPhoneSimulator = AppStore|iPhoneSimulator
		AppStore|x64 = AppStore|x64
		AppStore|x86 = AppStore|x86
		Debug|Any CPU = Debug|Any CPU
		Debug|ARM = Debug|ARM
		Debug|iPhone = Debug|iPhone
		Debug|iPhoneSimulator = Debug|iPhoneSimulator
		Debug|x64 = Debug|x64
		Debug|x86 = Debug|x86
		Release|Any CPU = Release|Any CPU
		Release|ARM = Release|ARM
		Release|iPhone = Release|iPhone
		Release|iPhoneSimulator = Release|iPhoneSimulator
		Release|x64 = Release|x64
		Release|x86 = Release|x86
	EndGlobalSection
	GlobalSection(ProjectConfigurationPlatforms) = postSolution
		{69CC9DB1-C4B4-4302-A5E4-2667E8FB8032}.Ad-Hoc|Any CPU.ActiveCfg = Release|Any CPU
		{69CC9DB1-C4B4-4302-A5E4-2667E8FB8032}.Ad-Hoc|Any CPU.Build.0 = Release|Any CPU
		{69CC9DB1-C4B4-4302-A5E4-2667E8FB8032}.Ad-Hoc|Any CPU.Deploy.0 = Release|Any CPU
		{69CC9DB1-C4B4-4302-A5E4-2667E8FB8032}.Ad-Hoc|ARM.ActiveCfg = Release|Any CPU
		{69CC9DB1-C4B4-4302-A5E4-2667E8FB8032}.Ad-Hoc|ARM.Build.0 = Release|Any CPU
		{69CC9DB1-C4B4-4302-A5E4-2667E8FB8032}.Ad-Hoc|ARM.Deploy.0 = Release|Any CPU
		{69CC9DB1-C4B4-4302-A5E4-2667E8FB8032}.Ad-Hoc|iPhone.ActiveCfg = Release|Any CPU
		{69CC9DB1-C4B4-4302-A5E4-2667E8FB8032}.Ad-Hoc|iPhone.Build.0 = Release|Any CPU
		{69CC9DB1-C4B4-4302-A5E4-2667E8FB8032}.Ad-Hoc|iPhone.Deploy.0 = Release|Any CPU
		{69CC9DB1-C4B4-4302-A5E4-2667E8FB8032}.Ad-Hoc|iPhoneSimulator.ActiveCfg = Release|Any CPU
		{69CC9DB1-C4B4-4302-A5E4-2667E8FB8032}.Ad-Hoc|iPhoneSimulator.Build.0 = Release|Any CPU
		{69CC9DB1-C4B4-4302-A5E4-2667E8FB8032}.Ad-Hoc|iPhoneSimulator.Deploy.0 = Release|Any CPU
		{69CC9DB1-C4B4-4302-A5E4-2667E8FB8032}.Ad-Hoc|x64.ActiveCfg = Release|Any CPU
		{69CC9DB1-C4B4-4302-A5E4-2667E8FB8032}.Ad-Hoc|x64.Build.0 = Release|Any CPU
		{69CC9DB1-C4B4-4302-A5E4-2667E8FB8032}.Ad-Hoc|x64.Deploy.0 = Release|Any CPU
		{69CC9DB1-C4B4-4302-A5E4-2667E8FB8032}.Ad-Hoc|x86.ActiveCfg = Release|Any CPU
		{69CC9DB1-C4B4-4302-A5E4-2667E8FB8032}.Ad-Hoc|x86.Build.0 = Release|Any CPU
		{69CC9DB1-C4B4-4302-A5E4-2667E8FB8032}.Ad-Hoc|x86.Deploy.0 = Release|Any CPU
		{69CC9DB1-C4B4-4302-A5E4-2667E8FB8032}.AppStore|Any CPU.ActiveCfg = Release|Any CPU
		{69CC9DB1-C4B4-4302-A5E4-2667E8FB8032}.AppStore|Any CPU.Build.0 = Release|Any CPU
		{69CC9DB1-C4B4-4302-A5E4-2667E8FB8032}.AppStore|Any CPU.Deploy.0 = Release|Any CPU
		{69CC9DB1-C4B4-4302-A5E4-2667E8FB8032}.AppStore|ARM.ActiveCfg = Release|Any CPU
		{69CC9DB1-C4B4-4302-A5E4-2667E8FB8032}.AppStore|ARM.Build.0 = Release|Any CPU
		{69CC9DB1-C4B4-4302-A5E4-2667E8FB8032}.AppStore|ARM.Deploy.0 = Release|Any CPU
		{69CC9DB1-C4B4-4302-A5E4-2667E8FB8032}.AppStore|iPhone.ActiveCfg = Release|Any CPU
		{69CC9DB1-C4B4-4302-A5E4-2667E8FB8032}.AppStore|iPhone.Build.0 = Release|Any CPU
		{69CC9DB1-C4B4-4302-A5E4-2667E8FB8032}.AppStore|iPhone.Deploy.0 = Release|Any CPU
		{69CC9DB1-C4B4-4302-A5E4-2667E8FB8032}.AppStore|iPhoneSimulator.ActiveCfg = Release|Any CPU
		{69CC9DB1-C4B4-4302-A5E4-2667E8FB8032}.AppStore|iPhoneSimulator.Build.0 = Release|Any CPU
		{69CC9DB1-C4B4-4302-A5E4-2667E8FB8032}.AppStore|iPhoneSimulator.Deploy.0 = Release|Any CPU
		{69CC9DB1-C4B4-4302-A5E4-2667E8FB8032}.AppStore|x64.ActiveCfg = Release|Any CPU
		{69CC9DB1-C4B4-4302-A5E4-2667E8FB8032}.AppStore|x64.Build.0 = Release|Any CPU
		{69CC9DB1-C4B4-4302-A5E4-2667E8FB8032}.AppStore|x64.Deploy.0 = Release|Any CPU
		{69CC9DB1-C4B4-4302-A5E4-2667E8FB8032}.AppStore|x86.ActiveCfg = Release|Any CPU
		{69CC9DB1-C4B4-4302-A5E4-2667E8FB8032}.AppStore|x86.Build.0 = Release|Any CPU
		{69CC9DB1-C4B4-4302-A5E4-2667E8FB8032}.AppStore|x86.Deploy.0 = Release|Any CPU
		{69CC9DB1-C4B4-4302-A5E4-2667E8FB8032}.Debug|Any CPU.ActiveCfg = Debug|Any CPU
		{69CC9DB1-C4B4-4302-A5E4-2667E8FB8032}.Debug|Any CPU.Build.0 = Debug|Any CPU
		{69CC9DB1-C4B4-4302-A5E4-2667E8FB8032}.Debug|Any CPU.Deploy.0 = Debug|Any CPU
		{69CC9DB1-C4B4-4302-A5E4-2667E8FB8032}.Debug|ARM.ActiveCfg = Debug|Any CPU
		{69CC9DB1-C4B4-4302-A5E4-2667E8FB8032}.Debug|ARM.Build.0 = Debug|Any CPU
		{69CC9DB1-C4B4-4302-A5E4-2667E8FB8032}.Debug|ARM.Deploy.0 = Debug|Any CPU
		{69CC9DB1-C4B4-4302-A5E4-2667E8FB8032}.Debug|iPhone.ActiveCfg = Debug|Any CPU
		{69CC9DB1-C4B4-4302-A5E4-2667E8FB8032}.Debug|iPhone.Build.0 = Debug|Any CPU
		{69CC9DB1-C4B4-4302-A5E4-2667E8FB8032}.Debug|iPhone.Deploy.0 = Debug|Any CPU
		{69CC9DB1-C4B4-4302-A5E4-2667E8FB8032}.Debug|iPhoneSimulator.ActiveCfg = Debug|Any CPU
		{69CC9DB1-C4B4-4302-A5E4-2667E8FB8032}.Debug|iPhoneSimulator.Build.0 = Debug|Any CPU
		{69CC9DB1-C4B4-4302-A5E4-2667E8FB8032}.Debug|iPhoneSimulator.Deploy.0 = Debug|Any CPU
		{69CC9DB1-C4B4-4302-A5E4-2667E8FB8032}.Debug|x64.ActiveCfg = Debug|Any CPU
		{69CC9DB1-C4B4-4302-A5E4-2667E8FB8032}.Debug|x64.Build.0 = Debug|Any CPU
		{69CC9DB1-C4B4-4302-A5E4-2667E8FB8032}.Debug|x64.Deploy.0 = Debug|Any CPU
		{69CC9DB1-C4B4-4302-A5E4-2667E8FB8032}.Debug|x86.ActiveCfg = Debug|Any CPU
		{69CC9DB1-C4B4-4302-A5E4-2667E8FB8032}.Debug|x86.Build.0 = Debug|Any CPU
		{69CC9DB1-C4B4-4302-A5E4-2667E8FB8032}.Debug|x86.Deploy.0 = Debug|Any CPU
		{69CC9DB1-C4B4-4302-A5E4-2667E8FB8032}.Release|Any CPU.ActiveCfg = Release|Any CPU
		{69CC9DB1-C4B4-4302-A5E4-2667E8FB8032}.Release|Any CPU.Build.0 = Release|Any CPU
		{69CC9DB1-C4B4-4302-A5E4-2667E8FB8032}.Release|Any CPU.Deploy.0 = Release|Any CPU
		{69CC9DB1-C4B4-4302-A5E4-2667E8FB8032}.Release|ARM.ActiveCfg = Release|Any CPU
		{69CC9DB1-C4B4-4302-A5E4-2667E8FB8032}.Release|ARM.Build.0 = Release|Any CPU
		{69CC9DB1-C4B4-4302-A5E4-2667E8FB8032}.Release|ARM.Deploy.0 = Release|Any CPU
		{69CC9DB1-C4B4-4302-A5E4-2667E8FB8032}.Release|iPhone.ActiveCfg = Release|Any CPU
		{69CC9DB1-C4B4-4302-A5E4-2667E8FB8032}.Release|iPhone.Build.0 = Release|Any CPU
		{69CC9DB1-C4B4-4302-A5E4-2667E8FB8032}.Release|iPhone.Deploy.0 = Release|Any CPU
		{69CC9DB1-C4B4-4302-A5E4-2667E8FB8032}.Release|iPhoneSimulator.ActiveCfg = Release|Any CPU
		{69CC9DB1-C4B4-4302-A5E4-2667E8FB8032}.Release|iPhoneSimulator.Build.0 = Release|Any CPU
		{69CC9DB1-C4B4-4302-A5E4-2667E8FB8032}.Release|iPhoneSimulator.Deploy.0 = Release|Any CPU
		{69CC9DB1-C4B4-4302-A5E4-2667E8FB8032}.Release|x64.ActiveCfg = Release|Any CPU
		{69CC9DB1-C4B4-4302-A5E4-2667E8FB8032}.Release|x64.Build.0 = Release|Any CPU
		{69CC9DB1-C4B4-4302-A5E4-2667E8FB8032}.Release|x64.Deploy.0 = Release|Any CPU
		{69CC9DB1-C4B4-4302-A5E4-2667E8FB8032}.Release|x86.ActiveCfg = Release|Any CPU
		{69CC9DB1-C4B4-4302-A5E4-2667E8FB8032}.Release|x86.Build.0 = Release|Any CPU
		{69CC9DB1-C4B4-4302-A5E4-2667E8FB8032}.Release|x86.Deploy.0 = Release|Any CPU
		{EC3416B5-A39E-4FD9-AB1D-1BCCF84840EB}.Ad-Hoc|Any CPU.ActiveCfg = Ad-Hoc|iPhone
		{EC3416B5-A39E-4FD9-AB1D-1BCCF84840EB}.Ad-Hoc|Any CPU.Build.0 = Ad-Hoc|iPhone
		{EC3416B5-A39E-4FD9-AB1D-1BCCF84840EB}.Ad-Hoc|Any CPU.Deploy.0 = Ad-Hoc|iPhone
		{EC3416B5-A39E-4FD9-AB1D-1BCCF84840EB}.Ad-Hoc|ARM.ActiveCfg = Ad-Hoc|iPhone
		{EC3416B5-A39E-4FD9-AB1D-1BCCF84840EB}.Ad-Hoc|ARM.Build.0 = Ad-Hoc|iPhone
		{EC3416B5-A39E-4FD9-AB1D-1BCCF84840EB}.Ad-Hoc|ARM.Deploy.0 = Ad-Hoc|iPhone
		{EC3416B5-A39E-4FD9-AB1D-1BCCF84840EB}.Ad-Hoc|iPhone.ActiveCfg = Ad-Hoc|iPhone
		{EC3416B5-A39E-4FD9-AB1D-1BCCF84840EB}.Ad-Hoc|iPhone.Build.0 = Ad-Hoc|iPhone
		{EC3416B5-A39E-4FD9-AB1D-1BCCF84840EB}.Ad-Hoc|iPhone.Deploy.0 = Ad-Hoc|iPhone
		{EC3416B5-A39E-4FD9-AB1D-1BCCF84840EB}.Ad-Hoc|iPhoneSimulator.ActiveCfg = Ad-Hoc|iPhoneSimulator
		{EC3416B5-A39E-4FD9-AB1D-1BCCF84840EB}.Ad-Hoc|iPhoneSimulator.Build.0 = Ad-Hoc|iPhoneSimulator
		{EC3416B5-A39E-4FD9-AB1D-1BCCF84840EB}.Ad-Hoc|iPhoneSimulator.Deploy.0 = Ad-Hoc|iPhoneSimulator
		{EC3416B5-A39E-4FD9-AB1D-1BCCF84840EB}.Ad-Hoc|x64.ActiveCfg = Ad-Hoc|iPhone
		{EC3416B5-A39E-4FD9-AB1D-1BCCF84840EB}.Ad-Hoc|x64.Build.0 = Ad-Hoc|iPhone
		{EC3416B5-A39E-4FD9-AB1D-1BCCF84840EB}.Ad-Hoc|x64.Deploy.0 = Ad-Hoc|iPhone
		{EC3416B5-A39E-4FD9-AB1D-1BCCF84840EB}.Ad-Hoc|x86.ActiveCfg = Ad-Hoc|iPhone
		{EC3416B5-A39E-4FD9-AB1D-1BCCF84840EB}.Ad-Hoc|x86.Build.0 = Ad-Hoc|iPhone
		{EC3416B5-A39E-4FD9-AB1D-1BCCF84840EB}.Ad-Hoc|x86.Deploy.0 = Ad-Hoc|iPhone
		{EC3416B5-A39E-4FD9-AB1D-1BCCF84840EB}.AppStore|Any CPU.ActiveCfg = AppStore|iPhone
		{EC3416B5-A39E-4FD9-AB1D-1BCCF84840EB}.AppStore|Any CPU.Build.0 = AppStore|iPhone
		{EC3416B5-A39E-4FD9-AB1D-1BCCF84840EB}.AppStore|Any CPU.Deploy.0 = AppStore|iPhone
		{EC3416B5-A39E-4FD9-AB1D-1BCCF84840EB}.AppStore|ARM.ActiveCfg = AppStore|iPhone
		{EC3416B5-A39E-4FD9-AB1D-1BCCF84840EB}.AppStore|ARM.Build.0 = AppStore|iPhone
		{EC3416B5-A39E-4FD9-AB1D-1BCCF84840EB}.AppStore|ARM.Deploy.0 = AppStore|iPhone
		{EC3416B5-A39E-4FD9-AB1D-1BCCF84840EB}.AppStore|iPhone.ActiveCfg = AppStore|iPhone
		{EC3416B5-A39E-4FD9-AB1D-1BCCF84840EB}.AppStore|iPhone.Build.0 = AppStore|iPhone
		{EC3416B5-A39E-4FD9-AB1D-1BCCF84840EB}.AppStore|iPhone.Deploy.0 = AppStore|iPhone
		{EC3416B5-A39E-4FD9-AB1D-1BCCF84840EB}.AppStore|iPhoneSimulator.ActiveCfg = AppStore|iPhoneSimulator
		{EC3416B5-A39E-4FD9-AB1D-1BCCF84840EB}.AppStore|iPhoneSimulator.Build.0 = AppStore|iPhoneSimulator
		{EC3416B5-A39E-4FD9-AB1D-1BCCF84840EB}.AppStore|iPhoneSimulator.Deploy.0 = AppStore|iPhoneSimulator
		{EC3416B5-A39E-4FD9-AB1D-1BCCF84840EB}.AppStore|x64.ActiveCfg = AppStore|iPhone
		{EC3416B5-A39E-4FD9-AB1D-1BCCF84840EB}.AppStore|x64.Build.0 = AppStore|iPhone
		{EC3416B5-A39E-4FD9-AB1D-1BCCF84840EB}.AppStore|x64.Deploy.0 = AppStore|iPhone
		{EC3416B5-A39E-4FD9-AB1D-1BCCF84840EB}.AppStore|x86.ActiveCfg = AppStore|iPhone
		{EC3416B5-A39E-4FD9-AB1D-1BCCF84840EB}.AppStore|x86.Build.0 = AppStore|iPhone
		{EC3416B5-A39E-4FD9-AB1D-1BCCF84840EB}.AppStore|x86.Deploy.0 = AppStore|iPhone
		{EC3416B5-A39E-4FD9-AB1D-1BCCF84840EB}.Debug|Any CPU.ActiveCfg = Debug|iPhoneSimulator
		{EC3416B5-A39E-4FD9-AB1D-1BCCF84840EB}.Debug|Any CPU.Build.0 = Debug|iPhoneSimulator
		{EC3416B5-A39E-4FD9-AB1D-1BCCF84840EB}.Debug|Any CPU.Deploy.0 = Debug|iPhoneSimulator
		{EC3416B5-A39E-4FD9-AB1D-1BCCF84840EB}.Debug|ARM.ActiveCfg = Debug|iPhone
		{EC3416B5-A39E-4FD9-AB1D-1BCCF84840EB}.Debug|ARM.Build.0 = Debug|iPhone
		{EC3416B5-A39E-4FD9-AB1D-1BCCF84840EB}.Debug|ARM.Deploy.0 = Debug|iPhone
		{EC3416B5-A39E-4FD9-AB1D-1BCCF84840EB}.Debug|iPhone.ActiveCfg = Debug|iPhone
		{EC3416B5-A39E-4FD9-AB1D-1BCCF84840EB}.Debug|iPhone.Build.0 = Debug|iPhone
		{EC3416B5-A39E-4FD9-AB1D-1BCCF84840EB}.Debug|iPhone.Deploy.0 = Debug|iPhone
		{EC3416B5-A39E-4FD9-AB1D-1BCCF84840EB}.Debug|iPhoneSimulator.ActiveCfg = Debug|iPhoneSimulator
		{EC3416B5-A39E-4FD9-AB1D-1BCCF84840EB}.Debug|iPhoneSimulator.Build.0 = Debug|iPhoneSimulator
		{EC3416B5-A39E-4FD9-AB1D-1BCCF84840EB}.Debug|iPhoneSimulator.Deploy.0 = Debug|iPhoneSimulator
		{EC3416B5-A39E-4FD9-AB1D-1BCCF84840EB}.Debug|x64.ActiveCfg = Debug|iPhone
		{EC3416B5-A39E-4FD9-AB1D-1BCCF84840EB}.Debug|x64.Build.0 = Debug|iPhone
		{EC3416B5-A39E-4FD9-AB1D-1BCCF84840EB}.Debug|x64.Deploy.0 = Debug|iPhone
		{EC3416B5-A39E-4FD9-AB1D-1BCCF84840EB}.Debug|x86.ActiveCfg = Debug|iPhone
		{EC3416B5-A39E-4FD9-AB1D-1BCCF84840EB}.Debug|x86.Build.0 = Debug|iPhone
		{EC3416B5-A39E-4FD9-AB1D-1BCCF84840EB}.Debug|x86.Deploy.0 = Debug|iPhone
		{EC3416B5-A39E-4FD9-AB1D-1BCCF84840EB}.Release|Any CPU.ActiveCfg = Release|iPhone
		{EC3416B5-A39E-4FD9-AB1D-1BCCF84840EB}.Release|Any CPU.Build.0 = Release|iPhone
		{EC3416B5-A39E-4FD9-AB1D-1BCCF84840EB}.Release|Any CPU.Deploy.0 = Release|iPhone
		{EC3416B5-A39E-4FD9-AB1D-1BCCF84840EB}.Release|ARM.ActiveCfg = Release|iPhone
		{EC3416B5-A39E-4FD9-AB1D-1BCCF84840EB}.Release|ARM.Build.0 = Release|iPhone
		{EC3416B5-A39E-4FD9-AB1D-1BCCF84840EB}.Release|ARM.Deploy.0 = Release|iPhone
		{EC3416B5-A39E-4FD9-AB1D-1BCCF84840EB}.Release|iPhone.ActiveCfg = Release|iPhone
		{EC3416B5-A39E-4FD9-AB1D-1BCCF84840EB}.Release|iPhone.Build.0 = Release|iPhone
		{EC3416B5-A39E-4FD9-AB1D-1BCCF84840EB}.Release|iPhone.Deploy.0 = Release|iPhone
		{EC3416B5-A39E-4FD9-AB1D-1BCCF84840EB}.Release|iPhoneSimulator.ActiveCfg = Release|iPhoneSimulator
		{EC3416B5-A39E-4FD9-AB1D-1BCCF84840EB}.Release|iPhoneSimulator.Build.0 = Release|iPhoneSimulator
		{EC3416B5-A39E-4FD9-AB1D-1BCCF84840EB}.Release|iPhoneSimulator.Deploy.0 = Release|iPhoneSimulator
		{EC3416B5-A39E-4FD9-AB1D-1BCCF84840EB}.Release|x64.ActiveCfg = Release|iPhone
		{EC3416B5-A39E-4FD9-AB1D-1BCCF84840EB}.Release|x64.Build.0 = Release|iPhone
		{EC3416B5-A39E-4FD9-AB1D-1BCCF84840EB}.Release|x64.Deploy.0 = Release|iPhone
		{EC3416B5-A39E-4FD9-AB1D-1BCCF84840EB}.Release|x86.ActiveCfg = Release|iPhone
		{EC3416B5-A39E-4FD9-AB1D-1BCCF84840EB}.Release|x86.Build.0 = Release|iPhone
		{EC3416B5-A39E-4FD9-AB1D-1BCCF84840EB}.Release|x86.Deploy.0 = Release|iPhone
		{BA7F9FA4-030F-4703-A39B-5E7BF0719EB3}.Ad-Hoc|Any CPU.ActiveCfg = Release|x86
		{BA7F9FA4-030F-4703-A39B-5E7BF0719EB3}.Ad-Hoc|Any CPU.Build.0 = Release|x86
		{BA7F9FA4-030F-4703-A39B-5E7BF0719EB3}.Ad-Hoc|Any CPU.Deploy.0 = Release|x86
		{BA7F9FA4-030F-4703-A39B-5E7BF0719EB3}.Ad-Hoc|ARM.ActiveCfg = Release|ARM
		{BA7F9FA4-030F-4703-A39B-5E7BF0719EB3}.Ad-Hoc|ARM.Build.0 = Release|ARM
		{BA7F9FA4-030F-4703-A39B-5E7BF0719EB3}.Ad-Hoc|ARM.Deploy.0 = Release|ARM
		{BA7F9FA4-030F-4703-A39B-5E7BF0719EB3}.Ad-Hoc|iPhone.ActiveCfg = Release|x86
		{BA7F9FA4-030F-4703-A39B-5E7BF0719EB3}.Ad-Hoc|iPhone.Build.0 = Release|x86
		{BA7F9FA4-030F-4703-A39B-5E7BF0719EB3}.Ad-Hoc|iPhone.Deploy.0 = Release|x86
		{BA7F9FA4-030F-4703-A39B-5E7BF0719EB3}.Ad-Hoc|iPhoneSimulator.ActiveCfg = Release|x86
		{BA7F9FA4-030F-4703-A39B-5E7BF0719EB3}.Ad-Hoc|iPhoneSimulator.Build.0 = Release|x86
		{BA7F9FA4-030F-4703-A39B-5E7BF0719EB3}.Ad-Hoc|iPhoneSimulator.Deploy.0 = Release|x86
		{BA7F9FA4-030F-4703-A39B-5E7BF0719EB3}.Ad-Hoc|x64.ActiveCfg = Release|x64
		{BA7F9FA4-030F-4703-A39B-5E7BF0719EB3}.Ad-Hoc|x64.Build.0 = Release|x64
		{BA7F9FA4-030F-4703-A39B-5E7BF0719EB3}.Ad-Hoc|x64.Deploy.0 = Release|x64
		{BA7F9FA4-030F-4703-A39B-5E7BF0719EB3}.Ad-Hoc|x86.ActiveCfg = Release|x86
		{BA7F9FA4-030F-4703-A39B-5E7BF0719EB3}.Ad-Hoc|x86.Build.0 = Release|x86
		{BA7F9FA4-030F-4703-A39B-5E7BF0719EB3}.Ad-Hoc|x86.Deploy.0 = Release|x86
		{BA7F9FA4-030F-4703-A39B-5E7BF0719EB3}.AppStore|Any CPU.ActiveCfg = Release|x86
		{BA7F9FA4-030F-4703-A39B-5E7BF0719EB3}.AppStore|Any CPU.Build.0 = Release|x86
		{BA7F9FA4-030F-4703-A39B-5E7BF0719EB3}.AppStore|Any CPU.Deploy.0 = Release|x86
		{BA7F9FA4-030F-4703-A39B-5E7BF0719EB3}.AppStore|ARM.ActiveCfg = Release|ARM
		{BA7F9FA4-030F-4703-A39B-5E7BF0719EB3}.AppStore|ARM.Build.0 = Release|ARM
		{BA7F9FA4-030F-4703-A39B-5E7BF0719EB3}.AppStore|ARM.Deploy.0 = Release|ARM
		{BA7F9FA4-030F-4703-A39B-5E7BF0719EB3}.AppStore|iPhone.ActiveCfg = Release|x86
		{BA7F9FA4-030F-4703-A39B-5E7BF0719EB3}.AppStore|iPhone.Build.0 = Release|x86
		{BA7F9FA4-030F-4703-A39B-5E7BF0719EB3}.AppStore|iPhone.Deploy.0 = Release|x86
		{BA7F9FA4-030F-4703-A39B-5E7BF0719EB3}.AppStore|iPhoneSimulator.ActiveCfg = Release|x86
		{BA7F9FA4-030F-4703-A39B-5E7BF0719EB3}.AppStore|iPhoneSimulator.Build.0 = Release|x86
		{BA7F9FA4-030F-4703-A39B-5E7BF0719EB3}.AppStore|iPhoneSimulator.Deploy.0 = Release|x86
		{BA7F9FA4-030F-4703-A39B-5E7BF0719EB3}.AppStore|x64.ActiveCfg = Release|x64
		{BA7F9FA4-030F-4703-A39B-5E7BF0719EB3}.AppStore|x64.Build.0 = Release|x64
		{BA7F9FA4-030F-4703-A39B-5E7BF0719EB3}.AppStore|x64.Deploy.0 = Release|x64
		{BA7F9FA4-030F-4703-A39B-5E7BF0719EB3}.AppStore|x86.ActiveCfg = Release|x86
		{BA7F9FA4-030F-4703-A39B-5E7BF0719EB3}.AppStore|x86.Build.0 = Release|x86
		{BA7F9FA4-030F-4703-A39B-5E7BF0719EB3}.AppStore|x86.Deploy.0 = Release|x86
		{BA7F9FA4-030F-4703-A39B-5E7BF0719EB3}.Debug|Any CPU.ActiveCfg = Debug|x86
		{BA7F9FA4-030F-4703-A39B-5E7BF0719EB3}.Debug|Any CPU.Build.0 = Debug|x86
		{BA7F9FA4-030F-4703-A39B-5E7BF0719EB3}.Debug|Any CPU.Deploy.0 = Debug|x86
		{BA7F9FA4-030F-4703-A39B-5E7BF0719EB3}.Debug|ARM.ActiveCfg = Debug|ARM
		{BA7F9FA4-030F-4703-A39B-5E7BF0719EB3}.Debug|ARM.Build.0 = Debug|ARM
		{BA7F9FA4-030F-4703-A39B-5E7BF0719EB3}.Debug|ARM.Deploy.0 = Debug|ARM
		{BA7F9FA4-030F-4703-A39B-5E7BF0719EB3}.Debug|iPhone.ActiveCfg = Debug|x86
		{BA7F9FA4-030F-4703-A39B-5E7BF0719EB3}.Debug|iPhone.Build.0 = Debug|x86
		{BA7F9FA4-030F-4703-A39B-5E7BF0719EB3}.Debug|iPhone.Deploy.0 = Debug|x86
		{BA7F9FA4-030F-4703-A39B-5E7BF0719EB3}.Debug|iPhoneSimulator.ActiveCfg = Debug|x86
		{BA7F9FA4-030F-4703-A39B-5E7BF0719EB3}.Debug|iPhoneSimulator.Build.0 = Debug|x86
		{BA7F9FA4-030F-4703-A39B-5E7BF0719EB3}.Debug|iPhoneSimulator.Deploy.0 = Debug|x86
		{BA7F9FA4-030F-4703-A39B-5E7BF0719EB3}.Debug|x64.ActiveCfg = Debug|x64
		{BA7F9FA4-030F-4703-A39B-5E7BF0719EB3}.Debug|x64.Build.0 = Debug|x64
		{BA7F9FA4-030F-4703-A39B-5E7BF0719EB3}.Debug|x64.Deploy.0 = Debug|x64
		{BA7F9FA4-030F-4703-A39B-5E7BF0719EB3}.Debug|x86.ActiveCfg = Debug|x86
		{BA7F9FA4-030F-4703-A39B-5E7BF0719EB3}.Debug|x86.Build.0 = Debug|x86
		{BA7F9FA4-030F-4703-A39B-5E7BF0719EB3}.Debug|x86.Deploy.0 = Debug|x86
		{BA7F9FA4-030F-4703-A39B-5E7BF0719EB3}.Release|Any CPU.ActiveCfg = Release|x86
		{BA7F9FA4-030F-4703-A39B-5E7BF0719EB3}.Release|Any CPU.Build.0 = Release|x86
		{BA7F9FA4-030F-4703-A39B-5E7BF0719EB3}.Release|Any CPU.Deploy.0 = Release|x86
		{BA7F9FA4-030F-4703-A39B-5E7BF0719EB3}.Release|ARM.ActiveCfg = Release|ARM
		{BA7F9FA4-030F-4703-A39B-5E7BF0719EB3}.Release|ARM.Build.0 = Release|ARM
		{BA7F9FA4-030F-4703-A39B-5E7BF0719EB3}.Release|ARM.Deploy.0 = Release|ARM
		{BA7F9FA4-030F-4703-A39B-5E7BF0719EB3}.Release|iPhone.ActiveCfg = Release|x86
		{BA7F9FA4-030F-4703-A39B-5E7BF0719EB3}.Release|iPhone.Build.0 = Release|x86
		{BA7F9FA4-030F-4703-A39B-5E7BF0719EB3}.Release|iPhone.Deploy.0 = Release|x86
		{BA7F9FA4-030F-4703-A39B-5E7BF0719EB3}.Release|iPhoneSimulator.ActiveCfg = Release|x86
		{BA7F9FA4-030F-4703-A39B-5E7BF0719EB3}.Release|iPhoneSimulator.Build.0 = Release|x86
		{BA7F9FA4-030F-4703-A39B-5E7BF0719EB3}.Release|iPhoneSimulator.Deploy.0 = Release|x86
		{BA7F9FA4-030F-4703-A39B-5E7BF0719EB3}.Release|x64.ActiveCfg = Release|x64
		{BA7F9FA4-030F-4703-A39B-5E7BF0719EB3}.Release|x64.Build.0 = Release|x64
		{BA7F9FA4-030F-4703-A39B-5E7BF0719EB3}.Release|x64.Deploy.0 = Release|x64
		{BA7F9FA4-030F-4703-A39B-5E7BF0719EB3}.Release|x86.ActiveCfg = Release|x86
		{BA7F9FA4-030F-4703-A39B-5E7BF0719EB3}.Release|x86.Build.0 = Release|x86
		{BA7F9FA4-030F-4703-A39B-5E7BF0719EB3}.Release|x86.Deploy.0 = Release|x86
		{01AF2B24-EFD1-4884-AD4D-E84D6B131144}.Ad-Hoc|Any CPU.ActiveCfg = Debug|Any CPU
		{01AF2B24-EFD1-4884-AD4D-E84D6B131144}.Ad-Hoc|Any CPU.Build.0 = Debug|Any CPU
		{01AF2B24-EFD1-4884-AD4D-E84D6B131144}.Ad-Hoc|Any CPU.Deploy.0 = Debug|Any CPU
		{01AF2B24-EFD1-4884-AD4D-E84D6B131144}.Ad-Hoc|ARM.ActiveCfg = Debug|Any CPU
		{01AF2B24-EFD1-4884-AD4D-E84D6B131144}.Ad-Hoc|ARM.Build.0 = Debug|Any CPU
		{01AF2B24-EFD1-4884-AD4D-E84D6B131144}.Ad-Hoc|ARM.Deploy.0 = Debug|Any CPU
		{01AF2B24-EFD1-4884-AD4D-E84D6B131144}.Ad-Hoc|iPhone.ActiveCfg = Debug|Any CPU
		{01AF2B24-EFD1-4884-AD4D-E84D6B131144}.Ad-Hoc|iPhone.Build.0 = Debug|Any CPU
		{01AF2B24-EFD1-4884-AD4D-E84D6B131144}.Ad-Hoc|iPhone.Deploy.0 = Debug|Any CPU
		{01AF2B24-EFD1-4884-AD4D-E84D6B131144}.Ad-Hoc|iPhoneSimulator.ActiveCfg = Debug|Any CPU
		{01AF2B24-EFD1-4884-AD4D-E84D6B131144}.Ad-Hoc|iPhoneSimulator.Build.0 = Debug|Any CPU
		{01AF2B24-EFD1-4884-AD4D-E84D6B131144}.Ad-Hoc|iPhoneSimulator.Deploy.0 = Debug|Any CPU
		{01AF2B24-EFD1-4884-AD4D-E84D6B131144}.Ad-Hoc|x64.ActiveCfg = Debug|Any CPU
		{01AF2B24-EFD1-4884-AD4D-E84D6B131144}.Ad-Hoc|x64.Build.0 = Debug|Any CPU
		{01AF2B24-EFD1-4884-AD4D-E84D6B131144}.Ad-Hoc|x64.Deploy.0 = Debug|Any CPU
		{01AF2B24-EFD1-4884-AD4D-E84D6B131144}.Ad-Hoc|x86.ActiveCfg = Debug|Any CPU
		{01AF2B24-EFD1-4884-AD4D-E84D6B131144}.Ad-Hoc|x86.Build.0 = Debug|Any CPU
		{01AF2B24-EFD1-4884-AD4D-E84D6B131144}.Ad-Hoc|x86.Deploy.0 = Debug|Any CPU
		{01AF2B24-EFD1-4884-AD4D-E84D6B131144}.AppStore|Any CPU.ActiveCfg = Debug|Any CPU
		{01AF2B24-EFD1-4884-AD4D-E84D6B131144}.AppStore|Any CPU.Build.0 = Debug|Any CPU
		{01AF2B24-EFD1-4884-AD4D-E84D6B131144}.AppStore|Any CPU.Deploy.0 = Debug|Any CPU
		{01AF2B24-EFD1-4884-AD4D-E84D6B131144}.AppStore|ARM.ActiveCfg = Debug|Any CPU
		{01AF2B24-EFD1-4884-AD4D-E84D6B131144}.AppStore|ARM.Build.0 = Debug|Any CPU
		{01AF2B24-EFD1-4884-AD4D-E84D6B131144}.AppStore|ARM.Deploy.0 = Debug|Any CPU
		{01AF2B24-EFD1-4884-AD4D-E84D6B131144}.AppStore|iPhone.ActiveCfg = Debug|Any CPU
		{01AF2B24-EFD1-4884-AD4D-E84D6B131144}.AppStore|iPhone.Build.0 = Debug|Any CPU
		{01AF2B24-EFD1-4884-AD4D-E84D6B131144}.AppStore|iPhone.Deploy.0 = Debug|Any CPU
		{01AF2B24-EFD1-4884-AD4D-E84D6B131144}.AppStore|iPhoneSimulator.ActiveCfg = Debug|Any CPU
		{01AF2B24-EFD1-4884-AD4D-E84D6B131144}.AppStore|iPhoneSimulator.Build.0 = Debug|Any CPU
		{01AF2B24-EFD1-4884-AD4D-E84D6B131144}.AppStore|iPhoneSimulator.Deploy.0 = Debug|Any CPU
		{01AF2B24-EFD1-4884-AD4D-E84D6B131144}.AppStore|x64.ActiveCfg = Debug|Any CPU
		{01AF2B24-EFD1-4884-AD4D-E84D6B131144}.AppStore|x64.Build.0 = Debug|Any CPU
		{01AF2B24-EFD1-4884-AD4D-E84D6B131144}.AppStore|x64.Deploy.0 = Debug|Any CPU
		{01AF2B24-EFD1-4884-AD4D-E84D6B131144}.AppStore|x86.ActiveCfg = Debug|Any CPU
		{01AF2B24-EFD1-4884-AD4D-E84D6B131144}.AppStore|x86.Build.0 = Debug|Any CPU
		{01AF2B24-EFD1-4884-AD4D-E84D6B131144}.AppStore|x86.Deploy.0 = Debug|Any CPU
		{01AF2B24-EFD1-4884-AD4D-E84D6B131144}.Debug|Any CPU.ActiveCfg = Debug|Any CPU
		{01AF2B24-EFD1-4884-AD4D-E84D6B131144}.Debug|Any CPU.Build.0 = Debug|Any CPU
		{01AF2B24-EFD1-4884-AD4D-E84D6B131144}.Debug|Any CPU.Deploy.0 = Debug|Any CPU
		{01AF2B24-EFD1-4884-AD4D-E84D6B131144}.Debug|ARM.ActiveCfg = Debug|Any CPU
		{01AF2B24-EFD1-4884-AD4D-E84D6B131144}.Debug|ARM.Build.0 = Debug|Any CPU
		{01AF2B24-EFD1-4884-AD4D-E84D6B131144}.Debug|ARM.Deploy.0 = Debug|Any CPU
		{01AF2B24-EFD1-4884-AD4D-E84D6B131144}.Debug|iPhone.ActiveCfg = Debug|Any CPU
		{01AF2B24-EFD1-4884-AD4D-E84D6B131144}.Debug|iPhone.Build.0 = Debug|Any CPU
		{01AF2B24-EFD1-4884-AD4D-E84D6B131144}.Debug|iPhone.Deploy.0 = Debug|Any CPU
		{01AF2B24-EFD1-4884-AD4D-E84D6B131144}.Debug|iPhoneSimulator.ActiveCfg = Debug|Any CPU
		{01AF2B24-EFD1-4884-AD4D-E84D6B131144}.Debug|iPhoneSimulator.Build.0 = Debug|Any CPU
		{01AF2B24-EFD1-4884-AD4D-E84D6B131144}.Debug|iPhoneSimulator.Deploy.0 = Debug|Any CPU
		{01AF2B24-EFD1-4884-AD4D-E84D6B131144}.Debug|x64.ActiveCfg = Debug|Any CPU
		{01AF2B24-EFD1-4884-AD4D-E84D6B131144}.Debug|x64.Build.0 = Debug|Any CPU
		{01AF2B24-EFD1-4884-AD4D-E84D6B131144}.Debug|x64.Deploy.0 = Debug|Any CPU
		{01AF2B24-EFD1-4884-AD4D-E84D6B131144}.Debug|x86.ActiveCfg = Debug|Any CPU
		{01AF2B24-EFD1-4884-AD4D-E84D6B131144}.Debug|x86.Build.0 = Debug|Any CPU
		{01AF2B24-EFD1-4884-AD4D-E84D6B131144}.Debug|x86.Deploy.0 = Debug|Any CPU
		{01AF2B24-EFD1-4884-AD4D-E84D6B131144}.Release|Any CPU.ActiveCfg = Release|Any CPU
		{01AF2B24-EFD1-4884-AD4D-E84D6B131144}.Release|Any CPU.Build.0 = Release|Any CPU
		{01AF2B24-EFD1-4884-AD4D-E84D6B131144}.Release|Any CPU.Deploy.0 = Release|Any CPU
		{01AF2B24-EFD1-4884-AD4D-E84D6B131144}.Release|ARM.ActiveCfg = Release|Any CPU
		{01AF2B24-EFD1-4884-AD4D-E84D6B131144}.Release|ARM.Build.0 = Release|Any CPU
		{01AF2B24-EFD1-4884-AD4D-E84D6B131144}.Release|ARM.Deploy.0 = Release|Any CPU
		{01AF2B24-EFD1-4884-AD4D-E84D6B131144}.Release|iPhone.ActiveCfg = Release|Any CPU
		{01AF2B24-EFD1-4884-AD4D-E84D6B131144}.Release|iPhone.Build.0 = Release|Any CPU
		{01AF2B24-EFD1-4884-AD4D-E84D6B131144}.Release|iPhone.Deploy.0 = Release|Any CPU
		{01AF2B24-EFD1-4884-AD4D-E84D6B131144}.Release|iPhoneSimulator.ActiveCfg = Release|Any CPU
		{01AF2B24-EFD1-4884-AD4D-E84D6B131144}.Release|iPhoneSimulator.Build.0 = Release|Any CPU
		{01AF2B24-EFD1-4884-AD4D-E84D6B131144}.Release|iPhoneSimulator.Deploy.0 = Release|Any CPU
		{01AF2B24-EFD1-4884-AD4D-E84D6B131144}.Release|x64.ActiveCfg = Release|Any CPU
		{01AF2B24-EFD1-4884-AD4D-E84D6B131144}.Release|x64.Build.0 = Release|Any CPU
		{01AF2B24-EFD1-4884-AD4D-E84D6B131144}.Release|x64.Deploy.0 = Release|Any CPU
		{01AF2B24-EFD1-4884-AD4D-E84D6B131144}.Release|x86.ActiveCfg = Release|Any CPU
		{01AF2B24-EFD1-4884-AD4D-E84D6B131144}.Release|x86.Build.0 = Release|Any CPU
		{01AF2B24-EFD1-4884-AD4D-E84D6B131144}.Release|x86.Deploy.0 = Release|Any CPU
	EndGlobalSection
	GlobalSection(SolutionProperties) = preSolution
		HideSolutionNode = FALSE
	EndGlobalSection
	GlobalSection(ExtensibilityGlobals) = postSolution
		SolutionGuid = {17662103-D501-43BB-8E02-82E98421F1DF}
	EndGlobalSection
EndGlobal
