
Microsoft Visual Studio Solution File, Format Version 12.00
# Visual Studio 15
VisualStudioVersion = 15.0.28010.2048
MinimumVisualStudioVersion = 10.0.40219.1
Project("{FAE04EC0-301F-11D3-BF4B-00C04F79EFBC}") = "AbsoluteLayout.Android", "AbsoluteLayout\AbsoluteLayout.Android\AbsoluteLayout.Android.csproj", "{FCE8262D-990C-4F24-802C-1B55512F1CC2}"
EndProject
Project("{FAE04EC0-301F-11D3-BF4B-00C04F79EFBC}") = "AbsoluteLayout.iOS", "AbsoluteLayout\AbsoluteLayout.iOS\AbsoluteLayout.iOS.csproj", "{B4103A8A-D936-4609-91FA-3C748637348F}"
EndProject
Project("{FAE04EC0-301F-11D3-BF4B-00C04F79EFBC}") = "AbsoluteLayout.UWP", "AbsoluteLayout\AbsoluteLayout.UWP\AbsoluteLayout.UWP.csproj", "{92C9B21C-EC1F-46C8-BDFE-E45AB5AB7DA1}"
EndProject
Project("{FAE04EC0-301F-11D3-BF4B-00C04F79EFBC}") = "AbsoluteLayout", "AbsoluteLayout\AbsoluteLayout\AbsoluteLayout.csproj", "{AB513E29-33E0-4A0C-9184-58AFA9069247}"
EndProject
Global
	GlobalSection(SolutionConfigurationPlatforms) = preSolution
		Ad-Hoc|Any CPU = Ad-Hoc|Any CPU
		Ad-Hoc|ARM = Ad-Hoc|ARM
		Ad-Hoc|iPhone = Ad-Hoc|iPhone
		Ad-Hoc|iPhoneSimulator = Ad-Hoc|iPhoneSimulator
		Ad-Hoc|x64 = Ad-Hoc|x64
		Ad-Hoc|x86 = Ad-Hoc|x86
		AppStore|Any CPU = AppStore|Any CPU
		AppStore|ARM = AppStore|ARM
		AppStore|iPhone = AppStore|iPhone
		AppStore|iPhoneSimulator = AppStore|iPhoneSimulator
		AppStore|x64 = AppStore|x64
		AppStore|x86 = AppStore|x86
		Debug|Any CPU = Debug|Any CPU
		Debug|ARM = Debug|ARM
		Debug|iPhone = Debug|iPhone
		Debug|iPhoneSimulator = Debug|iPhoneSimulator
		Debug|x64 = Debug|x64
		Debug|x86 = Debug|x86
		Release|Any CPU = Release|Any CPU
		Release|ARM = Release|ARM
		Release|iPhone = Release|iPhone
		Release|iPhoneSimulator = Release|iPhoneSimulator
		Release|x64 = Release|x64
		Release|x86 = Release|x86
	EndGlobalSection
	GlobalSection(ProjectConfigurationPlatforms) = postSolution
		{FCE8262D-990C-4F24-802C-1B55512F1CC2}.Ad-Hoc|Any CPU.ActiveCfg = Release|Any CPU
		{FCE8262D-990C-4F24-802C-1B55512F1CC2}.Ad-Hoc|Any CPU.Build.0 = Release|Any CPU
		{FCE8262D-990C-4F24-802C-1B55512F1CC2}.Ad-Hoc|Any CPU.Deploy.0 = Release|Any CPU
		{FCE8262D-990C-4F24-802C-1B55512F1CC2}.Ad-Hoc|ARM.ActiveCfg = Release|Any CPU
		{FCE8262D-990C-4F24-802C-1B55512F1CC2}.Ad-Hoc|ARM.Build.0 = Release|Any CPU
		{FCE8262D-990C-4F24-802C-1B55512F1CC2}.Ad-Hoc|ARM.Deploy.0 = Release|Any CPU
		{FCE8262D-990C-4F24-802C-1B55512F1CC2}.Ad-Hoc|iPhone.ActiveCfg = Release|Any CPU
		{FCE8262D-990C-4F24-802C-1B55512F1CC2}.Ad-Hoc|iPhone.Build.0 = Release|Any CPU
		{FCE8262D-990C-4F24-802C-1B55512F1CC2}.Ad-Hoc|iPhone.Deploy.0 = Release|Any CPU
		{FCE8262D-990C-4F24-802C-1B55512F1CC2}.Ad-Hoc|iPhoneSimulator.ActiveCfg = Release|Any CPU
		{FCE8262D-990C-4F24-802C-1B55512F1CC2}.Ad-Hoc|iPhoneSimulator.Build.0 = Release|Any CPU
		{FCE8262D-990C-4F24-802C-1B55512F1CC2}.Ad-Hoc|iPhoneSimulator.Deploy.0 = Release|Any CPU
		{FCE8262D-990C-4F24-802C-1B55512F1CC2}.Ad-Hoc|x64.ActiveCfg = Release|Any CPU
		{FCE8262D-990C-4F24-802C-1B55512F1CC2}.Ad-Hoc|x64.Build.0 = Release|Any CPU
		{FCE8262D-990C-4F24-802C-1B55512F1CC2}.Ad-Hoc|x64.Deploy.0 = Release|Any CPU
		{FCE8262D-990C-4F24-802C-1B55512F1CC2}.Ad-Hoc|x86.ActiveCfg = Release|Any CPU
		{FCE8262D-990C-4F24-802C-1B55512F1CC2}.Ad-Hoc|x86.Build.0 = Release|Any CPU
		{FCE8262D-990C-4F24-802C-1B55512F1CC2}.Ad-Hoc|x86.Deploy.0 = Release|Any CPU
		{FCE8262D-990C-4F24-802C-1B55512F1CC2}.AppStore|Any CPU.ActiveCfg = Release|Any CPU
		{FCE8262D-990C-4F24-802C-1B55512F1CC2}.AppStore|Any CPU.Build.0 = Release|Any CPU
		{FCE8262D-990C-4F24-802C-1B55512F1CC2}.AppStore|Any CPU.Deploy.0 = Release|Any CPU
		{FCE8262D-990C-4F24-802C-1B55512F1CC2}.AppStore|ARM.ActiveCfg = Release|Any CPU
		{FCE8262D-990C-4F24-802C-1B55512F1CC2}.AppStore|ARM.Build.0 = Release|Any CPU
		{FCE8262D-990C-4F24-802C-1B55512F1CC2}.AppStore|ARM.Deploy.0 = Release|Any CPU
		{FCE8262D-990C-4F24-802C-1B55512F1CC2}.AppStore|iPhone.ActiveCfg = Release|Any CPU
		{FCE8262D-990C-4F24-802C-1B55512F1CC2}.AppStore|iPhone.Build.0 = Release|Any CPU
		{FCE8262D-990C-4F24-802C-1B55512F1CC2}.AppStore|iPhone.Deploy.0 = Release|Any CPU
		{FCE8262D-990C-4F24-802C-1B55512F1CC2}.AppStore|iPhoneSimulator.ActiveCfg = Release|Any CPU
		{FCE8262D-990C-4F24-802C-1B55512F1CC2}.AppStore|iPhoneSimulator.Build.0 = Release|Any CPU
		{FCE8262D-990C-4F24-802C-1B55512F1CC2}.AppStore|iPhoneSimulator.Deploy.0 = Release|Any CPU
		{FCE8262D-990C-4F24-802C-1B55512F1CC2}.AppStore|x64.ActiveCfg = Release|Any CPU
		{FCE8262D-990C-4F24-802C-1B55512F1CC2}.AppStore|x64.Build.0 = Release|Any CPU
		{FCE8262D-990C-4F24-802C-1B55512F1CC2}.AppStore|x64.Deploy.0 = Release|Any CPU
		{FCE8262D-990C-4F24-802C-1B55512F1CC2}.AppStore|x86.ActiveCfg = Release|Any CPU
		{FCE8262D-990C-4F24-802C-1B55512F1CC2}.AppStore|x86.Build.0 = Release|Any CPU
		{FCE8262D-990C-4F24-802C-1B55512F1CC2}.AppStore|x86.Deploy.0 = Release|Any CPU
		{FCE8262D-990C-4F24-802C-1B55512F1CC2}.Debug|Any CPU.ActiveCfg = Debug|Any CPU
		{FCE8262D-990C-4F24-802C-1B55512F1CC2}.Debug|Any CPU.Build.0 = Debug|Any CPU
		{FCE8262D-990C-4F24-802C-1B55512F1CC2}.Debug|Any CPU.Deploy.0 = Debug|Any CPU
		{FCE8262D-990C-4F24-802C-1B55512F1CC2}.Debug|ARM.ActiveCfg = Debug|Any CPU
		{FCE8262D-990C-4F24-802C-1B55512F1CC2}.Debug|ARM.Build.0 = Debug|Any CPU
		{FCE8262D-990C-4F24-802C-1B55512F1CC2}.Debug|ARM.Deploy.0 = Debug|Any CPU
		{FCE8262D-990C-4F24-802C-1B55512F1CC2}.Debug|iPhone.ActiveCfg = Debug|Any CPU
		{FCE8262D-990C-4F24-802C-1B55512F1CC2}.Debug|iPhone.Build.0 = Debug|Any CPU
		{FCE8262D-990C-4F24-802C-1B55512F1CC2}.Debug|iPhone.Deploy.0 = Debug|Any CPU
		{FCE8262D-990C-4F24-802C-1B55512F1CC2}.Debug|iPhoneSimulator.ActiveCfg = Debug|Any CPU
		{FCE8262D-990C-4F24-802C-1B55512F1CC2}.Debug|iPhoneSimulator.Build.0 = Debug|Any CPU
		{FCE8262D-990C-4F24-802C-1B55512F1CC2}.Debug|iPhoneSimulator.Deploy.0 = Debug|Any CPU
		{FCE8262D-990C-4F24-802C-1B55512F1CC2}.Debug|x64.ActiveCfg = Debug|Any CPU
		{FCE8262D-990C-4F24-802C-1B55512F1CC2}.Debug|x64.Build.0 = Debug|Any CPU
		{FCE8262D-990C-4F24-802C-1B55512F1CC2}.Debug|x64.Deploy.0 = Debug|Any CPU
		{FCE8262D-990C-4F24-802C-1B55512F1CC2}.Debug|x86.ActiveCfg = Debug|Any CPU
		{FCE8262D-990C-4F24-802C-1B55512F1CC2}.Debug|x86.Build.0 = Debug|Any CPU
		{FCE8262D-990C-4F24-802C-1B55512F1CC2}.Debug|x86.Deploy.0 = Debug|Any CPU
		{FCE8262D-990C-4F24-802C-1B55512F1CC2}.Release|Any CPU.ActiveCfg = Release|Any CPU
		{FCE8262D-990C-4F24-802C-1B55512F1CC2}.Release|Any CPU.Build.0 = Release|Any CPU
		{FCE8262D-990C-4F24-802C-1B55512F1CC2}.Release|Any CPU.Deploy.0 = Release|Any CPU
		{FCE8262D-990C-4F24-802C-1B55512F1CC2}.Release|ARM.ActiveCfg = Release|Any CPU
		{FCE8262D-990C-4F24-802C-1B55512F1CC2}.Release|ARM.Build.0 = Release|Any CPU
		{FCE8262D-990C-4F24-802C-1B55512F1CC2}.Release|ARM.Deploy.0 = Release|Any CPU
		{FCE8262D-990C-4F24-802C-1B55512F1CC2}.Release|iPhone.ActiveCfg = Release|Any CPU
		{FCE8262D-990C-4F24-802C-1B55512F1CC2}.Release|iPhone.Build.0 = Release|Any CPU
		{FCE8262D-990C-4F24-802C-1B55512F1CC2}.Release|iPhone.Deploy.0 = Release|Any CPU
		{FCE8262D-990C-4F24-802C-1B55512F1CC2}.Release|iPhoneSimulator.ActiveCfg = Release|Any CPU
		{FCE8262D-990C-4F24-802C-1B55512F1CC2}.Release|iPhoneSimulator.Build.0 = Release|Any CPU
		{FCE8262D-990C-4F24-802C-1B55512F1CC2}.Release|iPhoneSimulator.Deploy.0 = Release|Any CPU
		{FCE8262D-990C-4F24-802C-1B55512F1CC2}.Release|x64.ActiveCfg = Release|Any CPU
		{FCE8262D-990C-4F24-802C-1B55512F1CC2}.Release|x64.Build.0 = Release|Any CPU
		{FCE8262D-990C-4F24-802C-1B55512F1CC2}.Release|x64.Deploy.0 = Release|Any CPU
		{FCE8262D-990C-4F24-802C-1B55512F1CC2}.Release|x86.ActiveCfg = Release|Any CPU
		{FCE8262D-990C-4F24-802C-1B55512F1CC2}.Release|x86.Build.0 = Release|Any CPU
		{FCE8262D-990C-4F24-802C-1B55512F1CC2}.Release|x86.Deploy.0 = Release|Any CPU
		{B4103A8A-D936-4609-91FA-3C748637348F}.Ad-Hoc|Any CPU.ActiveCfg = Ad-Hoc|iPhone
		{B4103A8A-D936-4609-91FA-3C748637348F}.Ad-Hoc|Any CPU.Build.0 = Ad-Hoc|iPhone
		{B4103A8A-D936-4609-91FA-3C748637348F}.Ad-Hoc|Any CPU.Deploy.0 = Ad-Hoc|iPhone
		{B4103A8A-D936-4609-91FA-3C748637348F}.Ad-Hoc|ARM.ActiveCfg = Ad-Hoc|iPhone
		{B4103A8A-D936-4609-91FA-3C748637348F}.Ad-Hoc|ARM.Build.0 = Ad-Hoc|iPhone
		{B4103A8A-D936-4609-91FA-3C748637348F}.Ad-Hoc|ARM.Deploy.0 = Ad-Hoc|iPhone
		{B4103A8A-D936-4609-91FA-3C748637348F}.Ad-Hoc|iPhone.ActiveCfg = Ad-Hoc|iPhone
		{B4103A8A-D936-4609-91FA-3C748637348F}.Ad-Hoc|iPhone.Build.0 = Ad-Hoc|iPhone
		{B4103A8A-D936-4609-91FA-3C748637348F}.Ad-Hoc|iPhone.Deploy.0 = Ad-Hoc|iPhone
		{B4103A8A-D936-4609-91FA-3C748637348F}.Ad-Hoc|iPhoneSimulator.ActiveCfg = Ad-Hoc|iPhoneSimulator
		{B4103A8A-D936-4609-91FA-3C748637348F}.Ad-Hoc|iPhoneSimulator.Build.0 = Ad-Hoc|iPhoneSimulator
		{B4103A8A-D936-4609-91FA-3C748637348F}.Ad-Hoc|iPhoneSimulator.Deploy.0 = Ad-Hoc|iPhoneSimulator
		{B4103A8A-D936-4609-91FA-3C748637348F}.Ad-Hoc|x64.ActiveCfg = Ad-Hoc|iPhone
		{B4103A8A-D936-4609-91FA-3C748637348F}.Ad-Hoc|x64.Build.0 = Ad-Hoc|iPhone
		{B4103A8A-D936-4609-91FA-3C748637348F}.Ad-Hoc|x64.Deploy.0 = Ad-Hoc|iPhone
		{B4103A8A-D936-4609-91FA-3C748637348F}.Ad-Hoc|x86.ActiveCfg = Ad-Hoc|iPhone
		{B4103A8A-D936-4609-91FA-3C748637348F}.Ad-Hoc|x86.Build.0 = Ad-Hoc|iPhone
		{B4103A8A-D936-4609-91FA-3C748637348F}.Ad-Hoc|x86.Deploy.0 = Ad-Hoc|iPhone
		{B4103A8A-D936-4609-91FA-3C748637348F}.AppStore|Any CPU.ActiveCfg = AppStore|iPhone
		{B4103A8A-D936-4609-91FA-3C748637348F}.AppStore|Any CPU.Build.0 = AppStore|iPhone
		{B4103A8A-D936-4609-91FA-3C748637348F}.AppStore|Any CPU.Deploy.0 = AppStore|iPhone
		{B4103A8A-D936-4609-91FA-3C748637348F}.AppStore|ARM.ActiveCfg = AppStore|iPhone
		{B4103A8A-D936-4609-91FA-3C748637348F}.AppStore|ARM.Build.0 = AppStore|iPhone
		{B4103A8A-D936-4609-91FA-3C748637348F}.AppStore|ARM.Deploy.0 = AppStore|iPhone
		{B4103A8A-D936-4609-91FA-3C748637348F}.AppStore|iPhone.ActiveCfg = AppStore|iPhone
		{B4103A8A-D936-4609-91FA-3C748637348F}.AppStore|iPhone.Build.0 = AppStore|iPhone
		{B4103A8A-D936-4609-91FA-3C748637348F}.AppStore|iPhone.Deploy.0 = AppStore|iPhone
		{B4103A8A-D936-4609-91FA-3C748637348F}.AppStore|iPhoneSimulator.ActiveCfg = AppStore|iPhoneSimulator
		{B4103A8A-D936-4609-91FA-3C748637348F}.AppStore|iPhoneSimulator.Build.0 = AppStore|iPhoneSimulator
		{B4103A8A-D936-4609-91FA-3C748637348F}.AppStore|iPhoneSimulator.Deploy.0 = AppStore|iPhoneSimulator
		{B4103A8A-D936-4609-91FA-3C748637348F}.AppStore|x64.ActiveCfg = AppStore|iPhone
		{B4103A8A-D936-4609-91FA-3C748637348F}.AppStore|x64.Build.0 = AppStore|iPhone
		{B4103A8A-D936-4609-91FA-3C748637348F}.AppStore|x64.Deploy.0 = AppStore|iPhone
		{B4103A8A-D936-4609-91FA-3C748637348F}.AppStore|x86.ActiveCfg = AppStore|iPhone
		{B4103A8A-D936-4609-91FA-3C748637348F}.AppStore|x86.Build.0 = AppStore|iPhone
		{B4103A8A-D936-4609-91FA-3C748637348F}.AppStore|x86.Deploy.0 = AppStore|iPhone
		{B4103A8A-D936-4609-91FA-3C748637348F}.Debug|Any CPU.ActiveCfg = Debug|iPhoneSimulator
		{B4103A8A-D936-4609-91FA-3C748637348F}.Debug|Any CPU.Build.0 = Debug|iPhoneSimulator
		{B4103A8A-D936-4609-91FA-3C748637348F}.Debug|Any CPU.Deploy.0 = Debug|iPhoneSimulator
		{B4103A8A-D936-4609-91FA-3C748637348F}.Debug|ARM.ActiveCfg = Debug|iPhone
		{B4103A8A-D936-4609-91FA-3C748637348F}.Debug|ARM.Build.0 = Debug|iPhone
		{B4103A8A-D936-4609-91FA-3C748637348F}.Debug|ARM.Deploy.0 = Debug|iPhone
		{B4103A8A-D936-4609-91FA-3C748637348F}.Debug|iPhone.ActiveCfg = Debug|iPhone
		{B4103A8A-D936-4609-91FA-3C748637348F}.Debug|iPhone.Build.0 = Debug|iPhone
		{B4103A8A-D936-4609-91FA-3C748637348F}.Debug|iPhone.Deploy.0 = Debug|iPhone
		{B4103A8A-D936-4609-91FA-3C748637348F}.Debug|iPhoneSimulator.ActiveCfg = Debug|iPhoneSimulator
		{B4103A8A-D936-4609-91FA-3C748637348F}.Debug|iPhoneSimulator.Build.0 = Debug|iPhoneSimulator
		{B4103A8A-D936-4609-91FA-3C748637348F}.Debug|iPhoneSimulator.Deploy.0 = Debug|iPhoneSimulator
		{B4103A8A-D936-4609-91FA-3C748637348F}.Debug|x64.ActiveCfg = Debug|iPhone
		{B4103A8A-D936-4609-91FA-3C748637348F}.Debug|x64.Build.0 = Debug|iPhone
		{B4103A8A-D936-4609-91FA-3C748637348F}.Debug|x64.Deploy.0 = Debug|iPhone
		{B4103A8A-D936-4609-91FA-3C748637348F}.Debug|x86.ActiveCfg = Debug|iPhone
		{B4103A8A-D936-4609-91FA-3C748637348F}.Debug|x86.Build.0 = Debug|iPhone
		{B4103A8A-D936-4609-91FA-3C748637348F}.Debug|x86.Deploy.0 = Debug|iPhone
		{B4103A8A-D936-4609-91FA-3C748637348F}.Release|Any CPU.ActiveCfg = Release|iPhone
		{B4103A8A-D936-4609-91FA-3C748637348F}.Release|Any CPU.Build.0 = Release|iPhone
		{B4103A8A-D936-4609-91FA-3C748637348F}.Release|Any CPU.Deploy.0 = Release|iPhone
		{B4103A8A-D936-4609-91FA-3C748637348F}.Release|ARM.ActiveCfg = Release|iPhone
		{B4103A8A-D936-4609-91FA-3C748637348F}.Release|ARM.Build.0 = Release|iPhone
		{B4103A8A-D936-4609-91FA-3C748637348F}.Release|ARM.Deploy.0 = Release|iPhone
		{B4103A8A-D936-4609-91FA-3C748637348F}.Release|iPhone.ActiveCfg = Release|iPhone
		{B4103A8A-D936-4609-91FA-3C748637348F}.Release|iPhone.Build.0 = Release|iPhone
		{B4103A8A-D936-4609-91FA-3C748637348F}.Release|iPhone.Deploy.0 = Release|iPhone
		{B4103A8A-D936-4609-91FA-3C748637348F}.Release|iPhoneSimulator.ActiveCfg = Release|iPhoneSimulator
		{B4103A8A-D936-4609-91FA-3C748637348F}.Release|iPhoneSimulator.Build.0 = Release|iPhoneSimulator
		{B4103A8A-D936-4609-91FA-3C748637348F}.Release|iPhoneSimulator.Deploy.0 = Release|iPhoneSimulator
		{B4103A8A-D936-4609-91FA-3C748637348F}.Release|x64.ActiveCfg = Release|iPhone
		{B4103A8A-D936-4609-91FA-3C748637348F}.Release|x64.Build.0 = Release|iPhone
		{B4103A8A-D936-4609-91FA-3C748637348F}.Release|x64.Deploy.0 = Release|iPhone
		{B4103A8A-D936-4609-91FA-3C748637348F}.Release|x86.ActiveCfg = Release|iPhone
		{B4103A8A-D936-4609-91FA-3C748637348F}.Release|x86.Build.0 = Release|iPhone
		{B4103A8A-D936-4609-91FA-3C748637348F}.Release|x86.Deploy.0 = Release|iPhone
		{92C9B21C-EC1F-46C8-BDFE-E45AB5AB7DA1}.Ad-Hoc|Any CPU.ActiveCfg = Release|x86
		{92C9B21C-EC1F-46C8-BDFE-E45AB5AB7DA1}.Ad-Hoc|Any CPU.Build.0 = Release|x86
		{92C9B21C-EC1F-46C8-BDFE-E45AB5AB7DA1}.Ad-Hoc|Any CPU.Deploy.0 = Release|x86
		{92C9B21C-EC1F-46C8-BDFE-E45AB5AB7DA1}.Ad-Hoc|ARM.ActiveCfg = Release|ARM
		{92C9B21C-EC1F-46C8-BDFE-E45AB5AB7DA1}.Ad-Hoc|ARM.Build.0 = Release|ARM
		{92C9B21C-EC1F-46C8-BDFE-E45AB5AB7DA1}.Ad-Hoc|ARM.Deploy.0 = Release|ARM
		{92C9B21C-EC1F-46C8-BDFE-E45AB5AB7DA1}.Ad-Hoc|iPhone.ActiveCfg = Release|x86
		{92C9B21C-EC1F-46C8-BDFE-E45AB5AB7DA1}.Ad-Hoc|iPhone.Build.0 = Release|x86
		{92C9B21C-EC1F-46C8-BDFE-E45AB5AB7DA1}.Ad-Hoc|iPhone.Deploy.0 = Release|x86
		{92C9B21C-EC1F-46C8-BDFE-E45AB5AB7DA1}.Ad-Hoc|iPhoneSimulator.ActiveCfg = Release|x86
		{92C9B21C-EC1F-46C8-BDFE-E45AB5AB7DA1}.Ad-Hoc|iPhoneSimulator.Build.0 = Release|x86
		{92C9B21C-EC1F-46C8-BDFE-E45AB5AB7DA1}.Ad-Hoc|iPhoneSimulator.Deploy.0 = Release|x86
		{92C9B21C-EC1F-46C8-BDFE-E45AB5AB7DA1}.Ad-Hoc|x64.ActiveCfg = Release|x64
		{92C9B21C-EC1F-46C8-BDFE-E45AB5AB7DA1}.Ad-Hoc|x64.Build.0 = Release|x64
		{92C9B21C-EC1F-46C8-BDFE-E45AB5AB7DA1}.Ad-Hoc|x64.Deploy.0 = Release|x64
		{92C9B21C-EC1F-46C8-BDFE-E45AB5AB7DA1}.Ad-Hoc|x86.ActiveCfg = Release|x86
		{92C9B21C-EC1F-46C8-BDFE-E45AB5AB7DA1}.Ad-Hoc|x86.Build.0 = Release|x86
		{92C9B21C-EC1F-46C8-BDFE-E45AB5AB7DA1}.Ad-Hoc|x86.Deploy.0 = Release|x86
		{92C9B21C-EC1F-46C8-BDFE-E45AB5AB7DA1}.AppStore|Any CPU.ActiveCfg = Release|x86
		{92C9B21C-EC1F-46C8-BDFE-E45AB5AB7DA1}.AppStore|Any CPU.Build.0 = Release|x86
		{92C9B21C-EC1F-46C8-BDFE-E45AB5AB7DA1}.AppStore|Any CPU.Deploy.0 = Release|x86
		{92C9B21C-EC1F-46C8-BDFE-E45AB5AB7DA1}.AppStore|ARM.ActiveCfg = Release|ARM
		{92C9B21C-EC1F-46C8-BDFE-E45AB5AB7DA1}.AppStore|ARM.Build.0 = Release|ARM
		{92C9B21C-EC1F-46C8-BDFE-E45AB5AB7DA1}.AppStore|ARM.Deploy.0 = Release|ARM
		{92C9B21C-EC1F-46C8-BDFE-E45AB5AB7DA1}.AppStore|iPhone.ActiveCfg = Release|x86
		{92C9B21C-EC1F-46C8-BDFE-E45AB5AB7DA1}.AppStore|iPhone.Build.0 = Release|x86
		{92C9B21C-EC1F-46C8-BDFE-E45AB5AB7DA1}.AppStore|iPhone.Deploy.0 = Release|x86
		{92C9B21C-EC1F-46C8-BDFE-E45AB5AB7DA1}.AppStore|iPhoneSimulator.ActiveCfg = Release|x86
		{92C9B21C-EC1F-46C8-BDFE-E45AB5AB7DA1}.AppStore|iPhoneSimulator.Build.0 = Release|x86
		{92C9B21C-EC1F-46C8-BDFE-E45AB5AB7DA1}.AppStore|iPhoneSimulator.Deploy.0 = Release|x86
		{92C9B21C-EC1F-46C8-BDFE-E45AB5AB7DA1}.AppStore|x64.ActiveCfg = Release|x64
		{92C9B21C-EC1F-46C8-BDFE-E45AB5AB7DA1}.AppStore|x64.Build.0 = Release|x64
		{92C9B21C-EC1F-46C8-BDFE-E45AB5AB7DA1}.AppStore|x64.Deploy.0 = Release|x64
		{92C9B21C-EC1F-46C8-BDFE-E45AB5AB7DA1}.AppStore|x86.ActiveCfg = Release|x86
		{92C9B21C-EC1F-46C8-BDFE-E45AB5AB7DA1}.AppStore|x86.Build.0 = Release|x86
		{92C9B21C-EC1F-46C8-BDFE-E45AB5AB7DA1}.AppStore|x86.Deploy.0 = Release|x86
		{92C9B21C-EC1F-46C8-BDFE-E45AB5AB7DA1}.Debug|Any CPU.ActiveCfg = Debug|x86
		{92C9B21C-EC1F-46C8-BDFE-E45AB5AB7DA1}.Debug|Any CPU.Build.0 = Debug|x86
		{92C9B21C-EC1F-46C8-BDFE-E45AB5AB7DA1}.Debug|Any CPU.Deploy.0 = Debug|x86
		{92C9B21C-EC1F-46C8-BDFE-E45AB5AB7DA1}.Debug|ARM.ActiveCfg = Debug|ARM
		{92C9B21C-EC1F-46C8-BDFE-E45AB5AB7DA1}.Debug|ARM.Build.0 = Debug|ARM
		{92C9B21C-EC1F-46C8-BDFE-E45AB5AB7DA1}.Debug|ARM.Deploy.0 = Debug|ARM
		{92C9B21C-EC1F-46C8-BDFE-E45AB5AB7DA1}.Debug|iPhone.ActiveCfg = Debug|x86
		{92C9B21C-EC1F-46C8-BDFE-E45AB5AB7DA1}.Debug|iPhone.Build.0 = Debug|x86
		{92C9B21C-EC1F-46C8-BDFE-E45AB5AB7DA1}.Debug|iPhone.Deploy.0 = Debug|x86
		{92C9B21C-EC1F-46C8-BDFE-E45AB5AB7DA1}.Debug|iPhoneSimulator.ActiveCfg = Debug|x86
		{92C9B21C-EC1F-46C8-BDFE-E45AB5AB7DA1}.Debug|iPhoneSimulator.Build.0 = Debug|x86
		{92C9B21C-EC1F-46C8-BDFE-E45AB5AB7DA1}.Debug|iPhoneSimulator.Deploy.0 = Debug|x86
		{92C9B21C-EC1F-46C8-BDFE-E45AB5AB7DA1}.Debug|x64.ActiveCfg = Debug|x64
		{92C9B21C-EC1F-46C8-BDFE-E45AB5AB7DA1}.Debug|x64.Build.0 = Debug|x64
		{92C9B21C-EC1F-46C8-BDFE-E45AB5AB7DA1}.Debug|x64.Deploy.0 = Debug|x64
		{92C9B21C-EC1F-46C8-BDFE-E45AB5AB7DA1}.Debug|x86.ActiveCfg = Debug|x86
		{92C9B21C-EC1F-46C8-BDFE-E45AB5AB7DA1}.Debug|x86.Build.0 = Debug|x86
		{92C9B21C-EC1F-46C8-BDFE-E45AB5AB7DA1}.Debug|x86.Deploy.0 = Debug|x86
		{92C9B21C-EC1F-46C8-BDFE-E45AB5AB7DA1}.Release|Any CPU.ActiveCfg = Release|x86
		{92C9B21C-EC1F-46C8-BDFE-E45AB5AB7DA1}.Release|Any CPU.Build.0 = Release|x86
		{92C9B21C-EC1F-46C8-BDFE-E45AB5AB7DA1}.Release|Any CPU.Deploy.0 = Release|x86
		{92C9B21C-EC1F-46C8-BDFE-E45AB5AB7DA1}.Release|ARM.ActiveCfg = Release|ARM
		{92C9B21C-EC1F-46C8-BDFE-E45AB5AB7DA1}.Release|ARM.Build.0 = Release|ARM
		{92C9B21C-EC1F-46C8-BDFE-E45AB5AB7DA1}.Release|ARM.Deploy.0 = Release|ARM
		{92C9B21C-EC1F-46C8-BDFE-E45AB5AB7DA1}.Release|iPhone.ActiveCfg = Release|x86
		{92C9B21C-EC1F-46C8-BDFE-E45AB5AB7DA1}.Release|iPhone.Build.0 = Release|x86
		{92C9B21C-EC1F-46C8-BDFE-E45AB5AB7DA1}.Release|iPhone.Deploy.0 = Release|x86
		{92C9B21C-EC1F-46C8-BDFE-E45AB5AB7DA1}.Release|iPhoneSimulator.ActiveCfg = Release|x86
		{92C9B21C-EC1F-46C8-BDFE-E45AB5AB7DA1}.Release|iPhoneSimulator.Build.0 = Release|x86
		{92C9B21C-EC1F-46C8-BDFE-E45AB5AB7DA1}.Release|iPhoneSimulator.Deploy.0 = Release|x86
		{92C9B21C-EC1F-46C8-BDFE-E45AB5AB7DA1}.Release|x64.ActiveCfg = Release|x64
		{92C9B21C-EC1F-46C8-BDFE-E45AB5AB7DA1}.Release|x64.Build.0 = Release|x64
		{92C9B21C-EC1F-46C8-BDFE-E45AB5AB7DA1}.Release|x64.Deploy.0 = Release|x64
		{92C9B21C-EC1F-46C8-BDFE-E45AB5AB7DA1}.Release|x86.ActiveCfg = Release|x86
		{92C9B21C-EC1F-46C8-BDFE-E45AB5AB7DA1}.Release|x86.Build.0 = Release|x86
		{92C9B21C-EC1F-46C8-BDFE-E45AB5AB7DA1}.Release|x86.Deploy.0 = Release|x86
		{AB513E29-33E0-4A0C-9184-58AFA9069247}.Ad-Hoc|Any CPU.ActiveCfg = Debug|Any CPU
		{AB513E29-33E0-4A0C-9184-58AFA9069247}.Ad-Hoc|Any CPU.Build.0 = Debug|Any CPU
		{AB513E29-33E0-4A0C-9184-58AFA9069247}.Ad-Hoc|Any CPU.Deploy.0 = Debug|Any CPU
		{AB513E29-33E0-4A0C-9184-58AFA9069247}.Ad-Hoc|ARM.ActiveCfg = Debug|Any CPU
		{AB513E29-33E0-4A0C-9184-58AFA9069247}.Ad-Hoc|ARM.Build.0 = Debug|Any CPU
		{AB513E29-33E0-4A0C-9184-58AFA9069247}.Ad-Hoc|ARM.Deploy.0 = Debug|Any CPU
		{AB513E29-33E0-4A0C-9184-58AFA9069247}.Ad-Hoc|iPhone.ActiveCfg = Debug|Any CPU
		{AB513E29-33E0-4A0C-9184-58AFA9069247}.Ad-Hoc|iPhone.Build.0 = Debug|Any CPU
		{AB513E29-33E0-4A0C-9184-58AFA9069247}.Ad-Hoc|iPhone.Deploy.0 = Debug|Any CPU
		{AB513E29-33E0-4A0C-9184-58AFA9069247}.Ad-Hoc|iPhoneSimulator.ActiveCfg = Debug|Any CPU
		{AB513E29-33E0-4A0C-9184-58AFA9069247}.Ad-Hoc|iPhoneSimulator.Build.0 = Debug|Any CPU
		{AB513E29-33E0-4A0C-9184-58AFA9069247}.Ad-Hoc|iPhoneSimulator.Deploy.0 = Debug|Any CPU
		{AB513E29-33E0-4A0C-9184-58AFA9069247}.Ad-Hoc|x64.ActiveCfg = Debug|Any CPU
		{AB513E29-33E0-4A0C-9184-58AFA9069247}.Ad-Hoc|x64.Build.0 = Debug|Any CPU
		{AB513E29-33E0-4A0C-9184-58AFA9069247}.Ad-Hoc|x64.Deploy.0 = Debug|Any CPU
		{AB513E29-33E0-4A0C-9184-58AFA9069247}.Ad-Hoc|x86.ActiveCfg = Debug|Any CPU
		{AB513E29-33E0-4A0C-9184-58AFA9069247}.Ad-Hoc|x86.Build.0 = Debug|Any CPU
		{AB513E29-33E0-4A0C-9184-58AFA9069247}.Ad-Hoc|x86.Deploy.0 = Debug|Any CPU
		{AB513E29-33E0-4A0C-9184-58AFA9069247}.AppStore|Any CPU.ActiveCfg = Debug|Any CPU
		{AB513E29-33E0-4A0C-9184-58AFA9069247}.AppStore|Any CPU.Build.0 = Debug|Any CPU
		{AB513E29-33E0-4A0C-9184-58AFA9069247}.AppStore|Any CPU.Deploy.0 = Debug|Any CPU
		{AB513E29-33E0-4A0C-9184-58AFA9069247}.AppStore|ARM.ActiveCfg = Debug|Any CPU
		{AB513E29-33E0-4A0C-9184-58AFA9069247}.AppStore|ARM.Build.0 = Debug|Any CPU
		{AB513E29-33E0-4A0C-9184-58AFA9069247}.AppStore|ARM.Deploy.0 = Debug|Any CPU
		{AB513E29-33E0-4A0C-9184-58AFA9069247}.AppStore|iPhone.ActiveCfg = Debug|Any CPU
		{AB513E29-33E0-4A0C-9184-58AFA9069247}.AppStore|iPhone.Build.0 = Debug|Any CPU
		{AB513E29-33E0-4A0C-9184-58AFA9069247}.AppStore|iPhone.Deploy.0 = Debug|Any CPU
		{AB513E29-33E0-4A0C-9184-58AFA9069247}.AppStore|iPhoneSimulator.ActiveCfg = Debug|Any CPU
		{AB513E29-33E0-4A0C-9184-58AFA9069247}.AppStore|iPhoneSimulator.Build.0 = Debug|Any CPU
		{AB513E29-33E0-4A0C-9184-58AFA9069247}.AppStore|iPhoneSimulator.Deploy.0 = Debug|Any CPU
		{AB513E29-33E0-4A0C-9184-58AFA9069247}.AppStore|x64.ActiveCfg = Debug|Any CPU
		{AB513E29-33E0-4A0C-9184-58AFA9069247}.AppStore|x64.Build.0 = Debug|Any CPU
		{AB513E29-33E0-4A0C-9184-58AFA9069247}.AppStore|x64.Deploy.0 = Debug|Any CPU
		{AB513E29-33E0-4A0C-9184-58AFA9069247}.AppStore|x86.ActiveCfg = Debug|Any CPU
		{AB513E29-33E0-4A0C-9184-58AFA9069247}.AppStore|x86.Build.0 = Debug|Any CPU
		{AB513E29-33E0-4A0C-9184-58AFA9069247}.AppStore|x86.Deploy.0 = Debug|Any CPU
		{AB513E29-33E0-4A0C-9184-58AFA9069247}.Debug|Any CPU.ActiveCfg = Debug|Any CPU
		{AB513E29-33E0-4A0C-9184-58AFA9069247}.Debug|Any CPU.Build.0 = Debug|Any CPU
		{AB513E29-33E0-4A0C-9184-58AFA9069247}.Debug|Any CPU.Deploy.0 = Debug|Any CPU
		{AB513E29-33E0-4A0C-9184-58AFA9069247}.Debug|ARM.ActiveCfg = Debug|Any CPU
		{AB513E29-33E0-4A0C-9184-58AFA9069247}.Debug|ARM.Build.0 = Debug|Any CPU
		{AB513E29-33E0-4A0C-9184-58AFA9069247}.Debug|ARM.Deploy.0 = Debug|Any CPU
		{AB513E29-33E0-4A0C-9184-58AFA9069247}.Debug|iPhone.ActiveCfg = Debug|Any CPU
		{AB513E29-33E0-4A0C-9184-58AFA9069247}.Debug|iPhone.Build.0 = Debug|Any CPU
		{AB513E29-33E0-4A0C-9184-58AFA9069247}.Debug|iPhone.Deploy.0 = Debug|Any CPU
		{AB513E29-33E0-4A0C-9184-58AFA9069247}.Debug|iPhoneSimulator.ActiveCfg = Debug|Any CPU
		{AB513E29-33E0-4A0C-9184-58AFA9069247}.Debug|iPhoneSimulator.Build.0 = Debug|Any CPU
		{AB513E29-33E0-4A0C-9184-58AFA9069247}.Debug|iPhoneSimulator.Deploy.0 = Debug|Any CPU
		{AB513E29-33E0-4A0C-9184-58AFA9069247}.Debug|x64.ActiveCfg = Debug|Any CPU
		{AB513E29-33E0-4A0C-9184-58AFA9069247}.Debug|x64.Build.0 = Debug|Any CPU
		{AB513E29-33E0-4A0C-9184-58AFA9069247}.Debug|x64.Deploy.0 = Debug|Any CPU
		{AB513E29-33E0-4A0C-9184-58AFA9069247}.Debug|x86.ActiveCfg = Debug|Any CPU
		{AB513E29-33E0-4A0C-9184-58AFA9069247}.Debug|x86.Build.0 = Debug|Any CPU
		{AB513E29-33E0-4A0C-9184-58AFA9069247}.Debug|x86.Deploy.0 = Debug|Any CPU
		{AB513E29-33E0-4A0C-9184-58AFA9069247}.Release|Any CPU.ActiveCfg = Release|Any CPU
		{AB513E29-33E0-4A0C-9184-58AFA9069247}.Release|Any CPU.Build.0 = Release|Any CPU
		{AB513E29-33E0-4A0C-9184-58AFA9069247}.Release|Any CPU.Deploy.0 = Release|Any CPU
		{AB513E29-33E0-4A0C-9184-58AFA9069247}.Release|ARM.ActiveCfg = Release|Any CPU
		{AB513E29-33E0-4A0C-9184-58AFA9069247}.Release|ARM.Build.0 = Release|Any CPU
		{AB513E29-33E0-4A0C-9184-58AFA9069247}.Release|ARM.Deploy.0 = Release|Any CPU
		{AB513E29-33E0-4A0C-9184-58AFA9069247}.Release|iPhone.ActiveCfg = Release|Any CPU
		{AB513E29-33E0-4A0C-9184-58AFA9069247}.Release|iPhone.Build.0 = Release|Any CPU
		{AB513E29-33E0-4A0C-9184-58AFA9069247}.Release|iPhone.Deploy.0 = Release|Any CPU
		{AB513E29-33E0-4A0C-9184-58AFA9069247}.Release|iPhoneSimulator.ActiveCfg = Release|Any CPU
		{AB513E29-33E0-4A0C-9184-58AFA9069247}.Release|iPhoneSimulator.Build.0 = Release|Any CPU
		{AB513E29-33E0-4A0C-9184-58AFA9069247}.Release|iPhoneSimulator.Deploy.0 = Release|Any CPU
		{AB513E29-33E0-4A0C-9184-58AFA9069247}.Release|x64.ActiveCfg = Release|Any CPU
		{AB513E29-33E0-4A0C-9184-58AFA9069247}.Release|x64.Build.0 = Release|Any CPU
		{AB513E29-33E0-4A0C-9184-58AFA9069247}.Release|x64.Deploy.0 = Release|Any CPU
		{AB513E29-33E0-4A0C-9184-58AFA9069247}.Release|x86.ActiveCfg = Release|Any CPU
		{AB513E29-33E0-4A0C-9184-58AFA9069247}.Release|x86.Build.0 = Release|Any CPU
		{AB513E29-33E0-4A0C-9184-58AFA9069247}.Release|x86.Deploy.0 = Release|Any CPU
	EndGlobalSection
	GlobalSection(SolutionProperties) = preSolution
		HideSolutionNode = FALSE
	EndGlobalSection
	GlobalSection(ExtensibilityGlobals) = postSolution
		SolutionGuid = {3329EA13-5A97-4044-A6BB-E638CFE0BAA3}
	EndGlobalSection
EndGlobal
