
Microsoft Visual Studio Solution File, Format Version 12.00
# Visual Studio 15
VisualStudioVersion = 15.0.28010.2048
MinimumVisualStudioVersion = 10.0.40219.1
Project("{FAE04EC0-301F-11D3-BF4B-00C04F79EFBC}") = "XamarinGrid1.Android", "XamarinGrid1\XamarinGrid1.Android\XamarinGrid1.Android.csproj", "{C3ECCA2D-2060-45FE-B599-FD9316736CF2}"
EndProject
Project("{FAE04EC0-301F-11D3-BF4B-00C04F79EFBC}") = "XamarinGrid1.iOS", "XamarinGrid1\XamarinGrid1.iOS\XamarinGrid1.iOS.csproj", "{53038E80-9699-4DCA-B079-6A317ED60614}"
EndProject
Project("{FAE04EC0-301F-11D3-BF4B-00C04F79EFBC}") = "XamarinGrid1.UWP", "XamarinGrid1\XamarinGrid1.UWP\XamarinGrid1.UWP.csproj", "{FCB2D168-A884-41A9-8465-7C124FD6DCB4}"
EndProject
Project("{FAE04EC0-301F-11D3-BF4B-00C04F79EFBC}") = "XamarinGrid1", "XamarinGrid1\XamarinGrid1\XamarinGrid1.csproj", "{CF6F075A-1013-49F5-80CD-50DD1484BA09}"
EndProject
Global
	GlobalSection(SolutionConfigurationPlatforms) = preSolution
		Ad-Hoc|Any CPU = Ad-Hoc|Any CPU
		Ad-Hoc|ARM = Ad-Hoc|ARM
		Ad-Hoc|iPhone = Ad-Hoc|iPhone
		Ad-Hoc|iPhoneSimulator = Ad-Hoc|iPhoneSimulator
		Ad-Hoc|x64 = Ad-Hoc|x64
		Ad-Hoc|x86 = Ad-Hoc|x86
		AppStore|Any CPU = AppStore|Any CPU
		AppStore|ARM = AppStore|ARM
		AppStore|iPhone = AppStore|iPhone
		AppStore|iPhoneSimulator = AppStore|iPhoneSimulator
		AppStore|x64 = AppStore|x64
		AppStore|x86 = AppStore|x86
		Debug|Any CPU = Debug|Any CPU
		Debug|ARM = Debug|ARM
		Debug|iPhone = Debug|iPhone
		Debug|iPhoneSimulator = Debug|iPhoneSimulator
		Debug|x64 = Debug|x64
		Debug|x86 = Debug|x86
		Release|Any CPU = Release|Any CPU
		Release|ARM = Release|ARM
		Release|iPhone = Release|iPhone
		Release|iPhoneSimulator = Release|iPhoneSimulator
		Release|x64 = Release|x64
		Release|x86 = Release|x86
	EndGlobalSection
	GlobalSection(ProjectConfigurationPlatforms) = postSolution
		{C3ECCA2D-2060-45FE-B599-FD9316736CF2}.Ad-Hoc|Any CPU.ActiveCfg = Release|Any CPU
		{C3ECCA2D-2060-45FE-B599-FD9316736CF2}.Ad-Hoc|Any CPU.Build.0 = Release|Any CPU
		{C3ECCA2D-2060-45FE-B599-FD9316736CF2}.Ad-Hoc|Any CPU.Deploy.0 = Release|Any CPU
		{C3ECCA2D-2060-45FE-B599-FD9316736CF2}.Ad-Hoc|ARM.ActiveCfg = Release|Any CPU
		{C3ECCA2D-2060-45FE-B599-FD9316736CF2}.Ad-Hoc|ARM.Build.0 = Release|Any CPU
		{C3ECCA2D-2060-45FE-B599-FD9316736CF2}.Ad-Hoc|ARM.Deploy.0 = Release|Any CPU
		{C3ECCA2D-2060-45FE-B599-FD9316736CF2}.Ad-Hoc|iPhone.ActiveCfg = Release|Any CPU
		{C3ECCA2D-2060-45FE-B599-FD9316736CF2}.Ad-Hoc|iPhone.Build.0 = Release|Any CPU
		{C3ECCA2D-2060-45FE-B599-FD9316736CF2}.Ad-Hoc|iPhone.Deploy.0 = Release|Any CPU
		{C3ECCA2D-2060-45FE-B599-FD9316736CF2}.Ad-Hoc|iPhoneSimulator.ActiveCfg = Release|Any CPU
		{C3ECCA2D-2060-45FE-B599-FD9316736CF2}.Ad-Hoc|iPhoneSimulator.Build.0 = Release|Any CPU
		{C3ECCA2D-2060-45FE-B599-FD9316736CF2}.Ad-Hoc|iPhoneSimulator.Deploy.0 = Release|Any CPU
		{C3ECCA2D-2060-45FE-B599-FD9316736CF2}.Ad-Hoc|x64.ActiveCfg = Release|Any CPU
		{C3ECCA2D-2060-45FE-B599-FD9316736CF2}.Ad-Hoc|x64.Build.0 = Release|Any CPU
		{C3ECCA2D-2060-45FE-B599-FD9316736CF2}.Ad-Hoc|x64.Deploy.0 = Release|Any CPU
		{C3ECCA2D-2060-45FE-B599-FD9316736CF2}.Ad-Hoc|x86.ActiveCfg = Release|Any CPU
		{C3ECCA2D-2060-45FE-B599-FD9316736CF2}.Ad-Hoc|x86.Build.0 = Release|Any CPU
		{C3ECCA2D-2060-45FE-B599-FD9316736CF2}.Ad-Hoc|x86.Deploy.0 = Release|Any CPU
		{C3ECCA2D-2060-45FE-B599-FD9316736CF2}.AppStore|Any CPU.ActiveCfg = Release|Any CPU
		{C3ECCA2D-2060-45FE-B599-FD9316736CF2}.AppStore|Any CPU.Build.0 = Release|Any CPU
		{C3ECCA2D-2060-45FE-B599-FD9316736CF2}.AppStore|Any CPU.Deploy.0 = Release|Any CPU
		{C3ECCA2D-2060-45FE-B599-FD9316736CF2}.AppStore|ARM.ActiveCfg = Release|Any CPU
		{C3ECCA2D-2060-45FE-B599-FD9316736CF2}.AppStore|ARM.Build.0 = Release|Any CPU
		{C3ECCA2D-2060-45FE-B599-FD9316736CF2}.AppStore|ARM.Deploy.0 = Release|Any CPU
		{C3ECCA2D-2060-45FE-B599-FD9316736CF2}.AppStore|iPhone.ActiveCfg = Release|Any CPU
		{C3ECCA2D-2060-45FE-B599-FD9316736CF2}.AppStore|iPhone.Build.0 = Release|Any CPU
		{C3ECCA2D-2060-45FE-B599-FD9316736CF2}.AppStore|iPhone.Deploy.0 = Release|Any CPU
		{C3ECCA2D-2060-45FE-B599-FD9316736CF2}.AppStore|iPhoneSimulator.ActiveCfg = Release|Any CPU
		{C3ECCA2D-2060-45FE-B599-FD9316736CF2}.AppStore|iPhoneSimulator.Build.0 = Release|Any CPU
		{C3ECCA2D-2060-45FE-B599-FD9316736CF2}.AppStore|iPhoneSimulator.Deploy.0 = Release|Any CPU
		{C3ECCA2D-2060-45FE-B599-FD9316736CF2}.AppStore|x64.ActiveCfg = Release|Any CPU
		{C3ECCA2D-2060-45FE-B599-FD9316736CF2}.AppStore|x64.Build.0 = Release|Any CPU
		{C3ECCA2D-2060-45FE-B599-FD9316736CF2}.AppStore|x64.Deploy.0 = Release|Any CPU
		{C3ECCA2D-2060-45FE-B599-FD9316736CF2}.AppStore|x86.ActiveCfg = Release|Any CPU
		{C3ECCA2D-2060-45FE-B599-FD9316736CF2}.AppStore|x86.Build.0 = Release|Any CPU
		{C3ECCA2D-2060-45FE-B599-FD9316736CF2}.AppStore|x86.Deploy.0 = Release|Any CPU
		{C3ECCA2D-2060-45FE-B599-FD9316736CF2}.Debug|Any CPU.ActiveCfg = Debug|Any CPU
		{C3ECCA2D-2060-45FE-B599-FD9316736CF2}.Debug|Any CPU.Build.0 = Debug|Any CPU
		{C3ECCA2D-2060-45FE-B599-FD9316736CF2}.Debug|Any CPU.Deploy.0 = Debug|Any CPU
		{C3ECCA2D-2060-45FE-B599-FD9316736CF2}.Debug|ARM.ActiveCfg = Debug|Any CPU
		{C3ECCA2D-2060-45FE-B599-FD9316736CF2}.Debug|ARM.Build.0 = Debug|Any CPU
		{C3ECCA2D-2060-45FE-B599-FD9316736CF2}.Debug|ARM.Deploy.0 = Debug|Any CPU
		{C3ECCA2D-2060-45FE-B599-FD9316736CF2}.Debug|iPhone.ActiveCfg = Debug|Any CPU
		{C3ECCA2D-2060-45FE-B599-FD9316736CF2}.Debug|iPhone.Build.0 = Debug|Any CPU
		{C3ECCA2D-2060-45FE-B599-FD9316736CF2}.Debug|iPhone.Deploy.0 = Debug|Any CPU
		{C3ECCA2D-2060-45FE-B599-FD9316736CF2}.Debug|iPhoneSimulator.ActiveCfg = Debug|Any CPU
		{C3ECCA2D-2060-45FE-B599-FD9316736CF2}.Debug|iPhoneSimulator.Build.0 = Debug|Any CPU
		{C3ECCA2D-2060-45FE-B599-FD9316736CF2}.Debug|iPhoneSimulator.Deploy.0 = Debug|Any CPU
		{C3ECCA2D-2060-45FE-B599-FD9316736CF2}.Debug|x64.ActiveCfg = Debug|Any CPU
		{C3ECCA2D-2060-45FE-B599-FD9316736CF2}.Debug|x64.Build.0 = Debug|Any CPU
		{C3ECCA2D-2060-45FE-B599-FD9316736CF2}.Debug|x64.Deploy.0 = Debug|Any CPU
		{C3ECCA2D-2060-45FE-B599-FD9316736CF2}.Debug|x86.ActiveCfg = Debug|Any CPU
		{C3ECCA2D-2060-45FE-B599-FD9316736CF2}.Debug|x86.Build.0 = Debug|Any CPU
		{C3ECCA2D-2060-45FE-B599-FD9316736CF2}.Debug|x86.Deploy.0 = Debug|Any CPU
		{C3ECCA2D-2060-45FE-B599-FD9316736CF2}.Release|Any CPU.ActiveCfg = Release|Any CPU
		{C3ECCA2D-2060-45FE-B599-FD9316736CF2}.Release|Any CPU.Build.0 = Release|Any CPU
		{C3ECCA2D-2060-45FE-B599-FD9316736CF2}.Release|Any CPU.Deploy.0 = Release|Any CPU
		{C3ECCA2D-2060-45FE-B599-FD9316736CF2}.Release|ARM.ActiveCfg = Release|Any CPU
		{C3ECCA2D-2060-45FE-B599-FD9316736CF2}.Release|ARM.Build.0 = Release|Any CPU
		{C3ECCA2D-2060-45FE-B599-FD9316736CF2}.Release|ARM.Deploy.0 = Release|Any CPU
		{C3ECCA2D-2060-45FE-B599-FD9316736CF2}.Release|iPhone.ActiveCfg = Release|Any CPU
		{C3ECCA2D-2060-45FE-B599-FD9316736CF2}.Release|iPhone.Build.0 = Release|Any CPU
		{C3ECCA2D-2060-45FE-B599-FD9316736CF2}.Release|iPhone.Deploy.0 = Release|Any CPU
		{C3ECCA2D-2060-45FE-B599-FD9316736CF2}.Release|iPhoneSimulator.ActiveCfg = Release|Any CPU
		{C3ECCA2D-2060-45FE-B599-FD9316736CF2}.Release|iPhoneSimulator.Build.0 = Release|Any CPU
		{C3ECCA2D-2060-45FE-B599-FD9316736CF2}.Release|iPhoneSimulator.Deploy.0 = Release|Any CPU
		{C3ECCA2D-2060-45FE-B599-FD9316736CF2}.Release|x64.ActiveCfg = Release|Any CPU
		{C3ECCA2D-2060-45FE-B599-FD9316736CF2}.Release|x64.Build.0 = Release|Any CPU
		{C3ECCA2D-2060-45FE-B599-FD9316736CF2}.Release|x64.Deploy.0 = Release|Any CPU
		{C3ECCA2D-2060-45FE-B599-FD9316736CF2}.Release|x86.ActiveCfg = Release|Any CPU
		{C3ECCA2D-2060-45FE-B599-FD9316736CF2}.Release|x86.Build.0 = Release|Any CPU
		{C3ECCA2D-2060-45FE-B599-FD9316736CF2}.Release|x86.Deploy.0 = Release|Any CPU
		{53038E80-9699-4DCA-B079-6A317ED60614}.Ad-Hoc|Any CPU.ActiveCfg = Ad-Hoc|iPhone
		{53038E80-9699-4DCA-B079-6A317ED60614}.Ad-Hoc|Any CPU.Build.0 = Ad-Hoc|iPhone
		{53038E80-9699-4DCA-B079-6A317ED60614}.Ad-Hoc|Any CPU.Deploy.0 = Ad-Hoc|iPhone
		{53038E80-9699-4DCA-B079-6A317ED60614}.Ad-Hoc|ARM.ActiveCfg = Ad-Hoc|iPhone
		{53038E80-9699-4DCA-B079-6A317ED60614}.Ad-Hoc|ARM.Build.0 = Ad-Hoc|iPhone
		{53038E80-9699-4DCA-B079-6A317ED60614}.Ad-Hoc|ARM.Deploy.0 = Ad-Hoc|iPhone
		{53038E80-9699-4DCA-B079-6A317ED60614}.Ad-Hoc|iPhone.ActiveCfg = Ad-Hoc|iPhone
		{53038E80-9699-4DCA-B079-6A317ED60614}.Ad-Hoc|iPhone.Build.0 = Ad-Hoc|iPhone
		{53038E80-9699-4DCA-B079-6A317ED60614}.Ad-Hoc|iPhone.Deploy.0 = Ad-Hoc|iPhone
		{53038E80-9699-4DCA-B079-6A317ED60614}.Ad-Hoc|iPhoneSimulator.ActiveCfg = Ad-Hoc|iPhoneSimulator
		{53038E80-9699-4DCA-B079-6A317ED60614}.Ad-Hoc|iPhoneSimulator.Build.0 = Ad-Hoc|iPhoneSimulator
		{53038E80-9699-4DCA-B079-6A317ED60614}.Ad-Hoc|iPhoneSimulator.Deploy.0 = Ad-Hoc|iPhoneSimulator
		{53038E80-9699-4DCA-B079-6A317ED60614}.Ad-Hoc|x64.ActiveCfg = Ad-Hoc|iPhone
		{53038E80-9699-4DCA-B079-6A317ED60614}.Ad-Hoc|x64.Build.0 = Ad-Hoc|iPhone
		{53038E80-9699-4DCA-B079-6A317ED60614}.Ad-Hoc|x64.Deploy.0 = Ad-Hoc|iPhone
		{53038E80-9699-4DCA-B079-6A317ED60614}.Ad-Hoc|x86.ActiveCfg = Ad-Hoc|iPhone
		{53038E80-9699-4DCA-B079-6A317ED60614}.Ad-Hoc|x86.Build.0 = Ad-Hoc|iPhone
		{53038E80-9699-4DCA-B079-6A317ED60614}.Ad-Hoc|x86.Deploy.0 = Ad-Hoc|iPhone
		{53038E80-9699-4DCA-B079-6A317ED60614}.AppStore|Any CPU.ActiveCfg = AppStore|iPhone
		{53038E80-9699-4DCA-B079-6A317ED60614}.AppStore|Any CPU.Build.0 = AppStore|iPhone
		{53038E80-9699-4DCA-B079-6A317ED60614}.AppStore|Any CPU.Deploy.0 = AppStore|iPhone
		{53038E80-9699-4DCA-B079-6A317ED60614}.AppStore|ARM.ActiveCfg = AppStore|iPhone
		{53038E80-9699-4DCA-B079-6A317ED60614}.AppStore|ARM.Build.0 = AppStore|iPhone
		{53038E80-9699-4DCA-B079-6A317ED60614}.AppStore|ARM.Deploy.0 = AppStore|iPhone
		{53038E80-9699-4DCA-B079-6A317ED60614}.AppStore|iPhone.ActiveCfg = AppStore|iPhone
		{53038E80-9699-4DCA-B079-6A317ED60614}.AppStore|iPhone.Build.0 = AppStore|iPhone
		{53038E80-9699-4DCA-B079-6A317ED60614}.AppStore|iPhone.Deploy.0 = AppStore|iPhone
		{53038E80-9699-4DCA-B079-6A317ED60614}.AppStore|iPhoneSimulator.ActiveCfg = AppStore|iPhoneSimulator
		{53038E80-9699-4DCA-B079-6A317ED60614}.AppStore|iPhoneSimulator.Build.0 = AppStore|iPhoneSimulator
		{53038E80-9699-4DCA-B079-6A317ED60614}.AppStore|iPhoneSimulator.Deploy.0 = AppStore|iPhoneSimulator
		{53038E80-9699-4DCA-B079-6A317ED60614}.AppStore|x64.ActiveCfg = AppStore|iPhone
		{53038E80-9699-4DCA-B079-6A317ED60614}.AppStore|x64.Build.0 = AppStore|iPhone
		{53038E80-9699-4DCA-B079-6A317ED60614}.AppStore|x64.Deploy.0 = AppStore|iPhone
		{53038E80-9699-4DCA-B079-6A317ED60614}.AppStore|x86.ActiveCfg = AppStore|iPhone
		{53038E80-9699-4DCA-B079-6A317ED60614}.AppStore|x86.Build.0 = AppStore|iPhone
		{53038E80-9699-4DCA-B079-6A317ED60614}.AppStore|x86.Deploy.0 = AppStore|iPhone
		{53038E80-9699-4DCA-B079-6A317ED60614}.Debug|Any CPU.ActiveCfg = Debug|iPhoneSimulator
		{53038E80-9699-4DCA-B079-6A317ED60614}.Debug|Any CPU.Build.0 = Debug|iPhoneSimulator
		{53038E80-9699-4DCA-B079-6A317ED60614}.Debug|Any CPU.Deploy.0 = Debug|iPhoneSimulator
		{53038E80-9699-4DCA-B079-6A317ED60614}.Debug|ARM.ActiveCfg = Debug|iPhone
		{53038E80-9699-4DCA-B079-6A317ED60614}.Debug|ARM.Build.0 = Debug|iPhone
		{53038E80-9699-4DCA-B079-6A317ED60614}.Debug|ARM.Deploy.0 = Debug|iPhone
		{53038E80-9699-4DCA-B079-6A317ED60614}.Debug|iPhone.ActiveCfg = Debug|iPhone
		{53038E80-9699-4DCA-B079-6A317ED60614}.Debug|iPhone.Build.0 = Debug|iPhone
		{53038E80-9699-4DCA-B079-6A317ED60614}.Debug|iPhone.Deploy.0 = Debug|iPhone
		{53038E80-9699-4DCA-B079-6A317ED60614}.Debug|iPhoneSimulator.ActiveCfg = Debug|iPhoneSimulator
		{53038E80-9699-4DCA-B079-6A317ED60614}.Debug|iPhoneSimulator.Build.0 = Debug|iPhoneSimulator
		{53038E80-9699-4DCA-B079-6A317ED60614}.Debug|iPhoneSimulator.Deploy.0 = Debug|iPhoneSimulator
		{53038E80-9699-4DCA-B079-6A317ED60614}.Debug|x64.ActiveCfg = Debug|iPhone
		{53038E80-9699-4DCA-B079-6A317ED60614}.Debug|x64.Build.0 = Debug|iPhone
		{53038E80-9699-4DCA-B079-6A317ED60614}.Debug|x64.Deploy.0 = Debug|iPhone
		{53038E80-9699-4DCA-B079-6A317ED60614}.Debug|x86.ActiveCfg = Debug|iPhone
		{53038E80-9699-4DCA-B079-6A317ED60614}.Debug|x86.Build.0 = Debug|iPhone
		{53038E80-9699-4DCA-B079-6A317ED60614}.Debug|x86.Deploy.0 = Debug|iPhone
		{53038E80-9699-4DCA-B079-6A317ED60614}.Release|Any CPU.ActiveCfg = Release|iPhone
		{53038E80-9699-4DCA-B079-6A317ED60614}.Release|Any CPU.Build.0 = Release|iPhone
		{53038E80-9699-4DCA-B079-6A317ED60614}.Release|Any CPU.Deploy.0 = Release|iPhone
		{53038E80-9699-4DCA-B079-6A317ED60614}.Release|ARM.ActiveCfg = Release|iPhone
		{53038E80-9699-4DCA-B079-6A317ED60614}.Release|ARM.Build.0 = Release|iPhone
		{53038E80-9699-4DCA-B079-6A317ED60614}.Release|ARM.Deploy.0 = Release|iPhone
		{53038E80-9699-4DCA-B079-6A317ED60614}.Release|iPhone.ActiveCfg = Release|iPhone
		{53038E80-9699-4DCA-B079-6A317ED60614}.Release|iPhone.Build.0 = Release|iPhone
		{53038E80-9699-4DCA-B079-6A317ED60614}.Release|iPhone.Deploy.0 = Release|iPhone
		{53038E80-9699-4DCA-B079-6A317ED60614}.Release|iPhoneSimulator.ActiveCfg = Release|iPhoneSimulator
		{53038E80-9699-4DCA-B079-6A317ED60614}.Release|iPhoneSimulator.Build.0 = Release|iPhoneSimulator
		{53038E80-9699-4DCA-B079-6A317ED60614}.Release|iPhoneSimulator.Deploy.0 = Release|iPhoneSimulator
		{53038E80-9699-4DCA-B079-6A317ED60614}.Release|x64.ActiveCfg = Release|iPhone
		{53038E80-9699-4DCA-B079-6A317ED60614}.Release|x64.Build.0 = Release|iPhone
		{53038E80-9699-4DCA-B079-6A317ED60614}.Release|x64.Deploy.0 = Release|iPhone
		{53038E80-9699-4DCA-B079-6A317ED60614}.Release|x86.ActiveCfg = Release|iPhone
		{53038E80-9699-4DCA-B079-6A317ED60614}.Release|x86.Build.0 = Release|iPhone
		{53038E80-9699-4DCA-B079-6A317ED60614}.Release|x86.Deploy.0 = Release|iPhone
		{FCB2D168-A884-41A9-8465-7C124FD6DCB4}.Ad-Hoc|Any CPU.ActiveCfg = Release|x86
		{FCB2D168-A884-41A9-8465-7C124FD6DCB4}.Ad-Hoc|Any CPU.Build.0 = Release|x86
		{FCB2D168-A884-41A9-8465-7C124FD6DCB4}.Ad-Hoc|Any CPU.Deploy.0 = Release|x86
		{FCB2D168-A884-41A9-8465-7C124FD6DCB4}.Ad-Hoc|ARM.ActiveCfg = Release|ARM
		{FCB2D168-A884-41A9-8465-7C124FD6DCB4}.Ad-Hoc|ARM.Build.0 = Release|ARM
		{FCB2D168-A884-41A9-8465-7C124FD6DCB4}.Ad-Hoc|ARM.Deploy.0 = Release|ARM
		{FCB2D168-A884-41A9-8465-7C124FD6DCB4}.Ad-Hoc|iPhone.ActiveCfg = Release|x86
		{FCB2D168-A884-41A9-8465-7C124FD6DCB4}.Ad-Hoc|iPhone.Build.0 = Release|x86
		{FCB2D168-A884-41A9-8465-7C124FD6DCB4}.Ad-Hoc|iPhone.Deploy.0 = Release|x86
		{FCB2D168-A884-41A9-8465-7C124FD6DCB4}.Ad-Hoc|iPhoneSimulator.ActiveCfg = Release|x86
		{FCB2D168-A884-41A9-8465-7C124FD6DCB4}.Ad-Hoc|iPhoneSimulator.Build.0 = Release|x86
		{FCB2D168-A884-41A9-8465-7C124FD6DCB4}.Ad-Hoc|iPhoneSimulator.Deploy.0 = Release|x86
		{FCB2D168-A884-41A9-8465-7C124FD6DCB4}.Ad-Hoc|x64.ActiveCfg = Release|x64
		{FCB2D168-A884-41A9-8465-7C124FD6DCB4}.Ad-Hoc|x64.Build.0 = Release|x64
		{FCB2D168-A884-41A9-8465-7C124FD6DCB4}.Ad-Hoc|x64.Deploy.0 = Release|x64
		{FCB2D168-A884-41A9-8465-7C124FD6DCB4}.Ad-Hoc|x86.ActiveCfg = Release|x86
		{FCB2D168-A884-41A9-8465-7C124FD6DCB4}.Ad-Hoc|x86.Build.0 = Release|x86
		{FCB2D168-A884-41A9-8465-7C124FD6DCB4}.Ad-Hoc|x86.Deploy.0 = Release|x86
		{FCB2D168-A884-41A9-8465-7C124FD6DCB4}.AppStore|Any CPU.ActiveCfg = Release|x86
		{FCB2D168-A884-41A9-8465-7C124FD6DCB4}.AppStore|Any CPU.Build.0 = Release|x86
		{FCB2D168-A884-41A9-8465-7C124FD6DCB4}.AppStore|Any CPU.Deploy.0 = Release|x86
		{FCB2D168-A884-41A9-8465-7C124FD6DCB4}.AppStore|ARM.ActiveCfg = Release|ARM
		{FCB2D168-A884-41A9-8465-7C124FD6DCB4}.AppStore|ARM.Build.0 = Release|ARM
		{FCB2D168-A884-41A9-8465-7C124FD6DCB4}.AppStore|ARM.Deploy.0 = Release|ARM
		{FCB2D168-A884-41A9-8465-7C124FD6DCB4}.AppStore|iPhone.ActiveCfg = Release|x86
		{FCB2D168-A884-41A9-8465-7C124FD6DCB4}.AppStore|iPhone.Build.0 = Release|x86
		{FCB2D168-A884-41A9-8465-7C124FD6DCB4}.AppStore|iPhone.Deploy.0 = Release|x86
		{FCB2D168-A884-41A9-8465-7C124FD6DCB4}.AppStore|iPhoneSimulator.ActiveCfg = Release|x86
		{FCB2D168-A884-41A9-8465-7C124FD6DCB4}.AppStore|iPhoneSimulator.Build.0 = Release|x86
		{FCB2D168-A884-41A9-8465-7C124FD6DCB4}.AppStore|iPhoneSimulator.Deploy.0 = Release|x86
		{FCB2D168-A884-41A9-8465-7C124FD6DCB4}.AppStore|x64.ActiveCfg = Release|x64
		{FCB2D168-A884-41A9-8465-7C124FD6DCB4}.AppStore|x64.Build.0 = Release|x64
		{FCB2D168-A884-41A9-8465-7C124FD6DCB4}.AppStore|x64.Deploy.0 = Release|x64
		{FCB2D168-A884-41A9-8465-7C124FD6DCB4}.AppStore|x86.ActiveCfg = Release|x86
		{FCB2D168-A884-41A9-8465-7C124FD6DCB4}.AppStore|x86.Build.0 = Release|x86
		{FCB2D168-A884-41A9-8465-7C124FD6DCB4}.AppStore|x86.Deploy.0 = Release|x86
		{FCB2D168-A884-41A9-8465-7C124FD6DCB4}.Debug|Any CPU.ActiveCfg = Debug|x86
		{FCB2D168-A884-41A9-8465-7C124FD6DCB4}.Debug|Any CPU.Build.0 = Debug|x86
		{FCB2D168-A884-41A9-8465-7C124FD6DCB4}.Debug|Any CPU.Deploy.0 = Debug|x86
		{FCB2D168-A884-41A9-8465-7C124FD6DCB4}.Debug|ARM.ActiveCfg = Debug|ARM
		{FCB2D168-A884-41A9-8465-7C124FD6DCB4}.Debug|ARM.Build.0 = Debug|ARM
		{FCB2D168-A884-41A9-8465-7C124FD6DCB4}.Debug|ARM.Deploy.0 = Debug|ARM
		{FCB2D168-A884-41A9-8465-7C124FD6DCB4}.Debug|iPhone.ActiveCfg = Debug|x86
		{FCB2D168-A884-41A9-8465-7C124FD6DCB4}.Debug|iPhone.Build.0 = Debug|x86
		{FCB2D168-A884-41A9-8465-7C124FD6DCB4}.Debug|iPhone.Deploy.0 = Debug|x86
		{FCB2D168-A884-41A9-8465-7C124FD6DCB4}.Debug|iPhoneSimulator.ActiveCfg = Debug|x86
		{FCB2D168-A884-41A9-8465-7C124FD6DCB4}.Debug|iPhoneSimulator.Build.0 = Debug|x86
		{FCB2D168-A884-41A9-8465-7C124FD6DCB4}.Debug|iPhoneSimulator.Deploy.0 = Debug|x86
		{FCB2D168-A884-41A9-8465-7C124FD6DCB4}.Debug|x64.ActiveCfg = Debug|x64
		{FCB2D168-A884-41A9-8465-7C124FD6DCB4}.Debug|x64.Build.0 = Debug|x64
		{FCB2D168-A884-41A9-8465-7C124FD6DCB4}.Debug|x64.Deploy.0 = Debug|x64
		{FCB2D168-A884-41A9-8465-7C124FD6DCB4}.Debug|x86.ActiveCfg = Debug|x86
		{FCB2D168-A884-41A9-8465-7C124FD6DCB4}.Debug|x86.Build.0 = Debug|x86
		{FCB2D168-A884-41A9-8465-7C124FD6DCB4}.Debug|x86.Deploy.0 = Debug|x86
		{FCB2D168-A884-41A9-8465-7C124FD6DCB4}.Release|Any CPU.ActiveCfg = Release|x86
		{FCB2D168-A884-41A9-8465-7C124FD6DCB4}.Release|Any CPU.Build.0 = Release|x86
		{FCB2D168-A884-41A9-8465-7C124FD6DCB4}.Release|Any CPU.Deploy.0 = Release|x86
		{FCB2D168-A884-41A9-8465-7C124FD6DCB4}.Release|ARM.ActiveCfg = Release|ARM
		{FCB2D168-A884-41A9-8465-7C124FD6DCB4}.Release|ARM.Build.0 = Release|ARM
		{FCB2D168-A884-41A9-8465-7C124FD6DCB4}.Release|ARM.Deploy.0 = Release|ARM
		{FCB2D168-A884-41A9-8465-7C124FD6DCB4}.Release|iPhone.ActiveCfg = Release|x86
		{FCB2D168-A884-41A9-8465-7C124FD6DCB4}.Release|iPhone.Build.0 = Release|x86
		{FCB2D168-A884-41A9-8465-7C124FD6DCB4}.Release|iPhone.Deploy.0 = Release|x86
		{FCB2D168-A884-41A9-8465-7C124FD6DCB4}.Release|iPhoneSimulator.ActiveCfg = Release|x86
		{FCB2D168-A884-41A9-8465-7C124FD6DCB4}.Release|iPhoneSimulator.Build.0 = Release|x86
		{FCB2D168-A884-41A9-8465-7C124FD6DCB4}.Release|iPhoneSimulator.Deploy.0 = Release|x86
		{FCB2D168-A884-41A9-8465-7C124FD6DCB4}.Release|x64.ActiveCfg = Release|x64
		{FCB2D168-A884-41A9-8465-7C124FD6DCB4}.Release|x64.Build.0 = Release|x64
		{FCB2D168-A884-41A9-8465-7C124FD6DCB4}.Release|x64.Deploy.0 = Release|x64
		{FCB2D168-A884-41A9-8465-7C124FD6DCB4}.Release|x86.ActiveCfg = Release|x86
		{FCB2D168-A884-41A9-8465-7C124FD6DCB4}.Release|x86.Build.0 = Release|x86
		{FCB2D168-A884-41A9-8465-7C124FD6DCB4}.Release|x86.Deploy.0 = Release|x86
		{CF6F075A-1013-49F5-80CD-50DD1484BA09}.Ad-Hoc|Any CPU.ActiveCfg = Debug|Any CPU
		{CF6F075A-1013-49F5-80CD-50DD1484BA09}.Ad-Hoc|Any CPU.Build.0 = Debug|Any CPU
		{CF6F075A-1013-49F5-80CD-50DD1484BA09}.Ad-Hoc|Any CPU.Deploy.0 = Debug|Any CPU
		{CF6F075A-1013-49F5-80CD-50DD1484BA09}.Ad-Hoc|ARM.ActiveCfg = Debug|Any CPU
		{CF6F075A-1013-49F5-80CD-50DD1484BA09}.Ad-Hoc|ARM.Build.0 = Debug|Any CPU
		{CF6F075A-1013-49F5-80CD-50DD1484BA09}.Ad-Hoc|ARM.Deploy.0 = Debug|Any CPU
		{CF6F075A-1013-49F5-80CD-50DD1484BA09}.Ad-Hoc|iPhone.ActiveCfg = Debug|Any CPU
		{CF6F075A-1013-49F5-80CD-50DD1484BA09}.Ad-Hoc|iPhone.Build.0 = Debug|Any CPU
		{CF6F075A-1013-49F5-80CD-50DD1484BA09}.Ad-Hoc|iPhone.Deploy.0 = Debug|Any CPU
		{CF6F075A-1013-49F5-80CD-50DD1484BA09}.Ad-Hoc|iPhoneSimulator.ActiveCfg = Debug|Any CPU
		{CF6F075A-1013-49F5-80CD-50DD1484BA09}.Ad-Hoc|iPhoneSimulator.Build.0 = Debug|Any CPU
		{CF6F075A-1013-49F5-80CD-50DD1484BA09}.Ad-Hoc|iPhoneSimulator.Deploy.0 = Debug|Any CPU
		{CF6F075A-1013-49F5-80CD-50DD1484BA09}.Ad-Hoc|x64.ActiveCfg = Debug|Any CPU
		{CF6F075A-1013-49F5-80CD-50DD1484BA09}.Ad-Hoc|x64.Build.0 = Debug|Any CPU
		{CF6F075A-1013-49F5-80CD-50DD1484BA09}.Ad-Hoc|x64.Deploy.0 = Debug|Any CPU
		{CF6F075A-1013-49F5-80CD-50DD1484BA09}.Ad-Hoc|x86.ActiveCfg = Debug|Any CPU
		{CF6F075A-1013-49F5-80CD-50DD1484BA09}.Ad-Hoc|x86.Build.0 = Debug|Any CPU
		{CF6F075A-1013-49F5-80CD-50DD1484BA09}.Ad-Hoc|x86.Deploy.0 = Debug|Any CPU
		{CF6F075A-1013-49F5-80CD-50DD1484BA09}.AppStore|Any CPU.ActiveCfg = Debug|Any CPU
		{CF6F075A-1013-49F5-80CD-50DD1484BA09}.AppStore|Any CPU.Build.0 = Debug|Any CPU
		{CF6F075A-1013-49F5-80CD-50DD1484BA09}.AppStore|Any CPU.Deploy.0 = Debug|Any CPU
		{CF6F075A-1013-49F5-80CD-50DD1484BA09}.AppStore|ARM.ActiveCfg = Debug|Any CPU
		{CF6F075A-1013-49F5-80CD-50DD1484BA09}.AppStore|ARM.Build.0 = Debug|Any CPU
		{CF6F075A-1013-49F5-80CD-50DD1484BA09}.AppStore|ARM.Deploy.0 = Debug|Any CPU
		{CF6F075A-1013-49F5-80CD-50DD1484BA09}.AppStore|iPhone.ActiveCfg = Debug|Any CPU
		{CF6F075A-1013-49F5-80CD-50DD1484BA09}.AppStore|iPhone.Build.0 = Debug|Any CPU
		{CF6F075A-1013-49F5-80CD-50DD1484BA09}.AppStore|iPhone.Deploy.0 = Debug|Any CPU
		{CF6F075A-1013-49F5-80CD-50DD1484BA09}.AppStore|iPhoneSimulator.ActiveCfg = Debug|Any CPU
		{CF6F075A-1013-49F5-80CD-50DD1484BA09}.AppStore|iPhoneSimulator.Build.0 = Debug|Any CPU
		{CF6F075A-1013-49F5-80CD-50DD1484BA09}.AppStore|iPhoneSimulator.Deploy.0 = Debug|Any CPU
		{CF6F075A-1013-49F5-80CD-50DD1484BA09}.AppStore|x64.ActiveCfg = Debug|Any CPU
		{CF6F075A-1013-49F5-80CD-50DD1484BA09}.AppStore|x64.Build.0 = Debug|Any CPU
		{CF6F075A-1013-49F5-80CD-50DD1484BA09}.AppStore|x64.Deploy.0 = Debug|Any CPU
		{CF6F075A-1013-49F5-80CD-50DD1484BA09}.AppStore|x86.ActiveCfg = Debug|Any CPU
		{CF6F075A-1013-49F5-80CD-50DD1484BA09}.AppStore|x86.Build.0 = Debug|Any CPU
		{CF6F075A-1013-49F5-80CD-50DD1484BA09}.AppStore|x86.Deploy.0 = Debug|Any CPU
		{CF6F075A-1013-49F5-80CD-50DD1484BA09}.Debug|Any CPU.ActiveCfg = Debug|Any CPU
		{CF6F075A-1013-49F5-80CD-50DD1484BA09}.Debug|Any CPU.Build.0 = Debug|Any CPU
		{CF6F075A-1013-49F5-80CD-50DD1484BA09}.Debug|Any CPU.Deploy.0 = Debug|Any CPU
		{CF6F075A-1013-49F5-80CD-50DD1484BA09}.Debug|ARM.ActiveCfg = Debug|Any CPU
		{CF6F075A-1013-49F5-80CD-50DD1484BA09}.Debug|ARM.Build.0 = Debug|Any CPU
		{CF6F075A-1013-49F5-80CD-50DD1484BA09}.Debug|ARM.Deploy.0 = Debug|Any CPU
		{CF6F075A-1013-49F5-80CD-50DD1484BA09}.Debug|iPhone.ActiveCfg = Debug|Any CPU
		{CF6F075A-1013-49F5-80CD-50DD1484BA09}.Debug|iPhone.Build.0 = Debug|Any CPU
		{CF6F075A-1013-49F5-80CD-50DD1484BA09}.Debug|iPhone.Deploy.0 = Debug|Any CPU
		{CF6F075A-1013-49F5-80CD-50DD1484BA09}.Debug|iPhoneSimulator.ActiveCfg = Debug|Any CPU
		{CF6F075A-1013-49F5-80CD-50DD1484BA09}.Debug|iPhoneSimulator.Build.0 = Debug|Any CPU
		{CF6F075A-1013-49F5-80CD-50DD1484BA09}.Debug|iPhoneSimulator.Deploy.0 = Debug|Any CPU
		{CF6F075A-1013-49F5-80CD-50DD1484BA09}.Debug|x64.ActiveCfg = Debug|Any CPU
		{CF6F075A-1013-49F5-80CD-50DD1484BA09}.Debug|x64.Build.0 = Debug|Any CPU
		{CF6F075A-1013-49F5-80CD-50DD1484BA09}.Debug|x64.Deploy.0 = Debug|Any CPU
		{CF6F075A-1013-49F5-80CD-50DD1484BA09}.Debug|x86.ActiveCfg = Debug|Any CPU
		{CF6F075A-1013-49F5-80CD-50DD1484BA09}.Debug|x86.Build.0 = Debug|Any CPU
		{CF6F075A-1013-49F5-80CD-50DD1484BA09}.Debug|x86.Deploy.0 = Debug|Any CPU
		{CF6F075A-1013-49F5-80CD-50DD1484BA09}.Release|Any CPU.ActiveCfg = Release|Any CPU
		{CF6F075A-1013-49F5-80CD-50DD1484BA09}.Release|Any CPU.Build.0 = Release|Any CPU
		{CF6F075A-1013-49F5-80CD-50DD1484BA09}.Release|Any CPU.Deploy.0 = Release|Any CPU
		{CF6F075A-1013-49F5-80CD-50DD1484BA09}.Release|ARM.ActiveCfg = Release|Any CPU
		{CF6F075A-1013-49F5-80CD-50DD1484BA09}.Release|ARM.Build.0 = Release|Any CPU
		{CF6F075A-1013-49F5-80CD-50DD1484BA09}.Release|ARM.Deploy.0 = Release|Any CPU
		{CF6F075A-1013-49F5-80CD-50DD1484BA09}.Release|iPhone.ActiveCfg = Release|Any CPU
		{CF6F075A-1013-49F5-80CD-50DD1484BA09}.Release|iPhone.Build.0 = Release|Any CPU
		{CF6F075A-1013-49F5-80CD-50DD1484BA09}.Release|iPhone.Deploy.0 = Release|Any CPU
		{CF6F075A-1013-49F5-80CD-50DD1484BA09}.Release|iPhoneSimulator.ActiveCfg = Release|Any CPU
		{CF6F075A-1013-49F5-80CD-50DD1484BA09}.Release|iPhoneSimulator.Build.0 = Release|Any CPU
		{CF6F075A-1013-49F5-80CD-50DD1484BA09}.Release|iPhoneSimulator.Deploy.0 = Release|Any CPU
		{CF6F075A-1013-49F5-80CD-50DD1484BA09}.Release|x64.ActiveCfg = Release|Any CPU
		{CF6F075A-1013-49F5-80CD-50DD1484BA09}.Release|x64.Build.0 = Release|Any CPU
		{CF6F075A-1013-49F5-80CD-50DD1484BA09}.Release|x64.Deploy.0 = Release|Any CPU
		{CF6F075A-1013-49F5-80CD-50DD1484BA09}.Release|x86.ActiveCfg = Release|Any CPU
		{CF6F075A-1013-49F5-80CD-50DD1484BA09}.Release|x86.Build.0 = Release|Any CPU
		{CF6F075A-1013-49F5-80CD-50DD1484BA09}.Release|x86.Deploy.0 = Release|Any CPU
	EndGlobalSection
	GlobalSection(SolutionProperties) = preSolution
		HideSolutionNode = FALSE
	EndGlobalSection
	GlobalSection(ExtensibilityGlobals) = postSolution
		SolutionGuid = {645DCF3D-4F05-4A2A-863B-FA0539875AE0}
	EndGlobalSection
EndGlobal
