
Microsoft Visual Studio Solution File, Format Version 12.00
# Visual Studio 15
VisualStudioVersion = 15.0.28010.2048
MinimumVisualStudioVersion = 10.0.40219.1
Project("{FAE04EC0-301F-11D3-BF4B-00C04F79EFBC}") = "XamarinStackLayout2.Android", "XamarinStackLayout2\XamarinStackLayout2.Android\XamarinStackLayout2.Android.csproj", "{8646F1A9-7627-400E-8882-14070854E90A}"
EndProject
Project("{FAE04EC0-301F-11D3-BF4B-00C04F79EFBC}") = "XamarinStackLayout2.iOS", "XamarinStackLayout2\XamarinStackLayout2.iOS\XamarinStackLayout2.iOS.csproj", "{0EDEBC3A-F32B-47F3-BFC4-B6868BF9AE9B}"
EndProject
Project("{FAE04EC0-301F-11D3-BF4B-00C04F79EFBC}") = "XamarinStackLayout2.UWP", "XamarinStackLayout2\XamarinStackLayout2.UWP\XamarinStackLayout2.UWP.csproj", "{0302CB7A-0B3F-47BC-A883-57A01A9B37A6}"
EndProject
Project("{FAE04EC0-301F-11D3-BF4B-00C04F79EFBC}") = "XamarinStackLayout2", "XamarinStackLayout2\XamarinStackLayout2\XamarinStackLayout2.csproj", "{BD254A0C-7EF1-4925-9F68-AFA71258FA61}"
EndProject
Global
	GlobalSection(SolutionConfigurationPlatforms) = preSolution
		Ad-Hoc|Any CPU = Ad-Hoc|Any CPU
		Ad-Hoc|ARM = Ad-Hoc|ARM
		Ad-Hoc|iPhone = Ad-Hoc|iPhone
		Ad-Hoc|iPhoneSimulator = Ad-Hoc|iPhoneSimulator
		Ad-Hoc|x64 = Ad-Hoc|x64
		Ad-Hoc|x86 = Ad-Hoc|x86
		AppStore|Any CPU = AppStore|Any CPU
		AppStore|ARM = AppStore|ARM
		AppStore|iPhone = AppStore|iPhone
		AppStore|iPhoneSimulator = AppStore|iPhoneSimulator
		AppStore|x64 = AppStore|x64
		AppStore|x86 = AppStore|x86
		Debug|Any CPU = Debug|Any CPU
		Debug|ARM = Debug|ARM
		Debug|iPhone = Debug|iPhone
		Debug|iPhoneSimulator = Debug|iPhoneSimulator
		Debug|x64 = Debug|x64
		Debug|x86 = Debug|x86
		Release|Any CPU = Release|Any CPU
		Release|ARM = Release|ARM
		Release|iPhone = Release|iPhone
		Release|iPhoneSimulator = Release|iPhoneSimulator
		Release|x64 = Release|x64
		Release|x86 = Release|x86
	EndGlobalSection
	GlobalSection(ProjectConfigurationPlatforms) = postSolution
		{8646F1A9-7627-400E-8882-14070854E90A}.Ad-Hoc|Any CPU.ActiveCfg = Release|Any CPU
		{8646F1A9-7627-400E-8882-14070854E90A}.Ad-Hoc|Any CPU.Build.0 = Release|Any CPU
		{8646F1A9-7627-400E-8882-14070854E90A}.Ad-Hoc|Any CPU.Deploy.0 = Release|Any CPU
		{8646F1A9-7627-400E-8882-14070854E90A}.Ad-Hoc|ARM.ActiveCfg = Release|Any CPU
		{8646F1A9-7627-400E-8882-14070854E90A}.Ad-Hoc|ARM.Build.0 = Release|Any CPU
		{8646F1A9-7627-400E-8882-14070854E90A}.Ad-Hoc|ARM.Deploy.0 = Release|Any CPU
		{8646F1A9-7627-400E-8882-14070854E90A}.Ad-Hoc|iPhone.ActiveCfg = Release|Any CPU
		{8646F1A9-7627-400E-8882-14070854E90A}.Ad-Hoc|iPhone.Build.0 = Release|Any CPU
		{8646F1A9-7627-400E-8882-14070854E90A}.Ad-Hoc|iPhone.Deploy.0 = Release|Any CPU
		{8646F1A9-7627-400E-8882-14070854E90A}.Ad-Hoc|iPhoneSimulator.ActiveCfg = Release|Any CPU
		{8646F1A9-7627-400E-8882-14070854E90A}.Ad-Hoc|iPhoneSimulator.Build.0 = Release|Any CPU
		{8646F1A9-7627-400E-8882-14070854E90A}.Ad-Hoc|iPhoneSimulator.Deploy.0 = Release|Any CPU
		{8646F1A9-7627-400E-8882-14070854E90A}.Ad-Hoc|x64.ActiveCfg = Release|Any CPU
		{8646F1A9-7627-400E-8882-14070854E90A}.Ad-Hoc|x64.Build.0 = Release|Any CPU
		{8646F1A9-7627-400E-8882-14070854E90A}.Ad-Hoc|x64.Deploy.0 = Release|Any CPU
		{8646F1A9-7627-400E-8882-14070854E90A}.Ad-Hoc|x86.ActiveCfg = Release|Any CPU
		{8646F1A9-7627-400E-8882-14070854E90A}.Ad-Hoc|x86.Build.0 = Release|Any CPU
		{8646F1A9-7627-400E-8882-14070854E90A}.Ad-Hoc|x86.Deploy.0 = Release|Any CPU
		{8646F1A9-7627-400E-8882-14070854E90A}.AppStore|Any CPU.ActiveCfg = Release|Any CPU
		{8646F1A9-7627-400E-8882-14070854E90A}.AppStore|Any CPU.Build.0 = Release|Any CPU
		{8646F1A9-7627-400E-8882-14070854E90A}.AppStore|Any CPU.Deploy.0 = Release|Any CPU
		{8646F1A9-7627-400E-8882-14070854E90A}.AppStore|ARM.ActiveCfg = Release|Any CPU
		{8646F1A9-7627-400E-8882-14070854E90A}.AppStore|ARM.Build.0 = Release|Any CPU
		{8646F1A9-7627-400E-8882-14070854E90A}.AppStore|ARM.Deploy.0 = Release|Any CPU
		{8646F1A9-7627-400E-8882-14070854E90A}.AppStore|iPhone.ActiveCfg = Release|Any CPU
		{8646F1A9-7627-400E-8882-14070854E90A}.AppStore|iPhone.Build.0 = Release|Any CPU
		{8646F1A9-7627-400E-8882-14070854E90A}.AppStore|iPhone.Deploy.0 = Release|Any CPU
		{8646F1A9-7627-400E-8882-14070854E90A}.AppStore|iPhoneSimulator.ActiveCfg = Release|Any CPU
		{8646F1A9-7627-400E-8882-14070854E90A}.AppStore|iPhoneSimulator.Build.0 = Release|Any CPU
		{8646F1A9-7627-400E-8882-14070854E90A}.AppStore|iPhoneSimulator.Deploy.0 = Release|Any CPU
		{8646F1A9-7627-400E-8882-14070854E90A}.AppStore|x64.ActiveCfg = Release|Any CPU
		{8646F1A9-7627-400E-8882-14070854E90A}.AppStore|x64.Build.0 = Release|Any CPU
		{8646F1A9-7627-400E-8882-14070854E90A}.AppStore|x64.Deploy.0 = Release|Any CPU
		{8646F1A9-7627-400E-8882-14070854E90A}.AppStore|x86.ActiveCfg = Release|Any CPU
		{8646F1A9-7627-400E-8882-14070854E90A}.AppStore|x86.Build.0 = Release|Any CPU
		{8646F1A9-7627-400E-8882-14070854E90A}.AppStore|x86.Deploy.0 = Release|Any CPU
		{8646F1A9-7627-400E-8882-14070854E90A}.Debug|Any CPU.ActiveCfg = Debug|Any CPU
		{8646F1A9-7627-400E-8882-14070854E90A}.Debug|Any CPU.Build.0 = Debug|Any CPU
		{8646F1A9-7627-400E-8882-14070854E90A}.Debug|Any CPU.Deploy.0 = Debug|Any CPU
		{8646F1A9-7627-400E-8882-14070854E90A}.Debug|ARM.ActiveCfg = Debug|Any CPU
		{8646F1A9-7627-400E-8882-14070854E90A}.Debug|ARM.Build.0 = Debug|Any CPU
		{8646F1A9-7627-400E-8882-14070854E90A}.Debug|ARM.Deploy.0 = Debug|Any CPU
		{8646F1A9-7627-400E-8882-14070854E90A}.Debug|iPhone.ActiveCfg = Debug|Any CPU
		{8646F1A9-7627-400E-8882-14070854E90A}.Debug|iPhone.Build.0 = Debug|Any CPU
		{8646F1A9-7627-400E-8882-14070854E90A}.Debug|iPhone.Deploy.0 = Debug|Any CPU
		{8646F1A9-7627-400E-8882-14070854E90A}.Debug|iPhoneSimulator.ActiveCfg = Debug|Any CPU
		{8646F1A9-7627-400E-8882-14070854E90A}.Debug|iPhoneSimulator.Build.0 = Debug|Any CPU
		{8646F1A9-7627-400E-8882-14070854E90A}.Debug|iPhoneSimulator.Deploy.0 = Debug|Any CPU
		{8646F1A9-7627-400E-8882-14070854E90A}.Debug|x64.ActiveCfg = Debug|Any CPU
		{8646F1A9-7627-400E-8882-14070854E90A}.Debug|x64.Build.0 = Debug|Any CPU
		{8646F1A9-7627-400E-8882-14070854E90A}.Debug|x64.Deploy.0 = Debug|Any CPU
		{8646F1A9-7627-400E-8882-14070854E90A}.Debug|x86.ActiveCfg = Debug|Any CPU
		{8646F1A9-7627-400E-8882-14070854E90A}.Debug|x86.Build.0 = Debug|Any CPU
		{8646F1A9-7627-400E-8882-14070854E90A}.Debug|x86.Deploy.0 = Debug|Any CPU
		{8646F1A9-7627-400E-8882-14070854E90A}.Release|Any CPU.ActiveCfg = Release|Any CPU
		{8646F1A9-7627-400E-8882-14070854E90A}.Release|Any CPU.Build.0 = Release|Any CPU
		{8646F1A9-7627-400E-8882-14070854E90A}.Release|Any CPU.Deploy.0 = Release|Any CPU
		{8646F1A9-7627-400E-8882-14070854E90A}.Release|ARM.ActiveCfg = Release|Any CPU
		{8646F1A9-7627-400E-8882-14070854E90A}.Release|ARM.Build.0 = Release|Any CPU
		{8646F1A9-7627-400E-8882-14070854E90A}.Release|ARM.Deploy.0 = Release|Any CPU
		{8646F1A9-7627-400E-8882-14070854E90A}.Release|iPhone.ActiveCfg = Release|Any CPU
		{8646F1A9-7627-400E-8882-14070854E90A}.Release|iPhone.Build.0 = Release|Any CPU
		{8646F1A9-7627-400E-8882-14070854E90A}.Release|iPhone.Deploy.0 = Release|Any CPU
		{8646F1A9-7627-400E-8882-14070854E90A}.Release|iPhoneSimulator.ActiveCfg = Release|Any CPU
		{8646F1A9-7627-400E-8882-14070854E90A}.Release|iPhoneSimulator.Build.0 = Release|Any CPU
		{8646F1A9-7627-400E-8882-14070854E90A}.Release|iPhoneSimulator.Deploy.0 = Release|Any CPU
		{8646F1A9-7627-400E-8882-14070854E90A}.Release|x64.ActiveCfg = Release|Any CPU
		{8646F1A9-7627-400E-8882-14070854E90A}.Release|x64.Build.0 = Release|Any CPU
		{8646F1A9-7627-400E-8882-14070854E90A}.Release|x64.Deploy.0 = Release|Any CPU
		{8646F1A9-7627-400E-8882-14070854E90A}.Release|x86.ActiveCfg = Release|Any CPU
		{8646F1A9-7627-400E-8882-14070854E90A}.Release|x86.Build.0 = Release|Any CPU
		{8646F1A9-7627-400E-8882-14070854E90A}.Release|x86.Deploy.0 = Release|Any CPU
		{0EDEBC3A-F32B-47F3-BFC4-B6868BF9AE9B}.Ad-Hoc|Any CPU.ActiveCfg = Ad-Hoc|iPhone
		{0EDEBC3A-F32B-47F3-BFC4-B6868BF9AE9B}.Ad-Hoc|Any CPU.Build.0 = Ad-Hoc|iPhone
		{0EDEBC3A-F32B-47F3-BFC4-B6868BF9AE9B}.Ad-Hoc|Any CPU.Deploy.0 = Ad-Hoc|iPhone
		{0EDEBC3A-F32B-47F3-BFC4-B6868BF9AE9B}.Ad-Hoc|ARM.ActiveCfg = Ad-Hoc|iPhone
		{0EDEBC3A-F32B-47F3-BFC4-B6868BF9AE9B}.Ad-Hoc|ARM.Build.0 = Ad-Hoc|iPhone
		{0EDEBC3A-F32B-47F3-BFC4-B6868BF9AE9B}.Ad-Hoc|ARM.Deploy.0 = Ad-Hoc|iPhone
		{0EDEBC3A-F32B-47F3-BFC4-B6868BF9AE9B}.Ad-Hoc|iPhone.ActiveCfg = Ad-Hoc|iPhone
		{0EDEBC3A-F32B-47F3-BFC4-B6868BF9AE9B}.Ad-Hoc|iPhone.Build.0 = Ad-Hoc|iPhone
		{0EDEBC3A-F32B-47F3-BFC4-B6868BF9AE9B}.Ad-Hoc|iPhone.Deploy.0 = Ad-Hoc|iPhone
		{0EDEBC3A-F32B-47F3-BFC4-B6868BF9AE9B}.Ad-Hoc|iPhoneSimulator.ActiveCfg = Ad-Hoc|iPhoneSimulator
		{0EDEBC3A-F32B-47F3-BFC4-B6868BF9AE9B}.Ad-Hoc|iPhoneSimulator.Build.0 = Ad-Hoc|iPhoneSimulator
		{0EDEBC3A-F32B-47F3-BFC4-B6868BF9AE9B}.Ad-Hoc|iPhoneSimulator.Deploy.0 = Ad-Hoc|iPhoneSimulator
		{0EDEBC3A-F32B-47F3-BFC4-B6868BF9AE9B}.Ad-Hoc|x64.ActiveCfg = Ad-Hoc|iPhone
		{0EDEBC3A-F32B-47F3-BFC4-B6868BF9AE9B}.Ad-Hoc|x64.Build.0 = Ad-Hoc|iPhone
		{0EDEBC3A-F32B-47F3-BFC4-B6868BF9AE9B}.Ad-Hoc|x64.Deploy.0 = Ad-Hoc|iPhone
		{0EDEBC3A-F32B-47F3-BFC4-B6868BF9AE9B}.Ad-Hoc|x86.ActiveCfg = Ad-Hoc|iPhone
		{0EDEBC3A-F32B-47F3-BFC4-B6868BF9AE9B}.Ad-Hoc|x86.Build.0 = Ad-Hoc|iPhone
		{0EDEBC3A-F32B-47F3-BFC4-B6868BF9AE9B}.Ad-Hoc|x86.Deploy.0 = Ad-Hoc|iPhone
		{0EDEBC3A-F32B-47F3-BFC4-B6868BF9AE9B}.AppStore|Any CPU.ActiveCfg = AppStore|iPhone
		{0EDEBC3A-F32B-47F3-BFC4-B6868BF9AE9B}.AppStore|Any CPU.Build.0 = AppStore|iPhone
		{0EDEBC3A-F32B-47F3-BFC4-B6868BF9AE9B}.AppStore|Any CPU.Deploy.0 = AppStore|iPhone
		{0EDEBC3A-F32B-47F3-BFC4-B6868BF9AE9B}.AppStore|ARM.ActiveCfg = AppStore|iPhone
		{0EDEBC3A-F32B-47F3-BFC4-B6868BF9AE9B}.AppStore|ARM.Build.0 = AppStore|iPhone
		{0EDEBC3A-F32B-47F3-BFC4-B6868BF9AE9B}.AppStore|ARM.Deploy.0 = AppStore|iPhone
		{0EDEBC3A-F32B-47F3-BFC4-B6868BF9AE9B}.AppStore|iPhone.ActiveCfg = AppStore|iPhone
		{0EDEBC3A-F32B-47F3-BFC4-B6868BF9AE9B}.AppStore|iPhone.Build.0 = AppStore|iPhone
		{0EDEBC3A-F32B-47F3-BFC4-B6868BF9AE9B}.AppStore|iPhone.Deploy.0 = AppStore|iPhone
		{0EDEBC3A-F32B-47F3-BFC4-B6868BF9AE9B}.AppStore|iPhoneSimulator.ActiveCfg = AppStore|iPhoneSimulator
		{0EDEBC3A-F32B-47F3-BFC4-B6868BF9AE9B}.AppStore|iPhoneSimulator.Build.0 = AppStore|iPhoneSimulator
		{0EDEBC3A-F32B-47F3-BFC4-B6868BF9AE9B}.AppStore|iPhoneSimulator.Deploy.0 = AppStore|iPhoneSimulator
		{0EDEBC3A-F32B-47F3-BFC4-B6868BF9AE9B}.AppStore|x64.ActiveCfg = AppStore|iPhone
		{0EDEBC3A-F32B-47F3-BFC4-B6868BF9AE9B}.AppStore|x64.Build.0 = AppStore|iPhone
		{0EDEBC3A-F32B-47F3-BFC4-B6868BF9AE9B}.AppStore|x64.Deploy.0 = AppStore|iPhone
		{0EDEBC3A-F32B-47F3-BFC4-B6868BF9AE9B}.AppStore|x86.ActiveCfg = AppStore|iPhone
		{0EDEBC3A-F32B-47F3-BFC4-B6868BF9AE9B}.AppStore|x86.Build.0 = AppStore|iPhone
		{0EDEBC3A-F32B-47F3-BFC4-B6868BF9AE9B}.AppStore|x86.Deploy.0 = AppStore|iPhone
		{0EDEBC3A-F32B-47F3-BFC4-B6868BF9AE9B}.Debug|Any CPU.ActiveCfg = Debug|iPhoneSimulator
		{0EDEBC3A-F32B-47F3-BFC4-B6868BF9AE9B}.Debug|Any CPU.Build.0 = Debug|iPhoneSimulator
		{0EDEBC3A-F32B-47F3-BFC4-B6868BF9AE9B}.Debug|Any CPU.Deploy.0 = Debug|iPhoneSimulator
		{0EDEBC3A-F32B-47F3-BFC4-B6868BF9AE9B}.Debug|ARM.ActiveCfg = Debug|iPhone
		{0EDEBC3A-F32B-47F3-BFC4-B6868BF9AE9B}.Debug|ARM.Build.0 = Debug|iPhone
		{0EDEBC3A-F32B-47F3-BFC4-B6868BF9AE9B}.Debug|ARM.Deploy.0 = Debug|iPhone
		{0EDEBC3A-F32B-47F3-BFC4-B6868BF9AE9B}.Debug|iPhone.ActiveCfg = Debug|iPhone
		{0EDEBC3A-F32B-47F3-BFC4-B6868BF9AE9B}.Debug|iPhone.Build.0 = Debug|iPhone
		{0EDEBC3A-F32B-47F3-BFC4-B6868BF9AE9B}.Debug|iPhone.Deploy.0 = Debug|iPhone
		{0EDEBC3A-F32B-47F3-BFC4-B6868BF9AE9B}.Debug|iPhoneSimulator.ActiveCfg = Debug|iPhoneSimulator
		{0EDEBC3A-F32B-47F3-BFC4-B6868BF9AE9B}.Debug|iPhoneSimulator.Build.0 = Debug|iPhoneSimulator
		{0EDEBC3A-F32B-47F3-BFC4-B6868BF9AE9B}.Debug|iPhoneSimulator.Deploy.0 = Debug|iPhoneSimulator
		{0EDEBC3A-F32B-47F3-BFC4-B6868BF9AE9B}.Debug|x64.ActiveCfg = Debug|iPhone
		{0EDEBC3A-F32B-47F3-BFC4-B6868BF9AE9B}.Debug|x64.Build.0 = Debug|iPhone
		{0EDEBC3A-F32B-47F3-BFC4-B6868BF9AE9B}.Debug|x64.Deploy.0 = Debug|iPhone
		{0EDEBC3A-F32B-47F3-BFC4-B6868BF9AE9B}.Debug|x86.ActiveCfg = Debug|iPhone
		{0EDEBC3A-F32B-47F3-BFC4-B6868BF9AE9B}.Debug|x86.Build.0 = Debug|iPhone
		{0EDEBC3A-F32B-47F3-BFC4-B6868BF9AE9B}.Debug|x86.Deploy.0 = Debug|iPhone
		{0EDEBC3A-F32B-47F3-BFC4-B6868BF9AE9B}.Release|Any CPU.ActiveCfg = Release|iPhone
		{0EDEBC3A-F32B-47F3-BFC4-B6868BF9AE9B}.Release|Any CPU.Build.0 = Release|iPhone
		{0EDEBC3A-F32B-47F3-BFC4-B6868BF9AE9B}.Release|Any CPU.Deploy.0 = Release|iPhone
		{0EDEBC3A-F32B-47F3-BFC4-B6868BF9AE9B}.Release|ARM.ActiveCfg = Release|iPhone
		{0EDEBC3A-F32B-47F3-BFC4-B6868BF9AE9B}.Release|ARM.Build.0 = Release|iPhone
		{0EDEBC3A-F32B-47F3-BFC4-B6868BF9AE9B}.Release|ARM.Deploy.0 = Release|iPhone
		{0EDEBC3A-F32B-47F3-BFC4-B6868BF9AE9B}.Release|iPhone.ActiveCfg = Release|iPhone
		{0EDEBC3A-F32B-47F3-BFC4-B6868BF9AE9B}.Release|iPhone.Build.0 = Release|iPhone
		{0EDEBC3A-F32B-47F3-BFC4-B6868BF9AE9B}.Release|iPhone.Deploy.0 = Release|iPhone
		{0EDEBC3A-F32B-47F3-BFC4-B6868BF9AE9B}.Release|iPhoneSimulator.ActiveCfg = Release|iPhoneSimulator
		{0EDEBC3A-F32B-47F3-BFC4-B6868BF9AE9B}.Release|iPhoneSimulator.Build.0 = Release|iPhoneSimulator
		{0EDEBC3A-F32B-47F3-BFC4-B6868BF9AE9B}.Release|iPhoneSimulator.Deploy.0 = Release|iPhoneSimulator
		{0EDEBC3A-F32B-47F3-BFC4-B6868BF9AE9B}.Release|x64.ActiveCfg = Release|iPhone
		{0EDEBC3A-F32B-47F3-BFC4-B6868BF9AE9B}.Release|x64.Build.0 = Release|iPhone
		{0EDEBC3A-F32B-47F3-BFC4-B6868BF9AE9B}.Release|x64.Deploy.0 = Release|iPhone
		{0EDEBC3A-F32B-47F3-BFC4-B6868BF9AE9B}.Release|x86.ActiveCfg = Release|iPhone
		{0EDEBC3A-F32B-47F3-BFC4-B6868BF9AE9B}.Release|x86.Build.0 = Release|iPhone
		{0EDEBC3A-F32B-47F3-BFC4-B6868BF9AE9B}.Release|x86.Deploy.0 = Release|iPhone
		{0302CB7A-0B3F-47BC-A883-57A01A9B37A6}.Ad-Hoc|Any CPU.ActiveCfg = Release|x86
		{0302CB7A-0B3F-47BC-A883-57A01A9B37A6}.Ad-Hoc|Any CPU.Build.0 = Release|x86
		{0302CB7A-0B3F-47BC-A883-57A01A9B37A6}.Ad-Hoc|Any CPU.Deploy.0 = Release|x86
		{0302CB7A-0B3F-47BC-A883-57A01A9B37A6}.Ad-Hoc|ARM.ActiveCfg = Release|ARM
		{0302CB7A-0B3F-47BC-A883-57A01A9B37A6}.Ad-Hoc|ARM.Build.0 = Release|ARM
		{0302CB7A-0B3F-47BC-A883-57A01A9B37A6}.Ad-Hoc|ARM.Deploy.0 = Release|ARM
		{0302CB7A-0B3F-47BC-A883-57A01A9B37A6}.Ad-Hoc|iPhone.ActiveCfg = Release|x86
		{0302CB7A-0B3F-47BC-A883-57A01A9B37A6}.Ad-Hoc|iPhone.Build.0 = Release|x86
		{0302CB7A-0B3F-47BC-A883-57A01A9B37A6}.Ad-Hoc|iPhone.Deploy.0 = Release|x86
		{0302CB7A-0B3F-47BC-A883-57A01A9B37A6}.Ad-Hoc|iPhoneSimulator.ActiveCfg = Release|x86
		{0302CB7A-0B3F-47BC-A883-57A01A9B37A6}.Ad-Hoc|iPhoneSimulator.Build.0 = Release|x86
		{0302CB7A-0B3F-47BC-A883-57A01A9B37A6}.Ad-Hoc|iPhoneSimulator.Deploy.0 = Release|x86
		{0302CB7A-0B3F-47BC-A883-57A01A9B37A6}.Ad-Hoc|x64.ActiveCfg = Release|x64
		{0302CB7A-0B3F-47BC-A883-57A01A9B37A6}.Ad-Hoc|x64.Build.0 = Release|x64
		{0302CB7A-0B3F-47BC-A883-57A01A9B37A6}.Ad-Hoc|x64.Deploy.0 = Release|x64
		{0302CB7A-0B3F-47BC-A883-57A01A9B37A6}.Ad-Hoc|x86.ActiveCfg = Release|x86
		{0302CB7A-0B3F-47BC-A883-57A01A9B37A6}.Ad-Hoc|x86.Build.0 = Release|x86
		{0302CB7A-0B3F-47BC-A883-57A01A9B37A6}.Ad-Hoc|x86.Deploy.0 = Release|x86
		{0302CB7A-0B3F-47BC-A883-57A01A9B37A6}.AppStore|Any CPU.ActiveCfg = Release|x86
		{0302CB7A-0B3F-47BC-A883-57A01A9B37A6}.AppStore|Any CPU.Build.0 = Release|x86
		{0302CB7A-0B3F-47BC-A883-57A01A9B37A6}.AppStore|Any CPU.Deploy.0 = Release|x86
		{0302CB7A-0B3F-47BC-A883-57A01A9B37A6}.AppStore|ARM.ActiveCfg = Release|ARM
		{0302CB7A-0B3F-47BC-A883-57A01A9B37A6}.AppStore|ARM.Build.0 = Release|ARM
		{0302CB7A-0B3F-47BC-A883-57A01A9B37A6}.AppStore|ARM.Deploy.0 = Release|ARM
		{0302CB7A-0B3F-47BC-A883-57A01A9B37A6}.AppStore|iPhone.ActiveCfg = Release|x86
		{0302CB7A-0B3F-47BC-A883-57A01A9B37A6}.AppStore|iPhone.Build.0 = Release|x86
		{0302CB7A-0B3F-47BC-A883-57A01A9B37A6}.AppStore|iPhone.Deploy.0 = Release|x86
		{0302CB7A-0B3F-47BC-A883-57A01A9B37A6}.AppStore|iPhoneSimulator.ActiveCfg = Release|x86
		{0302CB7A-0B3F-47BC-A883-57A01A9B37A6}.AppStore|iPhoneSimulator.Build.0 = Release|x86
		{0302CB7A-0B3F-47BC-A883-57A01A9B37A6}.AppStore|iPhoneSimulator.Deploy.0 = Release|x86
		{0302CB7A-0B3F-47BC-A883-57A01A9B37A6}.AppStore|x64.ActiveCfg = Release|x64
		{0302CB7A-0B3F-47BC-A883-57A01A9B37A6}.AppStore|x64.Build.0 = Release|x64
		{0302CB7A-0B3F-47BC-A883-57A01A9B37A6}.AppStore|x64.Deploy.0 = Release|x64
		{0302CB7A-0B3F-47BC-A883-57A01A9B37A6}.AppStore|x86.ActiveCfg = Release|x86
		{0302CB7A-0B3F-47BC-A883-57A01A9B37A6}.AppStore|x86.Build.0 = Release|x86
		{0302CB7A-0B3F-47BC-A883-57A01A9B37A6}.AppStore|x86.Deploy.0 = Release|x86
		{0302CB7A-0B3F-47BC-A883-57A01A9B37A6}.Debug|Any CPU.ActiveCfg = Debug|x86
		{0302CB7A-0B3F-47BC-A883-57A01A9B37A6}.Debug|Any CPU.Build.0 = Debug|x86
		{0302CB7A-0B3F-47BC-A883-57A01A9B37A6}.Debug|Any CPU.Deploy.0 = Debug|x86
		{0302CB7A-0B3F-47BC-A883-57A01A9B37A6}.Debug|ARM.ActiveCfg = Debug|ARM
		{0302CB7A-0B3F-47BC-A883-57A01A9B37A6}.Debug|ARM.Build.0 = Debug|ARM
		{0302CB7A-0B3F-47BC-A883-57A01A9B37A6}.Debug|ARM.Deploy.0 = Debug|ARM
		{0302CB7A-0B3F-47BC-A883-57A01A9B37A6}.Debug|iPhone.ActiveCfg = Debug|x86
		{0302CB7A-0B3F-47BC-A883-57A01A9B37A6}.Debug|iPhone.Build.0 = Debug|x86
		{0302CB7A-0B3F-47BC-A883-57A01A9B37A6}.Debug|iPhone.Deploy.0 = Debug|x86
		{0302CB7A-0B3F-47BC-A883-57A01A9B37A6}.Debug|iPhoneSimulator.ActiveCfg = Debug|x86
		{0302CB7A-0B3F-47BC-A883-57A01A9B37A6}.Debug|iPhoneSimulator.Build.0 = Debug|x86
		{0302CB7A-0B3F-47BC-A883-57A01A9B37A6}.Debug|iPhoneSimulator.Deploy.0 = Debug|x86
		{0302CB7A-0B3F-47BC-A883-57A01A9B37A6}.Debug|x64.ActiveCfg = Debug|x64
		{0302CB7A-0B3F-47BC-A883-57A01A9B37A6}.Debug|x64.Build.0 = Debug|x64
		{0302CB7A-0B3F-47BC-A883-57A01A9B37A6}.Debug|x64.Deploy.0 = Debug|x64
		{0302CB7A-0B3F-47BC-A883-57A01A9B37A6}.Debug|x86.ActiveCfg = Debug|x86
		{0302CB7A-0B3F-47BC-A883-57A01A9B37A6}.Debug|x86.Build.0 = Debug|x86
		{0302CB7A-0B3F-47BC-A883-57A01A9B37A6}.Debug|x86.Deploy.0 = Debug|x86
		{0302CB7A-0B3F-47BC-A883-57A01A9B37A6}.Release|Any CPU.ActiveCfg = Release|x86
		{0302CB7A-0B3F-47BC-A883-57A01A9B37A6}.Release|Any CPU.Build.0 = Release|x86
		{0302CB7A-0B3F-47BC-A883-57A01A9B37A6}.Release|Any CPU.Deploy.0 = Release|x86
		{0302CB7A-0B3F-47BC-A883-57A01A9B37A6}.Release|ARM.ActiveCfg = Release|ARM
		{0302CB7A-0B3F-47BC-A883-57A01A9B37A6}.Release|ARM.Build.0 = Release|ARM
		{0302CB7A-0B3F-47BC-A883-57A01A9B37A6}.Release|ARM.Deploy.0 = Release|ARM
		{0302CB7A-0B3F-47BC-A883-57A01A9B37A6}.Release|iPhone.ActiveCfg = Release|x86
		{0302CB7A-0B3F-47BC-A883-57A01A9B37A6}.Release|iPhone.Build.0 = Release|x86
		{0302CB7A-0B3F-47BC-A883-57A01A9B37A6}.Release|iPhone.Deploy.0 = Release|x86
		{0302CB7A-0B3F-47BC-A883-57A01A9B37A6}.Release|iPhoneSimulator.ActiveCfg = Release|x86
		{0302CB7A-0B3F-47BC-A883-57A01A9B37A6}.Release|iPhoneSimulator.Build.0 = Release|x86
		{0302CB7A-0B3F-47BC-A883-57A01A9B37A6}.Release|iPhoneSimulator.Deploy.0 = Release|x86
		{0302CB7A-0B3F-47BC-A883-57A01A9B37A6}.Release|x64.ActiveCfg = Release|x64
		{0302CB7A-0B3F-47BC-A883-57A01A9B37A6}.Release|x64.Build.0 = Release|x64
		{0302CB7A-0B3F-47BC-A883-57A01A9B37A6}.Release|x64.Deploy.0 = Release|x64
		{0302CB7A-0B3F-47BC-A883-57A01A9B37A6}.Release|x86.ActiveCfg = Release|x86
		{0302CB7A-0B3F-47BC-A883-57A01A9B37A6}.Release|x86.Build.0 = Release|x86
		{0302CB7A-0B3F-47BC-A883-57A01A9B37A6}.Release|x86.Deploy.0 = Release|x86
		{BD254A0C-7EF1-4925-9F68-AFA71258FA61}.Ad-Hoc|Any CPU.ActiveCfg = Debug|Any CPU
		{BD254A0C-7EF1-4925-9F68-AFA71258FA61}.Ad-Hoc|Any CPU.Build.0 = Debug|Any CPU
		{BD254A0C-7EF1-4925-9F68-AFA71258FA61}.Ad-Hoc|Any CPU.Deploy.0 = Debug|Any CPU
		{BD254A0C-7EF1-4925-9F68-AFA71258FA61}.Ad-Hoc|ARM.ActiveCfg = Debug|Any CPU
		{BD254A0C-7EF1-4925-9F68-AFA71258FA61}.Ad-Hoc|ARM.Build.0 = Debug|Any CPU
		{BD254A0C-7EF1-4925-9F68-AFA71258FA61}.Ad-Hoc|ARM.Deploy.0 = Debug|Any CPU
		{BD254A0C-7EF1-4925-9F68-AFA71258FA61}.Ad-Hoc|iPhone.ActiveCfg = Debug|Any CPU
		{BD254A0C-7EF1-4925-9F68-AFA71258FA61}.Ad-Hoc|iPhone.Build.0 = Debug|Any CPU
		{BD254A0C-7EF1-4925-9F68-AFA71258FA61}.Ad-Hoc|iPhone.Deploy.0 = Debug|Any CPU
		{BD254A0C-7EF1-4925-9F68-AFA71258FA61}.Ad-Hoc|iPhoneSimulator.ActiveCfg = Debug|Any CPU
		{BD254A0C-7EF1-4925-9F68-AFA71258FA61}.Ad-Hoc|iPhoneSimulator.Build.0 = Debug|Any CPU
		{BD254A0C-7EF1-4925-9F68-AFA71258FA61}.Ad-Hoc|iPhoneSimulator.Deploy.0 = Debug|Any CPU
		{BD254A0C-7EF1-4925-9F68-AFA71258FA61}.Ad-Hoc|x64.ActiveCfg = Debug|Any CPU
		{BD254A0C-7EF1-4925-9F68-AFA71258FA61}.Ad-Hoc|x64.Build.0 = Debug|Any CPU
		{BD254A0C-7EF1-4925-9F68-AFA71258FA61}.Ad-Hoc|x64.Deploy.0 = Debug|Any CPU
		{BD254A0C-7EF1-4925-9F68-AFA71258FA61}.Ad-Hoc|x86.ActiveCfg = Debug|Any CPU
		{BD254A0C-7EF1-4925-9F68-AFA71258FA61}.Ad-Hoc|x86.Build.0 = Debug|Any CPU
		{BD254A0C-7EF1-4925-9F68-AFA71258FA61}.Ad-Hoc|x86.Deploy.0 = Debug|Any CPU
		{BD254A0C-7EF1-4925-9F68-AFA71258FA61}.AppStore|Any CPU.ActiveCfg = Debug|Any CPU
		{BD254A0C-7EF1-4925-9F68-AFA71258FA61}.AppStore|Any CPU.Build.0 = Debug|Any CPU
		{BD254A0C-7EF1-4925-9F68-AFA71258FA61}.AppStore|Any CPU.Deploy.0 = Debug|Any CPU
		{BD254A0C-7EF1-4925-9F68-AFA71258FA61}.AppStore|ARM.ActiveCfg = Debug|Any CPU
		{BD254A0C-7EF1-4925-9F68-AFA71258FA61}.AppStore|ARM.Build.0 = Debug|Any CPU
		{BD254A0C-7EF1-4925-9F68-AFA71258FA61}.AppStore|ARM.Deploy.0 = Debug|Any CPU
		{BD254A0C-7EF1-4925-9F68-AFA71258FA61}.AppStore|iPhone.ActiveCfg = Debug|Any CPU
		{BD254A0C-7EF1-4925-9F68-AFA71258FA61}.AppStore|iPhone.Build.0 = Debug|Any CPU
		{BD254A0C-7EF1-4925-9F68-AFA71258FA61}.AppStore|iPhone.Deploy.0 = Debug|Any CPU
		{BD254A0C-7EF1-4925-9F68-AFA71258FA61}.AppStore|iPhoneSimulator.ActiveCfg = Debug|Any CPU
		{BD254A0C-7EF1-4925-9F68-AFA71258FA61}.AppStore|iPhoneSimulator.Build.0 = Debug|Any CPU
		{BD254A0C-7EF1-4925-9F68-AFA71258FA61}.AppStore|iPhoneSimulator.Deploy.0 = Debug|Any CPU
		{BD254A0C-7EF1-4925-9F68-AFA71258FA61}.AppStore|x64.ActiveCfg = Debug|Any CPU
		{BD254A0C-7EF1-4925-9F68-AFA71258FA61}.AppStore|x64.Build.0 = Debug|Any CPU
		{BD254A0C-7EF1-4925-9F68-AFA71258FA61}.AppStore|x64.Deploy.0 = Debug|Any CPU
		{BD254A0C-7EF1-4925-9F68-AFA71258FA61}.AppStore|x86.ActiveCfg = Debug|Any CPU
		{BD254A0C-7EF1-4925-9F68-AFA71258FA61}.AppStore|x86.Build.0 = Debug|Any CPU
		{BD254A0C-7EF1-4925-9F68-AFA71258FA61}.AppStore|x86.Deploy.0 = Debug|Any CPU
		{BD254A0C-7EF1-4925-9F68-AFA71258FA61}.Debug|Any CPU.ActiveCfg = Debug|Any CPU
		{BD254A0C-7EF1-4925-9F68-AFA71258FA61}.Debug|Any CPU.Build.0 = Debug|Any CPU
		{BD254A0C-7EF1-4925-9F68-AFA71258FA61}.Debug|Any CPU.Deploy.0 = Debug|Any CPU
		{BD254A0C-7EF1-4925-9F68-AFA71258FA61}.Debug|ARM.ActiveCfg = Debug|Any CPU
		{BD254A0C-7EF1-4925-9F68-AFA71258FA61}.Debug|ARM.Build.0 = Debug|Any CPU
		{BD254A0C-7EF1-4925-9F68-AFA71258FA61}.Debug|ARM.Deploy.0 = Debug|Any CPU
		{BD254A0C-7EF1-4925-9F68-AFA71258FA61}.Debug|iPhone.ActiveCfg = Debug|Any CPU
		{BD254A0C-7EF1-4925-9F68-AFA71258FA61}.Debug|iPhone.Build.0 = Debug|Any CPU
		{BD254A0C-7EF1-4925-9F68-AFA71258FA61}.Debug|iPhone.Deploy.0 = Debug|Any CPU
		{BD254A0C-7EF1-4925-9F68-AFA71258FA61}.Debug|iPhoneSimulator.ActiveCfg = Debug|Any CPU
		{BD254A0C-7EF1-4925-9F68-AFA71258FA61}.Debug|iPhoneSimulator.Build.0 = Debug|Any CPU
		{BD254A0C-7EF1-4925-9F68-AFA71258FA61}.Debug|iPhoneSimulator.Deploy.0 = Debug|Any CPU
		{BD254A0C-7EF1-4925-9F68-AFA71258FA61}.Debug|x64.ActiveCfg = Debug|Any CPU
		{BD254A0C-7EF1-4925-9F68-AFA71258FA61}.Debug|x64.Build.0 = Debug|Any CPU
		{BD254A0C-7EF1-4925-9F68-AFA71258FA61}.Debug|x64.Deploy.0 = Debug|Any CPU
		{BD254A0C-7EF1-4925-9F68-AFA71258FA61}.Debug|x86.ActiveCfg = Debug|Any CPU
		{BD254A0C-7EF1-4925-9F68-AFA71258FA61}.Debug|x86.Build.0 = Debug|Any CPU
		{BD254A0C-7EF1-4925-9F68-AFA71258FA61}.Debug|x86.Deploy.0 = Debug|Any CPU
		{BD254A0C-7EF1-4925-9F68-AFA71258FA61}.Release|Any CPU.ActiveCfg = Release|Any CPU
		{BD254A0C-7EF1-4925-9F68-AFA71258FA61}.Release|Any CPU.Build.0 = Release|Any CPU
		{BD254A0C-7EF1-4925-9F68-AFA71258FA61}.Release|Any CPU.Deploy.0 = Release|Any CPU
		{BD254A0C-7EF1-4925-9F68-AFA71258FA61}.Release|ARM.ActiveCfg = Release|Any CPU
		{BD254A0C-7EF1-4925-9F68-AFA71258FA61}.Release|ARM.Build.0 = Release|Any CPU
		{BD254A0C-7EF1-4925-9F68-AFA71258FA61}.Release|ARM.Deploy.0 = Release|Any CPU
		{BD254A0C-7EF1-4925-9F68-AFA71258FA61}.Release|iPhone.ActiveCfg = Release|Any CPU
		{BD254A0C-7EF1-4925-9F68-AFA71258FA61}.Release|iPhone.Build.0 = Release|Any CPU
		{BD254A0C-7EF1-4925-9F68-AFA71258FA61}.Release|iPhone.Deploy.0 = Release|Any CPU
		{BD254A0C-7EF1-4925-9F68-AFA71258FA61}.Release|iPhoneSimulator.ActiveCfg = Release|Any CPU
		{BD254A0C-7EF1-4925-9F68-AFA71258FA61}.Release|iPhoneSimulator.Build.0 = Release|Any CPU
		{BD254A0C-7EF1-4925-9F68-AFA71258FA61}.Release|iPhoneSimulator.Deploy.0 = Release|Any CPU
		{BD254A0C-7EF1-4925-9F68-AFA71258FA61}.Release|x64.ActiveCfg = Release|Any CPU
		{BD254A0C-7EF1-4925-9F68-AFA71258FA61}.Release|x64.Build.0 = Release|Any CPU
		{BD254A0C-7EF1-4925-9F68-AFA71258FA61}.Release|x64.Deploy.0 = Release|Any CPU
		{BD254A0C-7EF1-4925-9F68-AFA71258FA61}.Release|x86.ActiveCfg = Release|Any CPU
		{BD254A0C-7EF1-4925-9F68-AFA71258FA61}.Release|x86.Build.0 = Release|Any CPU
		{BD254A0C-7EF1-4925-9F68-AFA71258FA61}.Release|x86.Deploy.0 = Release|Any CPU
	EndGlobalSection
	GlobalSection(SolutionProperties) = preSolution
		HideSolutionNode = FALSE
	EndGlobalSection
	GlobalSection(ExtensibilityGlobals) = postSolution
		SolutionGuid = {B3D3DD2D-52C7-4828-A512-4A3760B9904F}
	EndGlobalSection
EndGlobal
